// !$*UTF8*$!
{
	archiveVersion = 1;
	classes = {
	};
	objectVersion = 56;
	objects = {

/* Begin PBXBuildFile section */
		2848C0312926289700277523 /* Signup.graphql in Resources */ = {isa = PBXBuildFile; fileRef = 2848C0302926289700277523 /* Signup.graphql */; };
		2895BB4C292626A500A16CF8 /* WorkoutLoggerApp.swift in Sources */ = {isa = PBXBuildFile; fileRef = 2895BB4B292626A500A16CF8 /* WorkoutLoggerApp.swift */; };
		2895BB4E292626A500A16CF8 /* ContentView.swift in Sources */ = {isa = PBXBuildFile; fileRef = 2895BB4D292626A500A16CF8 /* ContentView.swift */; };
		2895BB50292626A600A16CF8 /* Assets.xcassets in Resources */ = {isa = PBXBuildFile; fileRef = 2895BB4F292626A600A16CF8 /* Assets.xcassets */; };
		2895BB53292626A600A16CF8 /* Preview Assets.xcassets in Resources */ = {isa = PBXBuildFile; fileRef = 2895BB52292626A600A16CF8 /* Preview Assets.xcassets */; };
		2895BB5D292626A700A16CF8 /* WorkoutLoggerTests.swift in Sources */ = {isa = PBXBuildFile; fileRef = 2895BB5C292626A700A16CF8 /* WorkoutLoggerTests.swift */; };
		2895BB67292626A700A16CF8 /* WorkoutLoggerUITests.swift in Sources */ = {isa = PBXBuildFile; fileRef = 2895BB66292626A700A16CF8 /* WorkoutLoggerUITests.swift */; };
		2895BB69292626A700A16CF8 /* WorkoutLoggerUITestsLaunchTests.swift in Sources */ = {isa = PBXBuildFile; fileRef = 2895BB68292626A700A16CF8 /* WorkoutLoggerUITestsLaunchTests.swift */; };
		2895BB77292626F700A16CF8 /* Apollo in Frameworks */ = {isa = PBXBuildFile; productRef = 2895BB76292626F700A16CF8 /* Apollo */; };
		2895BB7A2926271500A16CF8 /* schema.graphqls in Resources */ = {isa = PBXBuildFile; fileRef = 2895BB792926271500A16CF8 /* schema.graphqls */; };
		2895BB7C292627B900A16CF8 /* WorkoutRoutines.graphql in Resources */ = {isa = PBXBuildFile; fileRef = 2895BB7B292627B900A16CF8 /* WorkoutRoutines.graphql */; };
/* End PBXBuildFile section */

/* Begin PBXContainerItemProxy section */
		2895BB59292626A700A16CF8 /* PBXContainerItemProxy */ = {
			isa = PBXContainerItemProxy;
			containerPortal = 2895BB40292626A500A16CF8 /* Project object */;
			proxyType = 1;
			remoteGlobalIDString = 2895BB47292626A500A16CF8;
			remoteInfo = WorkoutLogger;
		};
		2895BB63292626A700A16CF8 /* PBXContainerItemProxy */ = {
			isa = PBXContainerItemProxy;
			containerPortal = 2895BB40292626A500A16CF8 /* Project object */;
			proxyType = 1;
			remoteGlobalIDString = 2895BB47292626A500A16CF8;
			remoteInfo = WorkoutLogger;
		};
/* End PBXContainerItemProxy section */

/* Begin PBXFileReference section */
		2848C0302926289700277523 /* Signup.graphql */ = {isa = PBXFileReference; lastKnownFileType = text; path = Signup.graphql; sourceTree = "<group>"; };
		2895BB48292626A500A16CF8 /* WorkoutLogger.app */ = {isa = PBXFileReference; explicitFileType = wrapper.application; includeInIndex = 0; path = WorkoutLogger.app; sourceTree = BUILT_PRODUCTS_DIR; };
		2895BB4B292626A500A16CF8 /* WorkoutLoggerApp.swift */ = {isa = PBXFileReference; lastKnownFileType = sourcecode.swift; path = WorkoutLoggerApp.swift; sourceTree = "<group>"; };
		2895BB4D292626A500A16CF8 /* ContentView.swift */ = {isa = PBXFileReference; lastKnownFileType = sourcecode.swift; path = ContentView.swift; sourceTree = "<group>"; };
		2895BB4F292626A600A16CF8 /* Assets.xcassets */ = {isa = PBXFileReference; lastKnownFileType = folder.assetcatalog; path = Assets.xcassets; sourceTree = "<group>"; };
		2895BB52292626A600A16CF8 /* Preview Assets.xcassets */ = {isa = PBXFileReference; lastKnownFileType = folder.assetcatalog; path = "Preview Assets.xcassets"; sourceTree = "<group>"; };
		2895BB58292626A700A16CF8 /* WorkoutLoggerTests.xctest */ = {isa = PBXFileReference; explicitFileType = wrapper.cfbundle; includeInIndex = 0; path = WorkoutLoggerTests.xctest; sourceTree = BUILT_PRODUCTS_DIR; };
		2895BB5C292626A700A16CF8 /* WorkoutLoggerTests.swift */ = {isa = PBXFileReference; lastKnownFileType = sourcecode.swift; path = WorkoutLoggerTests.swift; sourceTree = "<group>"; };
		2895BB62292626A700A16CF8 /* WorkoutLoggerUITests.xctest */ = {isa = PBXFileReference; explicitFileType = wrapper.cfbundle; includeInIndex = 0; path = WorkoutLoggerUITests.xctest; sourceTree = BUILT_PRODUCTS_DIR; };
		2895BB66292626A700A16CF8 /* WorkoutLoggerUITests.swift */ = {isa = PBXFileReference; lastKnownFileType = sourcecode.swift; path = WorkoutLoggerUITests.swift; sourceTree = "<group>"; };
		2895BB68292626A700A16CF8 /* WorkoutLoggerUITestsLaunchTests.swift */ = {isa = PBXFileReference; lastKnownFileType = sourcecode.swift; path = WorkoutLoggerUITestsLaunchTests.swift; sourceTree = "<group>"; };
		2895BB792926271500A16CF8 /* schema.graphqls */ = {isa = PBXFileReference; lastKnownFileType = text; path = schema.graphqls; sourceTree = "<group>"; };
		2895BB7B292627B900A16CF8 /* WorkoutRoutines.graphql */ = {isa = PBXFileReference; lastKnownFileType = text; path = WorkoutRoutines.graphql; sourceTree = "<group>"; };
/* End PBXFileReference section */

/* Begin PBXFrameworksBuildPhase section */
		2895BB45292626A500A16CF8 /* Frameworks */ = {
			isa = PBXFrameworksBuildPhase;
			buildActionMask = 2147483647;
			files = (
				2895BB77292626F700A16CF8 /* Apollo in Frameworks */,
			);
			runOnlyForDeploymentPostprocessing = 0;
		};
		2895BB55292626A700A16CF8 /* Frameworks */ = {
			isa = PBXFrameworksBuildPhase;
			buildActionMask = 2147483647;
			files = (
			);
			runOnlyForDeploymentPostprocessing = 0;
		};
		2895BB5F292626A700A16CF8 /* Frameworks */ = {
			isa = PBXFrameworksBuildPhase;
			buildActionMask = 2147483647;
			files = (
			);
			runOnlyForDeploymentPostprocessing = 0;
		};
/* End PBXFrameworksBuildPhase section */

/* Begin PBXGroup section */
		2895BB3F292626A500A16CF8 = {
			isa = PBXGroup;
			children = (
				2895BB4A292626A500A16CF8 /* WorkoutLogger */,
				2895BB5B292626A700A16CF8 /* WorkoutLoggerTests */,
				2895BB65292626A700A16CF8 /* WorkoutLoggerUITests */,
				2895BB49292626A500A16CF8 /* Products */,
			);
			sourceTree = "<group>";
		};
		2895BB49292626A500A16CF8 /* Products */ = {
			isa = PBXGroup;
			children = (
				2895BB48292626A500A16CF8 /* WorkoutLogger.app */,
				2895BB58292626A700A16CF8 /* WorkoutLoggerTests.xctest */,
				2895BB62292626A700A16CF8 /* WorkoutLoggerUITests.xctest */,
			);
			name = Products;
			sourceTree = "<group>";
		};
		2895BB4A292626A500A16CF8 /* WorkoutLogger */ = {
			isa = PBXGroup;
			children = (
				2895BB7D292627ED00A16CF8 /* Graqhql */,
				2895BB4B292626A500A16CF8 /* WorkoutLoggerApp.swift */,
				2895BB4D292626A500A16CF8 /* ContentView.swift */,
				2895BB4F292626A600A16CF8 /* Assets.xcassets */,
				2895BB51292626A600A16CF8 /* Preview Content */,
			);
			path = WorkoutLogger;
			sourceTree = "<group>";
		};
		2895BB51292626A600A16CF8 /* Preview Content */ = {
			isa = PBXGroup;
			children = (
				2895BB52292626A600A16CF8 /* Preview Assets.xcassets */,
			);
			path = "Preview Content";
			sourceTree = "<group>";
		};
		2895BB5B292626A700A16CF8 /* WorkoutLoggerTests */ = {
			isa = PBXGroup;
			children = (
				2895BB5C292626A700A16CF8 /* WorkoutLoggerTests.swift */,
			);
			path = WorkoutLoggerTests;
			sourceTree = "<group>";
		};
		2895BB65292626A700A16CF8 /* WorkoutLoggerUITests */ = {
			isa = PBXGroup;
			children = (
				2895BB66292626A700A16CF8 /* WorkoutLoggerUITests.swift */,
				2895BB68292626A700A16CF8 /* WorkoutLoggerUITestsLaunchTests.swift */,
			);
			path = WorkoutLoggerUITests;
			sourceTree = "<group>";
		};
		2895BB7D292627ED00A16CF8 /* Graqhql */ = {
			isa = PBXGroup;
			children = (
				2895BB7F2926280500A16CF8 /* Queries */,
				2895BB7E292627FE00A16CF8 /* Mutations */,
				2895BB792926271500A16CF8 /* schema.graphqls */,
			);
			path = Graqhql;
			sourceTree = "<group>";
		};
		2895BB7E292627FE00A16CF8 /* Mutations */ = {
			isa = PBXGroup;
			children = (
				2848C0302926289700277523 /* Signup.graphql */,
			);
			path = Mutations;
			sourceTree = "<group>";
		};
		2895BB7F2926280500A16CF8 /* Queries */ = {
			isa = PBXGroup;
			children = (
				2895BB7B292627B900A16CF8 /* WorkoutRoutines.graphql */,
			);
			path = Queries;
			sourceTree = "<group>";
		};
/* End PBXGroup section */

/* Begin PBXNativeTarget section */
		2895BB47292626A500A16CF8 /* WorkoutLogger */ = {
			isa = PBXNativeTarget;
			buildConfigurationList = 2895BB6C292626A700A16CF8 /* Build configuration list for PBXNativeTarget "WorkoutLogger" */;
			buildPhases = (
				2895BB44292626A500A16CF8 /* Sources */,
				2895BB45292626A500A16CF8 /* Frameworks */,
				2895BB46292626A500A16CF8 /* Resources */,
			);
			buildRules = (
			);
			dependencies = (
			);
			name = WorkoutLogger;
			packageProductDependencies = (
				2895BB76292626F700A16CF8 /* Apollo */,
			);
			productName = WorkoutLogger;
			productReference = 2895BB48292626A500A16CF8 /* WorkoutLogger.app */;
			productType = "com.apple.product-type.application";
		};
		2895BB57292626A700A16CF8 /* WorkoutLoggerTests */ = {
			isa = PBXNativeTarget;
			buildConfigurationList = 2895BB6F292626A700A16CF8 /* Build configuration list for PBXNativeTarget "WorkoutLoggerTests" */;
			buildPhases = (
				2895BB54292626A700A16CF8 /* Sources */,
				2895BB55292626A700A16CF8 /* Frameworks */,
				2895BB56292626A700A16CF8 /* Resources */,
			);
			buildRules = (
			);
			dependencies = (
				2895BB5A292626A700A16CF8 /* PBXTargetDependency */,
			);
			name = WorkoutLoggerTests;
			productName = WorkoutLoggerTests;
			productReference = 2895BB58292626A700A16CF8 /* WorkoutLoggerTests.xctest */;
			productType = "com.apple.product-type.bundle.unit-test";
		};
		2895BB61292626A700A16CF8 /* WorkoutLoggerUITests */ = {
			isa = PBXNativeTarget;
			buildConfigurationList = 2895BB72292626A700A16CF8 /* Build configuration list for PBXNativeTarget "WorkoutLoggerUITests" */;
			buildPhases = (
				2895BB5E292626A700A16CF8 /* Sources */,
				2895BB5F292626A700A16CF8 /* Frameworks */,
				2895BB60292626A700A16CF8 /* Resources */,
			);
			buildRules = (
			);
			dependencies = (
				2895BB64292626A700A16CF8 /* PBXTargetDependency */,
			);
			name = WorkoutLoggerUITests;
			productName = WorkoutLoggerUITests;
			productReference = 2895BB62292626A700A16CF8 /* WorkoutLoggerUITests.xctest */;
			productType = "com.apple.product-type.bundle.ui-testing";
		};
/* End PBXNativeTarget section */

/* Begin PBXProject section */
		2895BB40292626A500A16CF8 /* Project object */ = {
			isa = PBXProject;
			attributes = {
				BuildIndependentTargetsInParallel = 1;
				LastSwiftUpdateCheck = 1410;
				LastUpgradeCheck = 1410;
				TargetAttributes = {
					2895BB47292626A500A16CF8 = {
						CreatedOnToolsVersion = 14.1;
					};
					2895BB57292626A700A16CF8 = {
						CreatedOnToolsVersion = 14.1;
						TestTargetID = 2895BB47292626A500A16CF8;
					};
					2895BB61292626A700A16CF8 = {
						CreatedOnToolsVersion = 14.1;
						TestTargetID = 2895BB47292626A500A16CF8;
					};
				};
			};
			buildConfigurationList = 2895BB43292626A500A16CF8 /* Build configuration list for PBXProject "WorkoutLogger" */;
			compatibilityVersion = "Xcode 14.0";
			developmentRegion = en;
			hasScannedForEncodings = 0;
			knownRegions = (
				en,
				Base,
			);
			mainGroup = 2895BB3F292626A500A16CF8;
			packageReferences = (
				2895BB75292626F700A16CF8 /* XCRemoteSwiftPackageReference "apollo-ios" */,
			);
			productRefGroup = 2895BB49292626A500A16CF8 /* Products */;
			projectDirPath = "";
			projectRoot = "";
			targets = (
				2895BB47292626A500A16CF8 /* WorkoutLogger */,
				2895BB57292626A700A16CF8 /* WorkoutLoggerTests */,
				2895BB61292626A700A16CF8 /* WorkoutLoggerUITests */,
			);
		};
/* End PBXProject section */

/* Begin PBXResourcesBuildPhase section */
		2895BB46292626A500A16CF8 /* Resources */ = {
			isa = PBXResourcesBuildPhase;
			buildActionMask = 2147483647;
			files = (
				2895BB53292626A600A16CF8 /* Preview Assets.xcassets in Resources */,
				2848C0312926289700277523 /* Signup.graphql in Resources */,
				2895BB7A2926271500A16CF8 /* schema.graphqls in Resources */,
				2895BB50292626A600A16CF8 /* Assets.xcassets in Resources */,
				2895BB7C292627B900A16CF8 /* WorkoutRoutines.graphql in Resources */,
			);
			runOnlyForDeploymentPostprocessing = 0;
		};
		2895BB56292626A700A16CF8 /* Resources */ = {
			isa = PBXResourcesBuildPhase;
			buildActionMask = 2147483647;
			files = (
			);
			runOnlyForDeploymentPostprocessing = 0;
		};
		2895BB60292626A700A16CF8 /* Resources */ = {
			isa = PBXResourcesBuildPhase;
			buildActionMask = 2147483647;
			files = (
			);
			runOnlyForDeploymentPostprocessing = 0;
		};
/* End PBXResourcesBuildPhase section */

/* Begin PBXSourcesBuildPhase section */
		2895BB44292626A500A16CF8 /* Sources */ = {
			isa = PBXSourcesBuildPhase;
			buildActionMask = 2147483647;
			files = (
				2895BB4E292626A500A16CF8 /* ContentView.swift in Sources */,
				2895BB4C292626A500A16CF8 /* WorkoutLoggerApp.swift in Sources */,
			);
			runOnlyForDeploymentPostprocessing = 0;
		};
		2895BB54292626A700A16CF8 /* Sources */ = {
			isa = PBXSourcesBuildPhase;
			buildActionMask = 2147483647;
			files = (
				2895BB5D292626A700A16CF8 /* WorkoutLoggerTests.swift in Sources */,
			);
			runOnlyForDeploymentPostprocessing = 0;
		};
		2895BB5E292626A700A16CF8 /* Sources */ = {
			isa = PBXSourcesBuildPhase;
			buildActionMask = 2147483647;
			files = (
				2895BB69292626A700A16CF8 /* WorkoutLoggerUITestsLaunchTests.swift in Sources */,
				2895BB67292626A700A16CF8 /* WorkoutLoggerUITests.swift in Sources */,
			);
			runOnlyForDeploymentPostprocessing = 0;
		};
/* End PBXSourcesBuildPhase section */

/* Begin PBXTargetDependency section */
		2895BB5A292626A700A16CF8 /* PBXTargetDependency */ = {
			isa = PBXTargetDependency;
			target = 2895BB47292626A500A16CF8 /* WorkoutLogger */;
			targetProxy = 2895BB59292626A700A16CF8 /* PBXContainerItemProxy */;
		};
		2895BB64292626A700A16CF8 /* PBXTargetDependency */ = {
			isa = PBXTargetDependency;
			target = 2895BB47292626A500A16CF8 /* WorkoutLogger */;
			targetProxy = 2895BB63292626A700A16CF8 /* PBXContainerItemProxy */;
		};
/* End PBXTargetDependency section */

/* Begin XCBuildConfiguration section */
		2895BB6A292626A700A16CF8 /* Debug */ = {
			isa = XCBuildConfiguration;
			buildSettings = {
				ALWAYS_SEARCH_USER_PATHS = NO;
				CLANG_ANALYZER_NONNULL = YES;
				CLANG_ANALYZER_NUMBER_OBJECT_CONVERSION = YES_AGGRESSIVE;
				CLANG_CXX_LANGUAGE_STANDARD = "gnu++20";
				CLANG_ENABLE_MODULES = YES;
				CLANG_ENABLE_OBJC_ARC = YES;
				CLANG_ENABLE_OBJC_WEAK = YES;
				CLANG_WARN_BLOCK_CAPTURE_AUTORELEASING = YES;
				CLANG_WARN_BOOL_CONVERSION = YES;
				CLANG_WARN_COMMA = YES;
				CLANG_WARN_CONSTANT_CONVERSION = YES;
				CLANG_WARN_DEPRECATED_OBJC_IMPLEMENTATIONS = YES;
				CLANG_WARN_DIRECT_OBJC_ISA_USAGE = YES_ERROR;
				CLANG_WARN_DOCUMENTATION_COMMENTS = YES;
				CLANG_WARN_EMPTY_BODY = YES;
				CLANG_WARN_ENUM_CONVERSION = YES;
				CLANG_WARN_INFINITE_RECURSION = YES;
				CLANG_WARN_INT_CONVERSION = YES;
				CLANG_WARN_NON_LITERAL_NULL_CONVERSION = YES;
				CLANG_WARN_OBJC_IMPLICIT_RETAIN_SELF = YES;
				CLANG_WARN_OBJC_LITERAL_CONVERSION = YES;
				CLANG_WARN_OBJC_ROOT_CLASS = YES_ERROR;
				CLANG_WARN_QUOTED_INCLUDE_IN_FRAMEWORK_HEADER = YES;
				CLANG_WARN_RANGE_LOOP_ANALYSIS = YES;
				CLANG_WARN_STRICT_PROTOTYPES = YES;
				CLANG_WARN_SUSPICIOUS_MOVE = YES;
				CLANG_WARN_UNGUARDED_AVAILABILITY = YES_AGGRESSIVE;
				CLANG_WARN_UNREACHABLE_CODE = YES;
				CLANG_WARN__DUPLICATE_METHOD_MATCH = YES;
				COPY_PHASE_STRIP = NO;
				DEBUG_INFORMATION_FORMAT = dwarf;
				ENABLE_STRICT_OBJC_MSGSEND = YES;
				ENABLE_TESTABILITY = YES;
				GCC_C_LANGUAGE_STANDARD = gnu11;
				GCC_DYNAMIC_NO_PIC = NO;
				GCC_NO_COMMON_BLOCKS = YES;
				GCC_OPTIMIZATION_LEVEL = 0;
				GCC_PREPROCESSOR_DEFINITIONS = (
					"DEBUG=1",
					"$(inherited)",
				);
				GCC_WARN_64_TO_32_BIT_CONVERSION = YES;
				GCC_WARN_ABOUT_RETURN_TYPE = YES_ERROR;
				GCC_WARN_UNDECLARED_SELECTOR = YES;
				GCC_WARN_UNINITIALIZED_AUTOS = YES_AGGRESSIVE;
				GCC_WARN_UNUSED_FUNCTION = YES;
				GCC_WARN_UNUSED_VARIABLE = YES;
				IPHONEOS_DEPLOYMENT_TARGET = 16.1;
				MTL_ENABLE_DEBUG_INFO = INCLUDE_SOURCE;
				MTL_FAST_MATH = YES;
				ONLY_ACTIVE_ARCH = YES;
				SDKROOT = iphoneos;
				SWIFT_ACTIVE_COMPILATION_CONDITIONS = DEBUG;
				SWIFT_OPTIMIZATION_LEVEL = "-Onone";
			};
			name = Debug;
		};
		2895BB6B292626A700A16CF8 /* Release */ = {
			isa = XCBuildConfiguration;
			buildSettings = {
				ALWAYS_SEARCH_USER_PATHS = NO;
				CLANG_ANALYZER_NONNULL = YES;
				CLANG_ANALYZER_NUMBER_OBJECT_CONVERSION = YES_AGGRESSIVE;
				CLANG_CXX_LANGUAGE_STANDARD = "gnu++20";
				CLANG_ENABLE_MODULES = YES;
				CLANG_ENABLE_OBJC_ARC = YES;
				CLANG_ENABLE_OBJC_WEAK = YES;
				CLANG_WARN_BLOCK_CAPTURE_AUTORELEASING = YES;
				CLANG_WARN_BOOL_CONVERSION = YES;
				CLANG_WARN_COMMA = YES;
				CLANG_WARN_CONSTANT_CONVERSION = YES;
				CLANG_WARN_DEPRECATED_OBJC_IMPLEMENTATIONS = YES;
				CLANG_WARN_DIRECT_OBJC_ISA_USAGE = YES_ERROR;
				CLANG_WARN_DOCUMENTATION_COMMENTS = YES;
				CLANG_WARN_EMPTY_BODY = YES;
				CLANG_WARN_ENUM_CONVERSION = YES;
				CLANG_WARN_INFINITE_RECURSION = YES;
				CLANG_WARN_INT_CONVERSION = YES;
				CLANG_WARN_NON_LITERAL_NULL_CONVERSION = YES;
				CLANG_WARN_OBJC_IMPLICIT_RETAIN_SELF = YES;
				CLANG_WARN_OBJC_LITERAL_CONVERSION = YES;
				CLANG_WARN_OBJC_ROOT_CLASS = YES_ERROR;
				CLANG_WARN_QUOTED_INCLUDE_IN_FRAMEWORK_HEADER = YES;
				CLANG_WARN_RANGE_LOOP_ANALYSIS = YES;
				CLANG_WARN_STRICT_PROTOTYPES = YES;
				CLANG_WARN_SUSPICIOUS_MOVE = YES;
				CLANG_WARN_UNGUARDED_AVAILABILITY = YES_AGGRESSIVE;
				CLANG_WARN_UNREACHABLE_CODE = YES;
				CLANG_WARN__DUPLICATE_METHOD_MATCH = YES;
				COPY_PHASE_STRIP = NO;
				DEBUG_INFORMATION_FORMAT = "dwarf-with-dsym";
				ENABLE_NS_ASSERTIONS = NO;
				ENABLE_STRICT_OBJC_MSGSEND = YES;
				GCC_C_LANGUAGE_STANDARD = gnu11;
				GCC_NO_COMMON_BLOCKS = YES;
				GCC_WARN_64_TO_32_BIT_CONVERSION = YES;
				GCC_WARN_ABOUT_RETURN_TYPE = YES_ERROR;
				GCC_WARN_UNDECLARED_SELECTOR = YES;
				GCC_WARN_UNINITIALIZED_AUTOS = YES_AGGRESSIVE;
				GCC_WARN_UNUSED_FUNCTION = YES;
				GCC_WARN_UNUSED_VARIABLE = YES;
				IPHONEOS_DEPLOYMENT_TARGET = 16.1;
				MTL_ENABLE_DEBUG_INFO = NO;
				MTL_FAST_MATH = YES;
				SDKROOT = iphoneos;
				SWIFT_COMPILATION_MODE = wholemodule;
				SWIFT_OPTIMIZATION_LEVEL = "-O";
				VALIDATE_PRODUCT = YES;
			};
			name = Release;
		};
		2895BB6D292626A700A16CF8 /* Debug */ = {
			isa = XCBuildConfiguration;
			buildSettings = {
				ASSETCATALOG_COMPILER_APPICON_NAME = AppIcon;
				ASSETCATALOG_COMPILER_GLOBAL_ACCENT_COLOR_NAME = AccentColor;
				CODE_SIGN_STYLE = Automatic;
				CURRENT_PROJECT_VERSION = 1;
				DEVELOPMENT_ASSET_PATHS = "\"WorkoutLogger/Preview Content\"";
				ENABLE_PREVIEWS = YES;
				GENERATE_INFOPLIST_FILE = YES;
				INFOPLIST_KEY_UIApplicationSceneManifest_Generation = YES;
				INFOPLIST_KEY_UIApplicationSupportsIndirectInputEvents = YES;
				INFOPLIST_KEY_UILaunchScreen_Generation = YES;
				INFOPLIST_KEY_UISupportedInterfaceOrientations_iPad = "UIInterfaceOrientationPortrait UIInterfaceOrientationPortraitUpsideDown UIInterfaceOrientationLandscapeLeft UIInterfaceOrientationLandscapeRight";
				INFOPLIST_KEY_UISupportedInterfaceOrientations_iPhone = "UIInterfaceOrientationPortrait UIInterfaceOrientationLandscapeLeft UIInterfaceOrientationLandscapeRight";
				LD_RUNPATH_SEARCH_PATHS = (
					"$(inherited)",
					"@executable_path/Frameworks",
				);
				MARKETING_VERSION = 1.0;
				PRODUCT_BUNDLE_IDENTIFIER = "Neil-inc.WorkoutLogger";
				PRODUCT_NAME = "$(TARGET_NAME)";
				SWIFT_EMIT_LOC_STRINGS = YES;
				SWIFT_VERSION = 5.0;
				TARGETED_DEVICE_FAMILY = "1,2";
			};
			name = Debug;
		};
		2895BB6E292626A700A16CF8 /* Release */ = {
			isa = XCBuildConfiguration;
			buildSettings = {
				ASSETCATALOG_COMPILER_APPICON_NAME = AppIcon;
				ASSETCATALOG_COMPILER_GLOBAL_ACCENT_COLOR_NAME = AccentColor;
				CODE_SIGN_STYLE = Automatic;
				CURRENT_PROJECT_VERSION = 1;
				DEVELOPMENT_ASSET_PATHS = "\"WorkoutLogger/Preview Content\"";
				ENABLE_PREVIEWS = YES;
				GENERATE_INFOPLIST_FILE = YES;
				INFOPLIST_KEY_UIApplicationSceneManifest_Generation = YES;
				INFOPLIST_KEY_UIApplicationSupportsIndirectInputEvents = YES;
				INFOPLIST_KEY_UILaunchScreen_Generation = YES;
				INFOPLIST_KEY_UISupportedInterfaceOrientations_iPad = "UIInterfaceOrientationPortrait UIInterfaceOrientationPortraitUpsideDown UIInterfaceOrientationLandscapeLeft UIInterfaceOrientationLandscapeRight";
				INFOPLIST_KEY_UISupportedInterfaceOrientations_iPhone = "UIInterfaceOrientationPortrait UIInterfaceOrientationLandscapeLeft UIInterfaceOrientationLandscapeRight";
				LD_RUNPATH_SEARCH_PATHS = (
					"$(inherited)",
					"@executable_path/Frameworks",
				);
				MARKETING_VERSION = 1.0;
				PRODUCT_BUNDLE_IDENTIFIER = "Neil-inc.WorkoutLogger";
				PRODUCT_NAME = "$(TARGET_NAME)";
				SWIFT_EMIT_LOC_STRINGS = YES;
				SWIFT_VERSION = 5.0;
				TARGETED_DEVICE_FAMILY = "1,2";
			};
			name = Release;
		};
		2895BB70292626A700A16CF8 /* Debug */ = {
			isa = XCBuildConfiguration;
			buildSettings = {
				ALWAYS_EMBED_SWIFT_STANDARD_LIBRARIES = YES;
				BUNDLE_LOADER = "$(TEST_HOST)";
				CODE_SIGN_STYLE = Automatic;
				CURRENT_PROJECT_VERSION = 1;
				GENERATE_INFOPLIST_FILE = YES;
				IPHONEOS_DEPLOYMENT_TARGET = 16.1;
				MARKETING_VERSION = 1.0;
				PRODUCT_BUNDLE_IDENTIFIER = "Neil-inc.WorkoutLoggerTests";
				PRODUCT_NAME = "$(TARGET_NAME)";
				SWIFT_EMIT_LOC_STRINGS = NO;
				SWIFT_VERSION = 5.0;
				TARGETED_DEVICE_FAMILY = "1,2";
				TEST_HOST = "$(BUILT_PRODUCTS_DIR)/WorkoutLogger.app/$(BUNDLE_EXECUTABLE_FOLDER_PATH)/WorkoutLogger";
			};
			name = Debug;
		};
		2895BB71292626A700A16CF8 /* Release */ = {
			isa = XCBuildConfiguration;
			buildSettings = {
				ALWAYS_EMBED_SWIFT_STANDARD_LIBRARIES = YES;
				BUNDLE_LOADER = "$(TEST_HOST)";
				CODE_SIGN_STYLE = Automatic;
				CURRENT_PROJECT_VERSION = 1;
				GENERATE_INFOPLIST_FILE = YES;
				IPHONEOS_DEPLOYMENT_TARGET = 16.1;
				MARKETING_VERSION = 1.0;
				PRODUCT_BUNDLE_IDENTIFIER = "Neil-inc.WorkoutLoggerTests";
				PRODUCT_NAME = "$(TARGET_NAME)";
				SWIFT_EMIT_LOC_STRINGS = NO;
				SWIFT_VERSION = 5.0;
				TARGETED_DEVICE_FAMILY = "1,2";
				TEST_HOST = "$(BUILT_PRODUCTS_DIR)/WorkoutLogger.app/$(BUNDLE_EXECUTABLE_FOLDER_PATH)/WorkoutLogger";
			};
			name = Release;
		};
		2895BB73292626A700A16CF8 /* Debug */ = {
			isa = XCBuildConfiguration;
			buildSettings = {
				ALWAYS_EMBED_SWIFT_STANDARD_LIBRARIES = YES;
				CODE_SIGN_STYLE = Automatic;
				CURRENT_PROJECT_VERSION = 1;
				GENERATE_INFOPLIST_FILE = YES;
				MARKETING_VERSION = 1.0;
				PRODUCT_BUNDLE_IDENTIFIER = "Neil-inc.WorkoutLoggerUITests";
				PRODUCT_NAME = "$(TARGET_NAME)";
				SWIFT_EMIT_LOC_STRINGS = NO;
				SWIFT_VERSION = 5.0;
				TARGETED_DEVICE_FAMILY = "1,2";
				TEST_TARGET_NAME = WorkoutLogger;
			};
			name = Debug;
		};
		2895BB74292626A700A16CF8 /* Release */ = {
			isa = XCBuildConfiguration;
			buildSettings = {
				ALWAYS_EMBED_SWIFT_STANDARD_LIBRARIES = YES;
				CODE_SIGN_STYLE = Automatic;
				CURRENT_PROJECT_VERSION = 1;
				GENERATE_INFOPLIST_FILE = YES;
				MARKETING_VERSION = 1.0;
				PRODUCT_BUNDLE_IDENTIFIER = "Neil-inc.WorkoutLoggerUITests";
				PRODUCT_NAME = "$(TARGET_NAME)";
				SWIFT_EMIT_LOC_STRINGS = NO;
				SWIFT_VERSION = 5.0;
				TARGETED_DEVICE_FAMILY = "1,2";
				TEST_TARGET_NAME = WorkoutLogger;
			};
			name = Release;
		};
/* End XCBuildConfiguration section */

/* Begin XCConfigurationList section */
		2895BB43292626A500A16CF8 /* Build configuration list for PBXProject "WorkoutLogger" */ = {
			isa = XCConfigurationList;
			buildConfigurations = (
				2895BB6A292626A700A16CF8 /* Debug */,
				2895BB6B292626A700A16CF8 /* Release */,
			);
			defaultConfigurationIsVisible = 0;
			defaultConfigurationName = Release;
		};
		2895BB6C292626A700A16CF8 /* Build configuration list for PBXNativeTarget "WorkoutLogger" */ = {
			isa = XCConfigurationList;
			buildConfigurations = (
				2895BB6D292626A700A16CF8 /* Debug */,
				2895BB6E292626A700A16CF8 /* Release */,
			);
			defaultConfigurationIsVisible = 0;
			defaultConfigurationName = Release;
		};
		2895BB6F292626A700A16CF8 /* Build configuration list for PBXNativeTarget "WorkoutLoggerTests" */ = {
			isa = XCConfigurationList;
			buildConfigurations = (
				2895BB70292626A700A16CF8 /* Debug */,
				2895BB71292626A700A16CF8 /* Release */,
			);
			defaultConfigurationIsVisible = 0;
			defaultConfigurationName = Release;
		};
		2895BB72292626A700A16CF8 /* Build configuration list for PBXNativeTarget "WorkoutLoggerUITests" */ = {
			isa = XCConfigurationList;
			buildConfigurations = (
				2895BB73292626A700A16CF8 /* Debug */,
				2895BB74292626A700A16CF8 /* Release */,
			);
			defaultConfigurationIsVisible = 0;
			defaultConfigurationName = Release;
		};
/* End XCConfigurationList section */

/* Begin XCRemoteSwiftPackageReference section */
		2895BB75292626F700A16CF8 /* XCRemoteSwiftPackageReference "apollo-ios" */ = {
			isa = XCRemoteSwiftPackageReference;
			repositoryURL = "https://github.com/apollographql/apollo-ios.git";
			requirement = {
				kind = upToNextMinorVersion;
				minimumVersion = 1.0.0;
			};
		};
/* End XCRemoteSwiftPackageReference section */

/* Begin XCSwiftPackageProductDependency section */
		2895BB76292626F700A16CF8 /* Apollo */ = {
			isa = XCSwiftPackageProductDependency;
			package = 2895BB75292626F700A16CF8 /* XCRemoteSwiftPackageReference "apollo-ios" */;
			productName = Apollo;
		};
/* End XCSwiftPackageProductDependency section */
	};
	rootObject = 2895BB40292626A500A16CF8 /* Project object */;
}
