// !$*UTF8*$!
{
	archiveVersion = 1;
	classes = {
	};
	objectVersion = 56;
	objects = {

/* Begin PBXBuildFile section */
		2808740A2938732C00443453 /* EditWorkout.View.swift in Sources */ = {isa = PBXBuildFile; fileRef = 280874092938732C00443453 /* EditWorkout.View.swift */; };
		2809EF5B2926EB0200D0FF5B /* Signup.View.swift in Sources */ = {isa = PBXBuildFile; fileRef = 2809EF5A2926EB0200D0FF5B /* Signup.View.swift */; };
		2809EF5D2926EDA100D0FF5B /* Signup.ViewModel.swift in Sources */ = {isa = PBXBuildFile; fileRef = 2809EF5C2926EDA100D0FF5B /* Signup.ViewModel.swift */; };
		2809EF662926F10C00D0FF5B /* AuthService.swift in Sources */ = {isa = PBXBuildFile; fileRef = 2809EF652926F10C00D0FF5B /* AuthService.swift */; };
		280B6A3729297D8A004D0F16 /* KeychainService.swift in Sources */ = {isa = PBXBuildFile; fileRef = 280B6A3629297D8A004D0F16 /* KeychainService.swift */; };
		280B6A3929297FAA004D0F16 /* Auth.swift in Sources */ = {isa = PBXBuildFile; fileRef = 280B6A3829297FAA004D0F16 /* Auth.swift */; };
		283DAA1D2936AC0300AB2C18 /* Config.swift in Sources */ = {isa = PBXBuildFile; fileRef = 283DAA1C2936AC0300AB2C18 /* Config.swift */; };
		283DAA1F2936B72800AB2C18 /* WorkoutListViewModelTests.swift in Sources */ = {isa = PBXBuildFile; fileRef = 283DAA1E2936B72800AB2C18 /* WorkoutListViewModelTests.swift */; };
		283DAA242936DA6800AB2C18 /* MockServices.swift in Sources */ = {isa = PBXBuildFile; fileRef = 28B0E87B2935A22B0093601C /* MockServices.swift */; };
		283DAA252936DA6C00AB2C18 /* TestData.swift in Sources */ = {isa = PBXBuildFile; fileRef = 283DAA202936BA5000AB2C18 /* TestData.swift */; };
		283DAA282936DC7100AB2C18 /* ExerciseRoutineList.View.swift in Sources */ = {isa = PBXBuildFile; fileRef = 283DAA272936DC7100AB2C18 /* ExerciseRoutineList.View.swift */; };
		283DAA2A2936DCC000AB2C18 /* WorkoutListItem.View.swift in Sources */ = {isa = PBXBuildFile; fileRef = 283DAA292936DCC000AB2C18 /* WorkoutListItem.View.swift */; };
		283DAA2E2936E26400AB2C18 /* CreateWorkoutViewModelTests.swift in Sources */ = {isa = PBXBuildFile; fileRef = 283DAA2D2936E26400AB2C18 /* CreateWorkoutViewModelTests.swift */; };
		283DAA302937295800AB2C18 /* WorkoutDetails.View.swift in Sources */ = {isa = PBXBuildFile; fileRef = 283DAA2F2937295800AB2C18 /* WorkoutDetails.View.swift */; };
		283DAA322938118A00AB2C18 /* ExerciseRoutineListItem.View.swift in Sources */ = {isa = PBXBuildFile; fileRef = 283DAA312938118A00AB2C18 /* ExerciseRoutineListItem.View.swift */; };
		2841A118293D425600751D13 /* UpdateWorkoutRoutineMutation.graphql in Resources */ = {isa = PBXBuildFile; fileRef = 2841A117293D425600751D13 /* UpdateWorkoutRoutineMutation.graphql */; };
		2841A11A293D432200751D13 /* WorkoutSessionFull.graphql in Resources */ = {isa = PBXBuildFile; fileRef = 2841A119293D432200751D13 /* WorkoutSessionFull.graphql */; };
		2841B8382934793B00B4AC76 /* ButtonStyles.swift in Sources */ = {isa = PBXBuildFile; fileRef = 2841B8372934793B00B4AC76 /* ButtonStyles.swift */; };
		2841B83C29347D1B00B4AC76 /* CustomColors.swift in Sources */ = {isa = PBXBuildFile; fileRef = 2841B83B29347D1B00B4AC76 /* CustomColors.swift */; };
		2841B8422935851100B4AC76 /* TextStyles.swift in Sources */ = {isa = PBXBuildFile; fileRef = 2841B8412935851100B4AC76 /* TextStyles.swift */; };
		2848C0312926289700277523 /* Signup.graphql in Resources */ = {isa = PBXBuildFile; fileRef = 2848C0302926289700277523 /* Signup.graphql */; };
		2848D8062933161F001E8CD0 /* WorkoutRoutineFull.graphql in Sources */ = {isa = PBXBuildFile; fileRef = 2848D8052933161F001E8CD0 /* WorkoutRoutineFull.graphql */; };
		2848D808293316A3001E8CD0 /* CreateWorkoutRoutine.graphql in Resources */ = {isa = PBXBuildFile; fileRef = 2848D807293316A3001E8CD0 /* CreateWorkoutRoutine.graphql */; };
		28533294292ABBE700BACB6A /* ContentView.swift in Sources */ = {isa = PBXBuildFile; fileRef = 28533293292ABBE700BACB6A /* ContentView.swift */; };
		28533296292ABD7A00BACB6A /* HomeTabView.swift in Sources */ = {isa = PBXBuildFile; fileRef = 28533295292ABD7A00BACB6A /* HomeTabView.swift */; };
		2853329A292ABE3400BACB6A /* WorkoutSessionList.View.swift in Sources */ = {isa = PBXBuildFile; fileRef = 28533299292ABE3300BACB6A /* WorkoutSessionList.View.swift */; };
		2853329C292ABE4300BACB6A /* WorkoutList.View.swift in Sources */ = {isa = PBXBuildFile; fileRef = 2853329B292ABE4300BACB6A /* WorkoutList.View.swift */; };
		2853329F292ABF8D00BACB6A /* ProfileView.swift in Sources */ = {isa = PBXBuildFile; fileRef = 2853329E292ABF8D00BACB6A /* ProfileView.swift */; };
		285332A2292AE9A000BACB6A /* AuthenticationProvider.swift in Sources */ = {isa = PBXBuildFile; fileRef = 285332A1292AE9A000BACB6A /* AuthenticationProvider.swift */; };
		2858C563292B4088008DEA17 /* CreateWorkout.View.swift in Sources */ = {isa = PBXBuildFile; fileRef = 2858C562292B4088008DEA17 /* CreateWorkout.View.swift */; };
		2858C567292C0673008DEA17 /* WorkoutLoggerAPIService.swift in Sources */ = {isa = PBXBuildFile; fileRef = 2858C566292C0673008DEA17 /* WorkoutLoggerAPIService.swift */; };
		2858C56B292D4F69008DEA17 /* WorkoutList.ViewModel.swift in Sources */ = {isa = PBXBuildFile; fileRef = 2858C56A292D4F68008DEA17 /* WorkoutList.ViewModel.swift */; };
		2858C574292D67FB008DEA17 /* Interceptor.swift in Sources */ = {isa = PBXBuildFile; fileRef = 2858C573292D67FB008DEA17 /* Interceptor.swift */; };
		2858C576292D6918008DEA17 /* Client.swift in Sources */ = {isa = PBXBuildFile; fileRef = 2858C575292D6918008DEA17 /* Client.swift */; };
		2864844929369B6C00918D88 /* UserViewModel.swift in Sources */ = {isa = PBXBuildFile; fileRef = 2864844829369B6C00918D88 /* UserViewModel.swift */; };
		2865A80D293AC21700020C7A /* WorkoutSessionParser.swift in Sources */ = {isa = PBXBuildFile; fileRef = 2865A80C293AC21700020C7A /* WorkoutSessionParser.swift */; };
		2865A811293AE01A00020C7A /* schema.json in Resources */ = {isa = PBXBuildFile; fileRef = 2865A810293AE01A00020C7A /* schema.json */; };
		2865A813293B274600020C7A /* AddExerciseRoutineAlert.View.swift in Sources */ = {isa = PBXBuildFile; fileRef = 2865A812293B274600020C7A /* AddExerciseRoutineAlert.View.swift */; };
		2885F1CF292778C3007D65A5 /* Apollo in Frameworks */ = {isa = PBXBuildFile; productRef = 2885F1CE292778C3007D65A5 /* Apollo */; };
		2888DD0B2938A66B003F8905 /* EditableExerciseRoutineListItem.View.swift in Sources */ = {isa = PBXBuildFile; fileRef = 2888DD0A2938A66B003F8905 /* EditableExerciseRoutineListItem.View.swift */; };
		2895BB4C292626A500A16CF8 /* WorkoutLoggerApp.swift in Sources */ = {isa = PBXBuildFile; fileRef = 2895BB4B292626A500A16CF8 /* WorkoutLoggerApp.swift */; };
		2895BB50292626A600A16CF8 /* Assets.xcassets in Resources */ = {isa = PBXBuildFile; fileRef = 2895BB4F292626A600A16CF8 /* Assets.xcassets */; };
		2895BB53292626A600A16CF8 /* Preview Assets.xcassets in Resources */ = {isa = PBXBuildFile; fileRef = 2895BB52292626A600A16CF8 /* Preview Assets.xcassets */; };
		2895BB67292626A700A16CF8 /* WorkoutLoggerUITests.swift in Sources */ = {isa = PBXBuildFile; fileRef = 2895BB66292626A700A16CF8 /* WorkoutLoggerUITests.swift */; };
		2895BB69292626A700A16CF8 /* WorkoutLoggerUITestsLaunchTests.swift in Sources */ = {isa = PBXBuildFile; fileRef = 2895BB68292626A700A16CF8 /* WorkoutLoggerUITestsLaunchTests.swift */; };
		2895BB7A2926271500A16CF8 /* schema.graphqls in Resources */ = {isa = PBXBuildFile; fileRef = 2895BB792926271500A16CF8 /* schema.graphqls */; };
		2895BB7C292627B900A16CF8 /* WorkoutRoutines.graphql in Resources */ = {isa = PBXBuildFile; fileRef = 2895BB7B292627B900A16CF8 /* WorkoutRoutines.graphql */; };
		289CFDEE2928327F00BE6773 /* LoginMutation.graphql in Resources */ = {isa = PBXBuildFile; fileRef = 289CFDED2928327F00BE6773 /* LoginMutation.graphql */; };
		289CFDF1292836C100BE6773 /* Login.View.swift in Sources */ = {isa = PBXBuildFile; fileRef = 289CFDF0292836C100BE6773 /* Login.View.swift */; };
		289CFDF3292836D400BE6773 /* Login.ViewModel.swift in Sources */ = {isa = PBXBuildFile; fileRef = 289CFDF2292836D400BE6773 /* Login.ViewModel.swift */; };
		289CFDFE292859BB00BE6773 /* Types.swift in Sources */ = {isa = PBXBuildFile; fileRef = 289CFDFD292859BB00BE6773 /* Types.swift */; };
		289F155E2939B90F0074BBE8 /* EditableWorkoutName.View.swift in Sources */ = {isa = PBXBuildFile; fileRef = 289F155D2939B90F0074BBE8 /* EditableWorkoutName.View.swift */; };
		289F15602939F7830074BBE8 /* WorkoutSessionListItem.View.swift in Sources */ = {isa = PBXBuildFile; fileRef = 289F155F2939F7830074BBE8 /* WorkoutSessionListItem.View.swift */; };
		289F15622939F8F00074BBE8 /* WorkoutSessions.graphql in Resources */ = {isa = PBXBuildFile; fileRef = 289F15612939F8F00074BBE8 /* WorkoutSessions.graphql */; };
		289F15682939FA080074BBE8 /* API.swift in Sources */ = {isa = PBXBuildFile; fileRef = 289F15672939FA080074BBE8 /* API.swift */; };
		289F156A2939FAB30074BBE8 /* WorkoutSession.ViewModel.swift in Sources */ = {isa = PBXBuildFile; fileRef = 289F15692939FAB30074BBE8 /* WorkoutSession.ViewModel.swift */; };
		28B0E8802935A37D0093601C /* LoginViewModelTests.swift in Sources */ = {isa = PBXBuildFile; fileRef = 28B0E87F2935A37D0093601C /* LoginViewModelTests.swift */; };
		28B0E8832935C6290093601C /* SignupViewModelTests.swift in Sources */ = {isa = PBXBuildFile; fileRef = 28B0E8822935C6290093601C /* SignupViewModelTests.swift */; };
		28C2EDFF292DA5C1000BE3EB /* InterceptorProvider.swift in Sources */ = {isa = PBXBuildFile; fileRef = 28C2EDFE292DA5C1000BE3EB /* InterceptorProvider.swift */; };
		28C2EE03292DA902000BE3EB /* RefreshMutation.graphql in Resources */ = {isa = PBXBuildFile; fileRef = 28C2EE02292DA902000BE3EB /* RefreshMutation.graphql */; };
		28C2EE07292DF2E4000BE3EB /* Errors.swift in Sources */ = {isa = PBXBuildFile; fileRef = 28C2EE06292DF2E4000BE3EB /* Errors.swift */; };
		28E03C5529401E8900B38824 /* PullToRefresh.swift in Sources */ = {isa = PBXBuildFile; fileRef = 28E03C5429401E8900B38824 /* PullToRefresh.swift */; };
		28E03C5729406F1000B38824 /* DeleteWorkoutRoutineMutation.graphql in Resources */ = {isa = PBXBuildFile; fileRef = 28E03C5629406F1000B38824 /* DeleteWorkoutRoutineMutation.graphql */; };
		28F14021293DCF8C00DF6857 /* Workout.ViewModel.swift in Sources */ = {isa = PBXBuildFile; fileRef = 28F14020293DCF8C00DF6857 /* Workout.ViewModel.swift */; };
		28F14025293DDA4C00DF6857 /* WorkoutRoutine.graphql in Resources */ = {isa = PBXBuildFile; fileRef = 28F14024293DDA4C00DF6857 /* WorkoutRoutine.graphql */; };
/* End PBXBuildFile section */

/* Begin PBXContainerItemProxy section */
		2895BB59292626A700A16CF8 /* PBXContainerItemProxy */ = {
			isa = PBXContainerItemProxy;
			containerPortal = 2895BB40292626A500A16CF8 /* Project object */;
			proxyType = 1;
			remoteGlobalIDString = 2895BB47292626A500A16CF8;
			remoteInfo = WorkoutLogger;
		};
		2895BB63292626A700A16CF8 /* PBXContainerItemProxy */ = {
			isa = PBXContainerItemProxy;
			containerPortal = 2895BB40292626A500A16CF8 /* Project object */;
			proxyType = 1;
			remoteGlobalIDString = 2895BB47292626A500A16CF8;
			remoteInfo = WorkoutLogger;
		};
/* End PBXContainerItemProxy section */

/* Begin PBXFileReference section */
		280874092938732C00443453 /* EditWorkout.View.swift */ = {isa = PBXFileReference; lastKnownFileType = sourcecode.swift; path = EditWorkout.View.swift; sourceTree = "<group>"; };
		2809EF5A2926EB0200D0FF5B /* Signup.View.swift */ = {isa = PBXFileReference; lastKnownFileType = sourcecode.swift; path = Signup.View.swift; sourceTree = "<group>"; };
		2809EF5C2926EDA100D0FF5B /* Signup.ViewModel.swift */ = {isa = PBXFileReference; lastKnownFileType = sourcecode.swift; path = Signup.ViewModel.swift; sourceTree = "<group>"; };
		2809EF652926F10C00D0FF5B /* AuthService.swift */ = {isa = PBXFileReference; lastKnownFileType = sourcecode.swift; path = AuthService.swift; sourceTree = "<group>"; };
		280B6A3629297D8A004D0F16 /* KeychainService.swift */ = {isa = PBXFileReference; lastKnownFileType = sourcecode.swift; path = KeychainService.swift; sourceTree = "<group>"; };
		280B6A3829297FAA004D0F16 /* Auth.swift */ = {isa = PBXFileReference; lastKnownFileType = sourcecode.swift; path = Auth.swift; sourceTree = "<group>"; };
		283DAA1C2936AC0300AB2C18 /* Config.swift */ = {isa = PBXFileReference; lastKnownFileType = sourcecode.swift; path = Config.swift; sourceTree = "<group>"; };
		283DAA1E2936B72800AB2C18 /* WorkoutListViewModelTests.swift */ = {isa = PBXFileReference; lastKnownFileType = sourcecode.swift; path = WorkoutListViewModelTests.swift; sourceTree = "<group>"; };
		283DAA202936BA5000AB2C18 /* TestData.swift */ = {isa = PBXFileReference; lastKnownFileType = sourcecode.swift; path = TestData.swift; sourceTree = "<group>"; };
		283DAA272936DC7100AB2C18 /* ExerciseRoutineList.View.swift */ = {isa = PBXFileReference; lastKnownFileType = sourcecode.swift; path = ExerciseRoutineList.View.swift; sourceTree = "<group>"; };
		283DAA292936DCC000AB2C18 /* WorkoutListItem.View.swift */ = {isa = PBXFileReference; lastKnownFileType = sourcecode.swift; path = WorkoutListItem.View.swift; sourceTree = "<group>"; };
		283DAA2D2936E26400AB2C18 /* CreateWorkoutViewModelTests.swift */ = {isa = PBXFileReference; lastKnownFileType = sourcecode.swift; path = CreateWorkoutViewModelTests.swift; sourceTree = "<group>"; };
		283DAA2F2937295800AB2C18 /* WorkoutDetails.View.swift */ = {isa = PBXFileReference; lastKnownFileType = sourcecode.swift; path = WorkoutDetails.View.swift; sourceTree = "<group>"; };
		283DAA312938118A00AB2C18 /* ExerciseRoutineListItem.View.swift */ = {isa = PBXFileReference; lastKnownFileType = sourcecode.swift; path = ExerciseRoutineListItem.View.swift; sourceTree = "<group>"; };
		2841A117293D425600751D13 /* UpdateWorkoutRoutineMutation.graphql */ = {isa = PBXFileReference; lastKnownFileType = text; path = UpdateWorkoutRoutineMutation.graphql; sourceTree = "<group>"; };
		2841A119293D432200751D13 /* WorkoutSessionFull.graphql */ = {isa = PBXFileReference; lastKnownFileType = text; path = WorkoutSessionFull.graphql; sourceTree = "<group>"; };
		2841B8372934793B00B4AC76 /* ButtonStyles.swift */ = {isa = PBXFileReference; lastKnownFileType = sourcecode.swift; path = ButtonStyles.swift; sourceTree = "<group>"; };
		2841B83B29347D1B00B4AC76 /* CustomColors.swift */ = {isa = PBXFileReference; lastKnownFileType = sourcecode.swift; path = CustomColors.swift; sourceTree = "<group>"; };
		2841B8412935851100B4AC76 /* TextStyles.swift */ = {isa = PBXFileReference; lastKnownFileType = sourcecode.swift; path = TextStyles.swift; sourceTree = "<group>"; };
		2848C0302926289700277523 /* Signup.graphql */ = {isa = PBXFileReference; lastKnownFileType = text; path = Signup.graphql; sourceTree = "<group>"; };
		2848D8052933161F001E8CD0 /* WorkoutRoutineFull.graphql */ = {isa = PBXFileReference; lastKnownFileType = text; path = WorkoutRoutineFull.graphql; sourceTree = "<group>"; };
		2848D807293316A3001E8CD0 /* CreateWorkoutRoutine.graphql */ = {isa = PBXFileReference; lastKnownFileType = text; path = CreateWorkoutRoutine.graphql; sourceTree = "<group>"; };
		28533293292ABBE700BACB6A /* ContentView.swift */ = {isa = PBXFileReference; lastKnownFileType = sourcecode.swift; path = ContentView.swift; sourceTree = "<group>"; };
		28533295292ABD7A00BACB6A /* HomeTabView.swift */ = {isa = PBXFileReference; lastKnownFileType = sourcecode.swift; path = HomeTabView.swift; sourceTree = "<group>"; };
		28533299292ABE3300BACB6A /* WorkoutSessionList.View.swift */ = {isa = PBXFileReference; lastKnownFileType = sourcecode.swift; path = WorkoutSessionList.View.swift; sourceTree = "<group>"; };
		2853329B292ABE4300BACB6A /* WorkoutList.View.swift */ = {isa = PBXFileReference; lastKnownFileType = sourcecode.swift; path = WorkoutList.View.swift; sourceTree = "<group>"; };
		2853329E292ABF8D00BACB6A /* ProfileView.swift */ = {isa = PBXFileReference; lastKnownFileType = sourcecode.swift; path = ProfileView.swift; sourceTree = "<group>"; };
		285332A1292AE9A000BACB6A /* AuthenticationProvider.swift */ = {isa = PBXFileReference; lastKnownFileType = sourcecode.swift; path = AuthenticationProvider.swift; sourceTree = "<group>"; };
		2858C562292B4088008DEA17 /* CreateWorkout.View.swift */ = {isa = PBXFileReference; lastKnownFileType = sourcecode.swift; path = CreateWorkout.View.swift; sourceTree = "<group>"; };
		2858C566292C0673008DEA17 /* WorkoutLoggerAPIService.swift */ = {isa = PBXFileReference; lastKnownFileType = sourcecode.swift; path = WorkoutLoggerAPIService.swift; sourceTree = "<group>"; };
		2858C56A292D4F68008DEA17 /* WorkoutList.ViewModel.swift */ = {isa = PBXFileReference; lastKnownFileType = sourcecode.swift; path = WorkoutList.ViewModel.swift; sourceTree = "<group>"; };
		2858C573292D67FB008DEA17 /* Interceptor.swift */ = {isa = PBXFileReference; lastKnownFileType = sourcecode.swift; path = Interceptor.swift; sourceTree = "<group>"; };
		2858C575292D6918008DEA17 /* Client.swift */ = {isa = PBXFileReference; lastKnownFileType = sourcecode.swift; path = Client.swift; sourceTree = "<group>"; };
		2864844829369B6C00918D88 /* UserViewModel.swift */ = {isa = PBXFileReference; lastKnownFileType = sourcecode.swift; path = UserViewModel.swift; sourceTree = "<group>"; };
		2865A80C293AC21700020C7A /* WorkoutSessionParser.swift */ = {isa = PBXFileReference; lastKnownFileType = sourcecode.swift; path = WorkoutSessionParser.swift; sourceTree = "<group>"; };
		2865A810293AE01A00020C7A /* schema.json */ = {isa = PBXFileReference; fileEncoding = 4; lastKnownFileType = text.json; path = schema.json; sourceTree = "<group>"; };
		2865A812293B274600020C7A /* AddExerciseRoutineAlert.View.swift */ = {isa = PBXFileReference; lastKnownFileType = sourcecode.swift; path = AddExerciseRoutineAlert.View.swift; sourceTree = "<group>"; };
		2888DD0A2938A66B003F8905 /* EditableExerciseRoutineListItem.View.swift */ = {isa = PBXFileReference; lastKnownFileType = sourcecode.swift; path = EditableExerciseRoutineListItem.View.swift; sourceTree = "<group>"; };
		2895BB48292626A500A16CF8 /* WorkoutLogger.app */ = {isa = PBXFileReference; explicitFileType = wrapper.application; includeInIndex = 0; path = WorkoutLogger.app; sourceTree = BUILT_PRODUCTS_DIR; };
		2895BB4B292626A500A16CF8 /* WorkoutLoggerApp.swift */ = {isa = PBXFileReference; lastKnownFileType = sourcecode.swift; path = WorkoutLoggerApp.swift; sourceTree = "<group>"; };
		2895BB4F292626A600A16CF8 /* Assets.xcassets */ = {isa = PBXFileReference; lastKnownFileType = folder.assetcatalog; path = Assets.xcassets; sourceTree = "<group>"; };
		2895BB52292626A600A16CF8 /* Preview Assets.xcassets */ = {isa = PBXFileReference; lastKnownFileType = folder.assetcatalog; path = "Preview Assets.xcassets"; sourceTree = "<group>"; };
		2895BB58292626A700A16CF8 /* WorkoutLoggerTests.xctest */ = {isa = PBXFileReference; explicitFileType = wrapper.cfbundle; includeInIndex = 0; path = WorkoutLoggerTests.xctest; sourceTree = BUILT_PRODUCTS_DIR; };
		2895BB62292626A700A16CF8 /* WorkoutLoggerUITests.xctest */ = {isa = PBXFileReference; explicitFileType = wrapper.cfbundle; includeInIndex = 0; path = WorkoutLoggerUITests.xctest; sourceTree = BUILT_PRODUCTS_DIR; };
		2895BB66292626A700A16CF8 /* WorkoutLoggerUITests.swift */ = {isa = PBXFileReference; lastKnownFileType = sourcecode.swift; path = WorkoutLoggerUITests.swift; sourceTree = "<group>"; };
		2895BB68292626A700A16CF8 /* WorkoutLoggerUITestsLaunchTests.swift */ = {isa = PBXFileReference; lastKnownFileType = sourcecode.swift; path = WorkoutLoggerUITestsLaunchTests.swift; sourceTree = "<group>"; };
		2895BB792926271500A16CF8 /* schema.graphqls */ = {isa = PBXFileReference; lastKnownFileType = text; path = schema.graphqls; sourceTree = "<group>"; };
		2895BB7B292627B900A16CF8 /* WorkoutRoutines.graphql */ = {isa = PBXFileReference; lastKnownFileType = text; path = WorkoutRoutines.graphql; sourceTree = "<group>"; };
		289CFDED2928327F00BE6773 /* LoginMutation.graphql */ = {isa = PBXFileReference; lastKnownFileType = text; path = LoginMutation.graphql; sourceTree = "<group>"; };
		289CFDF0292836C100BE6773 /* Login.View.swift */ = {isa = PBXFileReference; lastKnownFileType = sourcecode.swift; path = Login.View.swift; sourceTree = "<group>"; };
		289CFDF2292836D400BE6773 /* Login.ViewModel.swift */ = {isa = PBXFileReference; lastKnownFileType = sourcecode.swift; path = Login.ViewModel.swift; sourceTree = "<group>"; };
		289CFDFD292859BB00BE6773 /* Types.swift */ = {isa = PBXFileReference; lastKnownFileType = sourcecode.swift; path = Types.swift; sourceTree = "<group>"; };
		289F155D2939B90F0074BBE8 /* EditableWorkoutName.View.swift */ = {isa = PBXFileReference; lastKnownFileType = sourcecode.swift; path = EditableWorkoutName.View.swift; sourceTree = "<group>"; };
		289F155F2939F7830074BBE8 /* WorkoutSessionListItem.View.swift */ = {isa = PBXFileReference; lastKnownFileType = sourcecode.swift; path = WorkoutSessionListItem.View.swift; sourceTree = "<group>"; };
		289F15612939F8F00074BBE8 /* WorkoutSessions.graphql */ = {isa = PBXFileReference; lastKnownFileType = text; path = WorkoutSessions.graphql; sourceTree = "<group>"; };
		289F15672939FA080074BBE8 /* API.swift */ = {isa = PBXFileReference; fileEncoding = 4; lastKnownFileType = sourcecode.swift; path = API.swift; sourceTree = "<group>"; };
		289F15692939FAB30074BBE8 /* WorkoutSession.ViewModel.swift */ = {isa = PBXFileReference; lastKnownFileType = sourcecode.swift; path = WorkoutSession.ViewModel.swift; sourceTree = "<group>"; };
		28B0E87B2935A22B0093601C /* MockServices.swift */ = {isa = PBXFileReference; lastKnownFileType = sourcecode.swift; path = MockServices.swift; sourceTree = "<group>"; };
		28B0E87F2935A37D0093601C /* LoginViewModelTests.swift */ = {isa = PBXFileReference; lastKnownFileType = sourcecode.swift; path = LoginViewModelTests.swift; sourceTree = "<group>"; };
		28B0E8822935C6290093601C /* SignupViewModelTests.swift */ = {isa = PBXFileReference; lastKnownFileType = sourcecode.swift; path = SignupViewModelTests.swift; sourceTree = "<group>"; };
		28C2EDFE292DA5C1000BE3EB /* InterceptorProvider.swift */ = {isa = PBXFileReference; lastKnownFileType = sourcecode.swift; path = InterceptorProvider.swift; sourceTree = "<group>"; };
		28C2EE02292DA902000BE3EB /* RefreshMutation.graphql */ = {isa = PBXFileReference; lastKnownFileType = text; path = RefreshMutation.graphql; sourceTree = "<group>"; };
		28C2EE06292DF2E4000BE3EB /* Errors.swift */ = {isa = PBXFileReference; lastKnownFileType = sourcecode.swift; path = Errors.swift; sourceTree = "<group>"; };
		28E03C5429401E8900B38824 /* PullToRefresh.swift */ = {isa = PBXFileReference; lastKnownFileType = sourcecode.swift; path = PullToRefresh.swift; sourceTree = "<group>"; };
		28E03C5629406F1000B38824 /* DeleteWorkoutRoutineMutation.graphql */ = {isa = PBXFileReference; lastKnownFileType = text; path = DeleteWorkoutRoutineMutation.graphql; sourceTree = "<group>"; };
		28F14020293DCF8C00DF6857 /* Workout.ViewModel.swift */ = {isa = PBXFileReference; lastKnownFileType = sourcecode.swift; path = Workout.ViewModel.swift; sourceTree = "<group>"; };
		28F14024293DDA4C00DF6857 /* WorkoutRoutine.graphql */ = {isa = PBXFileReference; lastKnownFileType = text; path = WorkoutRoutine.graphql; sourceTree = "<group>"; };
/* End PBXFileReference section */

/* Begin PBXFrameworksBuildPhase section */
		2895BB45292626A500A16CF8 /* Frameworks */ = {
			isa = PBXFrameworksBuildPhase;
			buildActionMask = 2147483647;
			files = (
				2885F1CF292778C3007D65A5 /* Apollo in Frameworks */,
			);
			runOnlyForDeploymentPostprocessing = 0;
		};
		2895BB55292626A700A16CF8 /* Frameworks */ = {
			isa = PBXFrameworksBuildPhase;
			buildActionMask = 2147483647;
			files = (
			);
			runOnlyForDeploymentPostprocessing = 0;
		};
		2895BB5F292626A700A16CF8 /* Frameworks */ = {
			isa = PBXFrameworksBuildPhase;
			buildActionMask = 2147483647;
			files = (
			);
			runOnlyForDeploymentPostprocessing = 0;
		};
/* End PBXFrameworksBuildPhase section */

/* Begin PBXGroup section */
		280874082938731000443453 /* EditWorkout */ = {
			isa = PBXGroup;
			children = (
				280874092938732C00443453 /* EditWorkout.View.swift */,
				2888DD0A2938A66B003F8905 /* EditableExerciseRoutineListItem.View.swift */,
				289F155D2939B90F0074BBE8 /* EditableWorkoutName.View.swift */,
				2865A812293B274600020C7A /* AddExerciseRoutineAlert.View.swift */,
			);
			path = EditWorkout;
			sourceTree = "<group>";
		};
		2809EF552926EA3E00D0FF5B /* Features */ = {
			isa = PBXGroup;
			children = (
				28F1401C293DCF3E00DF6857 /* WorkoutDetails */,
				280874082938731000443453 /* EditWorkout */,
				283DAA262936DC5B00AB2C18 /* ExerciseRoutines */,
				285332A0292AE07C00BACB6A /* CreateWorkout */,
				2853329D292ABF8400BACB6A /* Profile */,
				28533298292ABDCB00BACB6A /* Workouts */,
				28533297292ABDB200BACB6A /* WorkoutSessions */,
				280B6A3B2929B6C7004D0F16 /* Home */,
				289CFDEF292836B200BE6773 /* Login */,
				2809EF632926F0C300D0FF5B /* Signup */,
			);
			path = Features;
			sourceTree = "<group>";
		};
		2809EF562926EA4700D0FF5B /* General */ = {
			isa = PBXGroup;
			children = (
				2841B8372934793B00B4AC76 /* ButtonStyles.swift */,
				2841B8412935851100B4AC76 /* TextStyles.swift */,
				28E03C5429401E8900B38824 /* PullToRefresh.swift */,
			);
			path = General;
			sourceTree = "<group>";
		};
		2809EF632926F0C300D0FF5B /* Signup */ = {
			isa = PBXGroup;
			children = (
				2809EF5A2926EB0200D0FF5B /* Signup.View.swift */,
				2809EF5C2926EDA100D0FF5B /* Signup.ViewModel.swift */,
			);
			path = Signup;
			sourceTree = "<group>";
		};
		280B6A3B2929B6C7004D0F16 /* Home */ = {
			isa = PBXGroup;
			children = (
				28533295292ABD7A00BACB6A /* HomeTabView.swift */,
			);
			path = Home;
			sourceTree = "<group>";
		};
		283DAA262936DC5B00AB2C18 /* ExerciseRoutines */ = {
			isa = PBXGroup;
			children = (
				283DAA272936DC7100AB2C18 /* ExerciseRoutineList.View.swift */,
				283DAA312938118A00AB2C18 /* ExerciseRoutineListItem.View.swift */,
			);
			path = ExerciseRoutines;
			sourceTree = "<group>";
		};
		2848D80429331603001E8CD0 /* Fragments */ = {
			isa = PBXGroup;
			children = (
				2848D8052933161F001E8CD0 /* WorkoutRoutineFull.graphql */,
				2841A119293D432200751D13 /* WorkoutSessionFull.graphql */,
			);
			name = Fragments;
			sourceTree = "<group>";
		};
		28533297292ABDB200BACB6A /* WorkoutSessions */ = {
			isa = PBXGroup;
			children = (
				289F15692939FAB30074BBE8 /* WorkoutSession.ViewModel.swift */,
				28533299292ABE3300BACB6A /* WorkoutSessionList.View.swift */,
				289F155F2939F7830074BBE8 /* WorkoutSessionListItem.View.swift */,
			);
			path = WorkoutSessions;
			sourceTree = "<group>";
		};
		28533298292ABDCB00BACB6A /* Workouts */ = {
			isa = PBXGroup;
			children = (
				2853329B292ABE4300BACB6A /* WorkoutList.View.swift */,
				283DAA292936DCC000AB2C18 /* WorkoutListItem.View.swift */,
				2858C56A292D4F68008DEA17 /* WorkoutList.ViewModel.swift */,
			);
			path = Workouts;
			sourceTree = "<group>";
		};
		2853329D292ABF8400BACB6A /* Profile */ = {
			isa = PBXGroup;
			children = (
				2853329E292ABF8D00BACB6A /* ProfileView.swift */,
				2864844829369B6C00918D88 /* UserViewModel.swift */,
			);
			path = Profile;
			sourceTree = "<group>";
		};
		285332A0292AE07C00BACB6A /* CreateWorkout */ = {
			isa = PBXGroup;
			children = (
				2858C562292B4088008DEA17 /* CreateWorkout.View.swift */,
			);
			path = CreateWorkout;
			sourceTree = "<group>";
		};
		2858C572292D67DE008DEA17 /* Network */ = {
			isa = PBXGroup;
			children = (
				2858C575292D6918008DEA17 /* Client.swift */,
				28C2EDFE292DA5C1000BE3EB /* InterceptorProvider.swift */,
				2858C573292D67FB008DEA17 /* Interceptor.swift */,
			);
			path = Network;
			sourceTree = "<group>";
		};
		2865A80B293AC1ED00020C7A /* Parser */ = {
			isa = PBXGroup;
			children = (
				2865A80C293AC21700020C7A /* WorkoutSessionParser.swift */,
			);
			path = Parser;
			sourceTree = "<group>";
		};
		2895BB3F292626A500A16CF8 = {
			isa = PBXGroup;
			children = (
				2895BB4A292626A500A16CF8 /* WorkoutLogger */,
				2895BB5B292626A700A16CF8 /* WorkoutLoggerTests */,
				2895BB65292626A700A16CF8 /* WorkoutLoggerUITests */,
				2895BB49292626A500A16CF8 /* Products */,
			);
			sourceTree = "<group>";
		};
		2895BB49292626A500A16CF8 /* Products */ = {
			isa = PBXGroup;
			children = (
				2895BB48292626A500A16CF8 /* WorkoutLogger.app */,
				2895BB58292626A700A16CF8 /* WorkoutLoggerTests.xctest */,
				2895BB62292626A700A16CF8 /* WorkoutLoggerUITests.xctest */,
			);
			name = Products;
			sourceTree = "<group>";
		};
		2895BB4A292626A500A16CF8 /* WorkoutLogger */ = {
			isa = PBXGroup;
			children = (
				2865A810293AE01A00020C7A /* schema.json */,
				289F15672939FA080074BBE8 /* API.swift */,
				2895BB4B292626A500A16CF8 /* WorkoutLoggerApp.swift */,
				2841B83B29347D1B00B4AC76 /* CustomColors.swift */,
				285332A1292AE9A000BACB6A /* AuthenticationProvider.swift */,
				28533293292ABBE700BACB6A /* ContentView.swift */,
				2865A80B293AC1ED00020C7A /* Parser */,
				28B0E8762935A1890093601C /* Test */,
				2809EF562926EA4700D0FF5B /* General */,
				2809EF552926EA3E00D0FF5B /* Features */,
				2895BB7D292627ED00A16CF8 /* GraqhQL */,
				289CFDF429283A9C00BE6773 /* Services */,
				289CFDFC2928598B00BE6773 /* Types */,
				2858C572292D67DE008DEA17 /* Network */,
				2895BB4F292626A600A16CF8 /* Assets.xcassets */,
				2895BB51292626A600A16CF8 /* Preview Content */,
				283DAA1C2936AC0300AB2C18 /* Config.swift */,
			);
			path = WorkoutLogger;
			sourceTree = "<group>";
		};
		2895BB51292626A600A16CF8 /* Preview Content */ = {
			isa = PBXGroup;
			children = (
				2895BB52292626A600A16CF8 /* Preview Assets.xcassets */,
			);
			path = "Preview Content";
			sourceTree = "<group>";
		};
		2895BB5B292626A700A16CF8 /* WorkoutLoggerTests */ = {
			isa = PBXGroup;
			children = (
				28B0E8752935A1050093601C /* Services */,
				28B0E8742935A0FF0093601C /* ViewModels */,
			);
			path = WorkoutLoggerTests;
			sourceTree = "<group>";
		};
		2895BB65292626A700A16CF8 /* WorkoutLoggerUITests */ = {
			isa = PBXGroup;
			children = (
				2895BB66292626A700A16CF8 /* WorkoutLoggerUITests.swift */,
				2895BB68292626A700A16CF8 /* WorkoutLoggerUITestsLaunchTests.swift */,
			);
			path = WorkoutLoggerUITests;
			sourceTree = "<group>";
		};
		2895BB7D292627ED00A16CF8 /* GraqhQL */ = {
			isa = PBXGroup;
			children = (
				2848D80429331603001E8CD0 /* Fragments */,
				2895BB7F2926280500A16CF8 /* Queries */,
				2895BB7E292627FE00A16CF8 /* Mutations */,
				2895BB792926271500A16CF8 /* schema.graphqls */,
			);
			path = GraqhQL;
			sourceTree = "<group>";
		};
		2895BB7E292627FE00A16CF8 /* Mutations */ = {
			isa = PBXGroup;
			children = (
				2848C0302926289700277523 /* Signup.graphql */,
				289CFDED2928327F00BE6773 /* LoginMutation.graphql */,
				28C2EE02292DA902000BE3EB /* RefreshMutation.graphql */,
				2848D807293316A3001E8CD0 /* CreateWorkoutRoutine.graphql */,
				2841A117293D425600751D13 /* UpdateWorkoutRoutineMutation.graphql */,
				28E03C5629406F1000B38824 /* DeleteWorkoutRoutineMutation.graphql */,
			);
			path = Mutations;
			sourceTree = "<group>";
		};
		2895BB7F2926280500A16CF8 /* Queries */ = {
			isa = PBXGroup;
			children = (
				2895BB7B292627B900A16CF8 /* WorkoutRoutines.graphql */,
				289F15612939F8F00074BBE8 /* WorkoutSessions.graphql */,
				28F14024293DDA4C00DF6857 /* WorkoutRoutine.graphql */,
			);
			path = Queries;
			sourceTree = "<group>";
		};
		289CFDEF292836B200BE6773 /* Login */ = {
			isa = PBXGroup;
			children = (
				289CFDF0292836C100BE6773 /* Login.View.swift */,
				289CFDF2292836D400BE6773 /* Login.ViewModel.swift */,
			);
			path = Login;
			sourceTree = "<group>";
		};
		289CFDF429283A9C00BE6773 /* Services */ = {
			isa = PBXGroup;
			children = (
				2809EF652926F10C00D0FF5B /* AuthService.swift */,
				2858C566292C0673008DEA17 /* WorkoutLoggerAPIService.swift */,
				280B6A3629297D8A004D0F16 /* KeychainService.swift */,
			);
			path = Services;
			sourceTree = "<group>";
		};
		289CFDFC2928598B00BE6773 /* Types */ = {
			isa = PBXGroup;
			children = (
				28C2EE06292DF2E4000BE3EB /* Errors.swift */,
				289CFDFD292859BB00BE6773 /* Types.swift */,
				280B6A3829297FAA004D0F16 /* Auth.swift */,
			);
			path = Types;
			sourceTree = "<group>";
		};
		28B0E8742935A0FF0093601C /* ViewModels */ = {
			isa = PBXGroup;
			children = (
				28B0E87F2935A37D0093601C /* LoginViewModelTests.swift */,
				28B0E8822935C6290093601C /* SignupViewModelTests.swift */,
				283DAA1E2936B72800AB2C18 /* WorkoutListViewModelTests.swift */,
				283DAA2D2936E26400AB2C18 /* CreateWorkoutViewModelTests.swift */,
			);
			path = ViewModels;
			sourceTree = "<group>";
		};
		28B0E8752935A1050093601C /* Services */ = {
			isa = PBXGroup;
			children = (
			);
			path = Services;
			sourceTree = "<group>";
		};
		28B0E8762935A1890093601C /* Test */ = {
			isa = PBXGroup;
			children = (
				28B0E87B2935A22B0093601C /* MockServices.swift */,
				283DAA202936BA5000AB2C18 /* TestData.swift */,
			);
			path = Test;
			sourceTree = "<group>";
		};
		28F1401C293DCF3E00DF6857 /* WorkoutDetails */ = {
			isa = PBXGroup;
			children = (
				283DAA2F2937295800AB2C18 /* WorkoutDetails.View.swift */,
				28F14020293DCF8C00DF6857 /* Workout.ViewModel.swift */,
			);
			path = WorkoutDetails;
			sourceTree = "<group>";
		};
/* End PBXGroup section */

/* Begin PBXNativeTarget section */
		2895BB47292626A500A16CF8 /* WorkoutLogger */ = {
			isa = PBXNativeTarget;
			buildConfigurationList = 2895BB6C292626A700A16CF8 /* Build configuration list for PBXNativeTarget "WorkoutLogger" */;
			buildPhases = (
				2885F1D0292778D5007D65A5 /* Apollo */,
				2895BB44292626A500A16CF8 /* Sources */,
				2895BB45292626A500A16CF8 /* Frameworks */,
				2895BB46292626A500A16CF8 /* Resources */,
			);
			buildRules = (
			);
			dependencies = (
			);
			name = WorkoutLogger;
			packageProductDependencies = (
				2885F1CE292778C3007D65A5 /* Apollo */,
			);
			productName = WorkoutLogger;
			productReference = 2895BB48292626A500A16CF8 /* WorkoutLogger.app */;
			productType = "com.apple.product-type.application";
		};
		2895BB57292626A700A16CF8 /* WorkoutLoggerTests */ = {
			isa = PBXNativeTarget;
			buildConfigurationList = 2895BB6F292626A700A16CF8 /* Build configuration list for PBXNativeTarget "WorkoutLoggerTests" */;
			buildPhases = (
				2895BB54292626A700A16CF8 /* Sources */,
				2895BB55292626A700A16CF8 /* Frameworks */,
				2895BB56292626A700A16CF8 /* Resources */,
			);
			buildRules = (
			);
			dependencies = (
				2895BB5A292626A700A16CF8 /* PBXTargetDependency */,
			);
			name = WorkoutLoggerTests;
			productName = WorkoutLoggerTests;
			productReference = 2895BB58292626A700A16CF8 /* WorkoutLoggerTests.xctest */;
			productType = "com.apple.product-type.bundle.unit-test";
		};
		2895BB61292626A700A16CF8 /* WorkoutLoggerUITests */ = {
			isa = PBXNativeTarget;
			buildConfigurationList = 2895BB72292626A700A16CF8 /* Build configuration list for PBXNativeTarget "WorkoutLoggerUITests" */;
			buildPhases = (
				2895BB5E292626A700A16CF8 /* Sources */,
				2895BB5F292626A700A16CF8 /* Frameworks */,
				2895BB60292626A700A16CF8 /* Resources */,
			);
			buildRules = (
			);
			dependencies = (
				2895BB64292626A700A16CF8 /* PBXTargetDependency */,
			);
			name = WorkoutLoggerUITests;
			productName = WorkoutLoggerUITests;
			productReference = 2895BB62292626A700A16CF8 /* WorkoutLoggerUITests.xctest */;
			productType = "com.apple.product-type.bundle.ui-testing";
		};
/* End PBXNativeTarget section */

/* Begin PBXProject section */
		2895BB40292626A500A16CF8 /* Project object */ = {
			isa = PBXProject;
			attributes = {
				BuildIndependentTargetsInParallel = 1;
				LastSwiftUpdateCheck = 1410;
				LastUpgradeCheck = 1410;
				TargetAttributes = {
					2895BB47292626A500A16CF8 = {
						CreatedOnToolsVersion = 14.1;
					};
					2895BB57292626A700A16CF8 = {
						CreatedOnToolsVersion = 14.1;
						TestTargetID = 2895BB47292626A500A16CF8;
					};
					2895BB61292626A700A16CF8 = {
						CreatedOnToolsVersion = 14.1;
						TestTargetID = 2895BB47292626A500A16CF8;
					};
				};
			};
			buildConfigurationList = 2895BB43292626A500A16CF8 /* Build configuration list for PBXProject "WorkoutLogger" */;
			compatibilityVersion = "Xcode 14.0";
			developmentRegion = en;
			hasScannedForEncodings = 0;
			knownRegions = (
				en,
				Base,
			);
			mainGroup = 2895BB3F292626A500A16CF8;
			packageReferences = (
				2885F1CD292778C3007D65A5 /* XCRemoteSwiftPackageReference "apollo-ios" */,
			);
			productRefGroup = 2895BB49292626A500A16CF8 /* Products */;
			projectDirPath = "";
			projectRoot = "";
			targets = (
				2895BB47292626A500A16CF8 /* WorkoutLogger */,
				2895BB57292626A700A16CF8 /* WorkoutLoggerTests */,
				2895BB61292626A700A16CF8 /* WorkoutLoggerUITests */,
			);
		};
/* End PBXProject section */

/* Begin PBXResourcesBuildPhase section */
		2895BB46292626A500A16CF8 /* Resources */ = {
			isa = PBXResourcesBuildPhase;
			buildActionMask = 2147483647;
			files = (
				2841A118293D425600751D13 /* UpdateWorkoutRoutineMutation.graphql in Resources */,
				289F15622939F8F00074BBE8 /* WorkoutSessions.graphql in Resources */,
				289CFDEE2928327F00BE6773 /* LoginMutation.graphql in Resources */,
				2895BB53292626A600A16CF8 /* Preview Assets.xcassets in Resources */,
				2841A11A293D432200751D13 /* WorkoutSessionFull.graphql in Resources */,
				2848C0312926289700277523 /* Signup.graphql in Resources */,
				28C2EE03292DA902000BE3EB /* RefreshMutation.graphql in Resources */,
				2895BB7A2926271500A16CF8 /* schema.graphqls in Resources */,
				28F14025293DDA4C00DF6857 /* WorkoutRoutine.graphql in Resources */,
				2865A811293AE01A00020C7A /* schema.json in Resources */,
				2848D808293316A3001E8CD0 /* CreateWorkoutRoutine.graphql in Resources */,
				2895BB50292626A600A16CF8 /* Assets.xcassets in Resources */,
				28E03C5729406F1000B38824 /* DeleteWorkoutRoutineMutation.graphql in Resources */,
				2895BB7C292627B900A16CF8 /* WorkoutRoutines.graphql in Resources */,
			);
			runOnlyForDeploymentPostprocessing = 0;
		};
		2895BB56292626A700A16CF8 /* Resources */ = {
			isa = PBXResourcesBuildPhase;
			buildActionMask = 2147483647;
			files = (
			);
			runOnlyForDeploymentPostprocessing = 0;
		};
		2895BB60292626A700A16CF8 /* Resources */ = {
			isa = PBXResourcesBuildPhase;
			buildActionMask = 2147483647;
			files = (
			);
			runOnlyForDeploymentPostprocessing = 0;
		};
/* End PBXResourcesBuildPhase section */

/* Begin PBXShellScriptBuildPhase section */
		2885F1D0292778D5007D65A5 /* Apollo */ = {
			isa = PBXShellScriptBuildPhase;
			buildActionMask = 2147483647;
			files = (
			);
			inputFileListPaths = (
			);
			inputPaths = (
			);
			name = Apollo;
			outputFileListPaths = (
			);
			outputPaths = (
			);
			runOnlyForDeploymentPostprocessing = 0;
			shellPath = /bin/sh;
			shellScript = "# Don't run this during index builds\nif [ $ACTION = \"indexbuild\" ]; then exit 0; fi\n\n# Go to the build root and search up the chain to find the Derived Data Path where the source packages are checked out.\nDERIVED_DATA_CANDIDATE=\"${BUILD_ROOT}\"\n\nwhile ! [ -d \"${DERIVED_DATA_CANDIDATE}/SourcePackages\" ]; do\n  if [ \"${DERIVED_DATA_CANDIDATE}\" = / ]; then\n    echo >&2 \"error: Unable to locate SourcePackages directory from BUILD_ROOT: '${BUILD_ROOT}'\"\n    exit 1\n  fi\n\n  DERIVED_DATA_CANDIDATE=\"$(dirname \"${DERIVED_DATA_CANDIDATE}\")\"\ndone\n\n# Grab a reference to the directory where scripts are checked out\nSCRIPT_PATH=\"${DERIVED_DATA_CANDIDATE}/SourcePackages/checkouts/apollo-ios/scripts\"\n\nif [ -z \"${SCRIPT_PATH}\" ]; then\n    echo >&2 \"error: Couldn't find the CLI script in your checked out SPM packages; make sure to add the framework to your project.\"\n    exit 1\nfi\n\ncd \"${SRCROOT}/${TARGET_NAME}\"\n\"${SCRIPT_PATH}\"/run-bundled-codegen.sh codegen:generate --target=swift --includes=./**/*.graphql --localSchemaFile=\"schema.json\" API.swift\n#\"${SCRIPT_PATH}\"/run-bundled-codegen.sh schema:download --endpoint=\"http://localhost:8080/query\"\n";
		};
/* End PBXShellScriptBuildPhase section */

/* Begin PBXSourcesBuildPhase section */
		2895BB44292626A500A16CF8 /* Sources */ = {
			isa = PBXSourcesBuildPhase;
			buildActionMask = 2147483647;
			files = (
				2858C563292B4088008DEA17 /* CreateWorkout.View.swift in Sources */,
				2864844929369B6C00918D88 /* UserViewModel.swift in Sources */,
				289CFDF1292836C100BE6773 /* Login.View.swift in Sources */,
				283DAA252936DA6C00AB2C18 /* TestData.swift in Sources */,
				2841B83C29347D1B00B4AC76 /* CustomColors.swift in Sources */,
				2858C567292C0673008DEA17 /* WorkoutLoggerAPIService.swift in Sources */,
				289F156A2939FAB30074BBE8 /* WorkoutSession.ViewModel.swift in Sources */,
				2808740A2938732C00443453 /* EditWorkout.View.swift in Sources */,
				28F14021293DCF8C00DF6857 /* Workout.ViewModel.swift in Sources */,
				2809EF662926F10C00D0FF5B /* AuthService.swift in Sources */,
				2865A813293B274600020C7A /* AddExerciseRoutineAlert.View.swift in Sources */,
				2853329C292ABE4300BACB6A /* WorkoutList.View.swift in Sources */,
				2853329F292ABF8D00BACB6A /* ProfileView.swift in Sources */,
				28E03C5529401E8900B38824 /* PullToRefresh.swift in Sources */,
				285332A2292AE9A000BACB6A /* AuthenticationProvider.swift in Sources */,
				28533294292ABBE700BACB6A /* ContentView.swift in Sources */,
				280B6A3729297D8A004D0F16 /* KeychainService.swift in Sources */,
				283DAA302937295800AB2C18 /* WorkoutDetails.View.swift in Sources */,
				289CFDF3292836D400BE6773 /* Login.ViewModel.swift in Sources */,
				2858C576292D6918008DEA17 /* Client.swift in Sources */,
				28533296292ABD7A00BACB6A /* HomeTabView.swift in Sources */,
				28C2EDFF292DA5C1000BE3EB /* InterceptorProvider.swift in Sources */,
				283DAA1D2936AC0300AB2C18 /* Config.swift in Sources */,
				2888DD0B2938A66B003F8905 /* EditableExerciseRoutineListItem.View.swift in Sources */,
				289F15682939FA080074BBE8 /* API.swift in Sources */,
				2841B8382934793B00B4AC76 /* ButtonStyles.swift in Sources */,
				2848D8062933161F001E8CD0 /* WorkoutRoutineFull.graphql in Sources */,
				2858C56B292D4F69008DEA17 /* WorkoutList.ViewModel.swift in Sources */,
				28C2EE07292DF2E4000BE3EB /* Errors.swift in Sources */,
				2865A80D293AC21700020C7A /* WorkoutSessionParser.swift in Sources */,
				289F155E2939B90F0074BBE8 /* EditableWorkoutName.View.swift in Sources */,
				2841B8422935851100B4AC76 /* TextStyles.swift in Sources */,
				283DAA2A2936DCC000AB2C18 /* WorkoutListItem.View.swift in Sources */,
				2853329A292ABE3400BACB6A /* WorkoutSessionList.View.swift in Sources */,
				2809EF5D2926EDA100D0FF5B /* Signup.ViewModel.swift in Sources */,
				2858C574292D67FB008DEA17 /* Interceptor.swift in Sources */,
				283DAA282936DC7100AB2C18 /* ExerciseRoutineList.View.swift in Sources */,
				289F15602939F7830074BBE8 /* WorkoutSessionListItem.View.swift in Sources */,
				283DAA242936DA6800AB2C18 /* MockServices.swift in Sources */,
				280B6A3929297FAA004D0F16 /* Auth.swift in Sources */,
				2809EF5B2926EB0200D0FF5B /* Signup.View.swift in Sources */,
				289CFDFE292859BB00BE6773 /* Types.swift in Sources */,
				2895BB4C292626A500A16CF8 /* WorkoutLoggerApp.swift in Sources */,
				283DAA322938118A00AB2C18 /* ExerciseRoutineListItem.View.swift in Sources */,
			);
			runOnlyForDeploymentPostprocessing = 0;
		};
		2895BB54292626A700A16CF8 /* Sources */ = {
			isa = PBXSourcesBuildPhase;
			buildActionMask = 2147483647;
			files = (
				283DAA1F2936B72800AB2C18 /* WorkoutListViewModelTests.swift in Sources */,
				28B0E8802935A37D0093601C /* LoginViewModelTests.swift in Sources */,
				28B0E8832935C6290093601C /* SignupViewModelTests.swift in Sources */,
				283DAA2E2936E26400AB2C18 /* CreateWorkoutViewModelTests.swift in Sources */,
			);
			runOnlyForDeploymentPostprocessing = 0;
		};
		2895BB5E292626A700A16CF8 /* Sources */ = {
			isa = PBXSourcesBuildPhase;
			buildActionMask = 2147483647;
			files = (
				2895BB69292626A700A16CF8 /* WorkoutLoggerUITestsLaunchTests.swift in Sources */,
				2895BB67292626A700A16CF8 /* WorkoutLoggerUITests.swift in Sources */,
			);
			runOnlyForDeploymentPostprocessing = 0;
		};
/* End PBXSourcesBuildPhase section */

/* Begin PBXTargetDependency section */
		2895BB5A292626A700A16CF8 /* PBXTargetDependency */ = {
			isa = PBXTargetDependency;
			target = 2895BB47292626A500A16CF8 /* WorkoutLogger */;
			targetProxy = 2895BB59292626A700A16CF8 /* PBXContainerItemProxy */;
		};
		2895BB64292626A700A16CF8 /* PBXTargetDependency */ = {
			isa = PBXTargetDependency;
			target = 2895BB47292626A500A16CF8 /* WorkoutLogger */;
			targetProxy = 2895BB63292626A700A16CF8 /* PBXContainerItemProxy */;
		};
/* End PBXTargetDependency section */

/* Begin XCBuildConfiguration section */
		283DAA182936ABA000AB2C18 /* Debug */ = {
			isa = XCBuildConfiguration;
			buildSettings = {
				ALWAYS_SEARCH_USER_PATHS = NO;
				CLANG_ANALYZER_NONNULL = YES;
				CLANG_ANALYZER_NUMBER_OBJECT_CONVERSION = YES_AGGRESSIVE;
				CLANG_CXX_LANGUAGE_STANDARD = "gnu++20";
				CLANG_ENABLE_MODULES = YES;
				CLANG_ENABLE_OBJC_ARC = YES;
				CLANG_ENABLE_OBJC_WEAK = YES;
				CLANG_WARN_BLOCK_CAPTURE_AUTORELEASING = YES;
				CLANG_WARN_BOOL_CONVERSION = YES;
				CLANG_WARN_COMMA = YES;
				CLANG_WARN_CONSTANT_CONVERSION = YES;
				CLANG_WARN_DEPRECATED_OBJC_IMPLEMENTATIONS = YES;
				CLANG_WARN_DIRECT_OBJC_ISA_USAGE = YES_ERROR;
				CLANG_WARN_DOCUMENTATION_COMMENTS = YES;
				CLANG_WARN_EMPTY_BODY = YES;
				CLANG_WARN_ENUM_CONVERSION = YES;
				CLANG_WARN_INFINITE_RECURSION = YES;
				CLANG_WARN_INT_CONVERSION = YES;
				CLANG_WARN_NON_LITERAL_NULL_CONVERSION = YES;
				CLANG_WARN_OBJC_IMPLICIT_RETAIN_SELF = YES;
				CLANG_WARN_OBJC_LITERAL_CONVERSION = YES;
				CLANG_WARN_OBJC_ROOT_CLASS = YES_ERROR;
				CLANG_WARN_QUOTED_INCLUDE_IN_FRAMEWORK_HEADER = YES;
				CLANG_WARN_RANGE_LOOP_ANALYSIS = YES;
				CLANG_WARN_STRICT_PROTOTYPES = YES;
				CLANG_WARN_SUSPICIOUS_MOVE = YES;
				CLANG_WARN_UNGUARDED_AVAILABILITY = YES_AGGRESSIVE;
				CLANG_WARN_UNREACHABLE_CODE = YES;
				CLANG_WARN__DUPLICATE_METHOD_MATCH = YES;
				COPY_PHASE_STRIP = NO;
				DEBUG_INFORMATION_FORMAT = dwarf;
				ENABLE_STRICT_OBJC_MSGSEND = YES;
				ENABLE_TESTABILITY = YES;
				GCC_C_LANGUAGE_STANDARD = gnu11;
				GCC_DYNAMIC_NO_PIC = NO;
				GCC_NO_COMMON_BLOCKS = YES;
				GCC_OPTIMIZATION_LEVEL = 0;
				GCC_PREPROCESSOR_DEFINITIONS = (
					"DEBUG=1",
					"$(inherited)",
				);
				GCC_WARN_64_TO_32_BIT_CONVERSION = YES;
				GCC_WARN_ABOUT_RETURN_TYPE = YES_ERROR;
				GCC_WARN_UNDECLARED_SELECTOR = YES;
				GCC_WARN_UNINITIALIZED_AUTOS = YES_AGGRESSIVE;
				GCC_WARN_UNUSED_FUNCTION = YES;
				GCC_WARN_UNUSED_VARIABLE = YES;
				INFOPLIST_KEY_UIUserInterfaceStyle = Light;
				IPHONEOS_DEPLOYMENT_TARGET = 16.1;
				MTL_ENABLE_DEBUG_INFO = INCLUDE_SOURCE;
				MTL_FAST_MATH = YES;
				ONLY_ACTIVE_ARCH = YES;
				SDKROOT = iphoneos;
				SWIFT_ACTIVE_COMPILATION_CONDITIONS = DEBUG;
				SWIFT_OPTIMIZATION_LEVEL = "-Onone";
			};
			name = Debug;
		};
		283DAA192936ABA000AB2C18 /* Debug */ = {
			isa = XCBuildConfiguration;
			buildSettings = {
				ASSETCATALOG_COMPILER_APPICON_NAME = AppIcon;
				ASSETCATALOG_COMPILER_GLOBAL_ACCENT_COLOR_NAME = AccentColor;
				CODE_SIGN_STYLE = Automatic;
				CURRENT_PROJECT_VERSION = 1;
				DEVELOPMENT_ASSET_PATHS = "\"WorkoutLogger/Preview Content\"";
				DEVELOPMENT_TEAM = GMQC6K47Q9;
				ENABLE_PREVIEWS = YES;
				GENERATE_INFOPLIST_FILE = YES;
				INFOPLIST_KEY_CFBundleDisplayName = Stronk;
				INFOPLIST_KEY_UIApplicationSceneManifest_Generation = YES;
				INFOPLIST_KEY_UIApplicationSupportsIndirectInputEvents = YES;
				INFOPLIST_KEY_UILaunchScreen_Generation = YES;
				INFOPLIST_KEY_UISupportedInterfaceOrientations_iPad = "UIInterfaceOrientationPortrait UIInterfaceOrientationPortraitUpsideDown UIInterfaceOrientationLandscapeLeft UIInterfaceOrientationLandscapeRight";
				INFOPLIST_KEY_UISupportedInterfaceOrientations_iPhone = UIInterfaceOrientationPortrait;
				LD_RUNPATH_SEARCH_PATHS = (
					"$(inherited)",
					"@executable_path/Frameworks",
				);
				MARKETING_VERSION = 1.0;
				PRODUCT_BUNDLE_IDENTIFIER = "Neil-inc.WorkoutLogger";
				PRODUCT_NAME = "$(TARGET_NAME)";
				SWIFT_EMIT_LOC_STRINGS = YES;
				SWIFT_VERSION = 5.0;
				TARGETED_DEVICE_FAMILY = "1,2";
			};
			name = Debug;
		};
		283DAA1A2936ABA000AB2C18 /* Debug */ = {
			isa = XCBuildConfiguration;
			buildSettings = {
				ALWAYS_EMBED_SWIFT_STANDARD_LIBRARIES = YES;
				BUNDLE_LOADER = "$(TEST_HOST)";
				CODE_SIGN_STYLE = Automatic;
				CURRENT_PROJECT_VERSION = 1;
				GENERATE_INFOPLIST_FILE = YES;
				IPHONEOS_DEPLOYMENT_TARGET = 16.1;
				MARKETING_VERSION = 1.0;
				PRODUCT_BUNDLE_IDENTIFIER = "Neil-inc.WorkoutLoggerTests";
				PRODUCT_NAME = "$(TARGET_NAME)";
				SWIFT_EMIT_LOC_STRINGS = NO;
				SWIFT_VERSION = 5.0;
				TARGETED_DEVICE_FAMILY = "1,2";
				TEST_HOST = "$(BUILT_PRODUCTS_DIR)/WorkoutLogger.app/$(BUNDLE_EXECUTABLE_FOLDER_PATH)/WorkoutLogger";
			};
			name = Debug;
		};
		283DAA1B2936ABA000AB2C18 /* Debug */ = {
			isa = XCBuildConfiguration;
			buildSettings = {
				ALWAYS_EMBED_SWIFT_STANDARD_LIBRARIES = YES;
				CODE_SIGN_STYLE = Automatic;
				CURRENT_PROJECT_VERSION = 1;
				GENERATE_INFOPLIST_FILE = YES;
				MARKETING_VERSION = 1.0;
				PRODUCT_BUNDLE_IDENTIFIER = "Neil-inc.WorkoutLoggerUITests";
				PRODUCT_NAME = "$(TARGET_NAME)";
				SWIFT_EMIT_LOC_STRINGS = NO;
				SWIFT_VERSION = 5.0;
				TARGETED_DEVICE_FAMILY = "1,2";
				TEST_TARGET_NAME = WorkoutLogger;
			};
			name = Debug;
		};
		2895BB6A292626A700A16CF8 /* Dev */ = {
			isa = XCBuildConfiguration;
			buildSettings = {
				ALWAYS_SEARCH_USER_PATHS = NO;
				CLANG_ANALYZER_NONNULL = YES;
				CLANG_ANALYZER_NUMBER_OBJECT_CONVERSION = YES_AGGRESSIVE;
				CLANG_CXX_LANGUAGE_STANDARD = "gnu++20";
				CLANG_ENABLE_MODULES = YES;
				CLANG_ENABLE_OBJC_ARC = YES;
				CLANG_ENABLE_OBJC_WEAK = YES;
				CLANG_WARN_BLOCK_CAPTURE_AUTORELEASING = YES;
				CLANG_WARN_BOOL_CONVERSION = YES;
				CLANG_WARN_COMMA = YES;
				CLANG_WARN_CONSTANT_CONVERSION = YES;
				CLANG_WARN_DEPRECATED_OBJC_IMPLEMENTATIONS = YES;
				CLANG_WARN_DIRECT_OBJC_ISA_USAGE = YES_ERROR;
				CLANG_WARN_DOCUMENTATION_COMMENTS = YES;
				CLANG_WARN_EMPTY_BODY = YES;
				CLANG_WARN_ENUM_CONVERSION = YES;
				CLANG_WARN_INFINITE_RECURSION = YES;
				CLANG_WARN_INT_CONVERSION = YES;
				CLANG_WARN_NON_LITERAL_NULL_CONVERSION = YES;
				CLANG_WARN_OBJC_IMPLICIT_RETAIN_SELF = YES;
				CLANG_WARN_OBJC_LITERAL_CONVERSION = YES;
				CLANG_WARN_OBJC_ROOT_CLASS = YES_ERROR;
				CLANG_WARN_QUOTED_INCLUDE_IN_FRAMEWORK_HEADER = YES;
				CLANG_WARN_RANGE_LOOP_ANALYSIS = YES;
				CLANG_WARN_STRICT_PROTOTYPES = YES;
				CLANG_WARN_SUSPICIOUS_MOVE = YES;
				CLANG_WARN_UNGUARDED_AVAILABILITY = YES_AGGRESSIVE;
				CLANG_WARN_UNREACHABLE_CODE = YES;
				CLANG_WARN__DUPLICATE_METHOD_MATCH = YES;
				COPY_PHASE_STRIP = NO;
				DEBUG_INFORMATION_FORMAT = dwarf;
				ENABLE_STRICT_OBJC_MSGSEND = YES;
				ENABLE_TESTABILITY = YES;
				GCC_C_LANGUAGE_STANDARD = gnu11;
				GCC_DYNAMIC_NO_PIC = NO;
				GCC_NO_COMMON_BLOCKS = YES;
				GCC_OPTIMIZATION_LEVEL = 0;
				GCC_PREPROCESSOR_DEFINITIONS = (
					"DEBUG=1",
					"$(inherited)",
				);
				GCC_WARN_64_TO_32_BIT_CONVERSION = YES;
				GCC_WARN_ABOUT_RETURN_TYPE = YES_ERROR;
				GCC_WARN_UNDECLARED_SELECTOR = YES;
				GCC_WARN_UNINITIALIZED_AUTOS = YES_AGGRESSIVE;
				GCC_WARN_UNUSED_FUNCTION = YES;
				GCC_WARN_UNUSED_VARIABLE = YES;
				INFOPLIST_KEY_UIUserInterfaceStyle = Light;
				IPHONEOS_DEPLOYMENT_TARGET = 16.1;
				MTL_ENABLE_DEBUG_INFO = INCLUDE_SOURCE;
				MTL_FAST_MATH = YES;
				ONLY_ACTIVE_ARCH = YES;
				SDKROOT = iphoneos;
				SWIFT_ACTIVE_COMPILATION_CONDITIONS = DEV;
				SWIFT_OPTIMIZATION_LEVEL = "-Onone";
			};
			name = Dev;
		};
		2895BB6B292626A700A16CF8 /* Release */ = {
			isa = XCBuildConfiguration;
			buildSettings = {
				ALWAYS_SEARCH_USER_PATHS = NO;
				CLANG_ANALYZER_NONNULL = YES;
				CLANG_ANALYZER_NUMBER_OBJECT_CONVERSION = YES_AGGRESSIVE;
				CLANG_CXX_LANGUAGE_STANDARD = "gnu++20";
				CLANG_ENABLE_MODULES = YES;
				CLANG_ENABLE_OBJC_ARC = YES;
				CLANG_ENABLE_OBJC_WEAK = YES;
				CLANG_WARN_BLOCK_CAPTURE_AUTORELEASING = YES;
				CLANG_WARN_BOOL_CONVERSION = YES;
				CLANG_WARN_COMMA = YES;
				CLANG_WARN_CONSTANT_CONVERSION = YES;
				CLANG_WARN_DEPRECATED_OBJC_IMPLEMENTATIONS = YES;
				CLANG_WARN_DIRECT_OBJC_ISA_USAGE = YES_ERROR;
				CLANG_WARN_DOCUMENTATION_COMMENTS = YES;
				CLANG_WARN_EMPTY_BODY = YES;
				CLANG_WARN_ENUM_CONVERSION = YES;
				CLANG_WARN_INFINITE_RECURSION = YES;
				CLANG_WARN_INT_CONVERSION = YES;
				CLANG_WARN_NON_LITERAL_NULL_CONVERSION = YES;
				CLANG_WARN_OBJC_IMPLICIT_RETAIN_SELF = YES;
				CLANG_WARN_OBJC_LITERAL_CONVERSION = YES;
				CLANG_WARN_OBJC_ROOT_CLASS = YES_ERROR;
				CLANG_WARN_QUOTED_INCLUDE_IN_FRAMEWORK_HEADER = YES;
				CLANG_WARN_RANGE_LOOP_ANALYSIS = YES;
				CLANG_WARN_STRICT_PROTOTYPES = YES;
				CLANG_WARN_SUSPICIOUS_MOVE = YES;
				CLANG_WARN_UNGUARDED_AVAILABILITY = YES_AGGRESSIVE;
				CLANG_WARN_UNREACHABLE_CODE = YES;
				CLANG_WARN__DUPLICATE_METHOD_MATCH = YES;
				COPY_PHASE_STRIP = NO;
				DEBUG_INFORMATION_FORMAT = "dwarf-with-dsym";
				ENABLE_NS_ASSERTIONS = NO;
				ENABLE_STRICT_OBJC_MSGSEND = YES;
				GCC_C_LANGUAGE_STANDARD = gnu11;
				GCC_NO_COMMON_BLOCKS = YES;
				GCC_WARN_64_TO_32_BIT_CONVERSION = YES;
				GCC_WARN_ABOUT_RETURN_TYPE = YES_ERROR;
				GCC_WARN_UNDECLARED_SELECTOR = YES;
				GCC_WARN_UNINITIALIZED_AUTOS = YES_AGGRESSIVE;
				GCC_WARN_UNUSED_FUNCTION = YES;
				GCC_WARN_UNUSED_VARIABLE = YES;
				INFOPLIST_KEY_UIUserInterfaceStyle = Light;
				IPHONEOS_DEPLOYMENT_TARGET = 16.1;
				MTL_ENABLE_DEBUG_INFO = NO;
				MTL_FAST_MATH = YES;
				SDKROOT = iphoneos;
				SWIFT_COMPILATION_MODE = wholemodule;
				SWIFT_OPTIMIZATION_LEVEL = "-O";
				VALIDATE_PRODUCT = YES;
			};
			name = Release;
		};
		2895BB6D292626A700A16CF8 /* Dev */ = {
			isa = XCBuildConfiguration;
			buildSettings = {
				ASSETCATALOG_COMPILER_APPICON_NAME = AppIcon;
				ASSETCATALOG_COMPILER_GLOBAL_ACCENT_COLOR_NAME = AccentColor;
				CODE_SIGN_STYLE = Automatic;
				CURRENT_PROJECT_VERSION = 1;
				DEVELOPMENT_ASSET_PATHS = "\"WorkoutLogger/Preview Content\"";
				DEVELOPMENT_TEAM = GMQC6K47Q9;
				ENABLE_PREVIEWS = YES;
				GENERATE_INFOPLIST_FILE = YES;
				INFOPLIST_KEY_CFBundleDisplayName = Stronk;
				INFOPLIST_KEY_UIApplicationSceneManifest_Generation = YES;
				INFOPLIST_KEY_UIApplicationSupportsIndirectInputEvents = YES;
				INFOPLIST_KEY_UILaunchScreen_Generation = YES;
				INFOPLIST_KEY_UISupportedInterfaceOrientations_iPad = "UIInterfaceOrientationPortrait UIInterfaceOrientationPortraitUpsideDown UIInterfaceOrientationLandscapeLeft UIInterfaceOrientationLandscapeRight";
				INFOPLIST_KEY_UISupportedInterfaceOrientations_iPhone = UIInterfaceOrientationPortrait;
				LD_RUNPATH_SEARCH_PATHS = (
					"$(inherited)",
					"@executable_path/Frameworks",
				);
				MARKETING_VERSION = 1.0;
				PRODUCT_BUNDLE_IDENTIFIER = "Neil-inc.WorkoutLogger";
				PRODUCT_NAME = "$(TARGET_NAME)";
				SWIFT_EMIT_LOC_STRINGS = YES;
				SWIFT_VERSION = 5.0;
				TARGETED_DEVICE_FAMILY = "1,2";
			};
			name = Dev;
		};
		2895BB6E292626A700A16CF8 /* Release */ = {
			isa = XCBuildConfiguration;
			buildSettings = {
				ASSETCATALOG_COMPILER_APPICON_NAME = AppIcon;
				ASSETCATALOG_COMPILER_GLOBAL_ACCENT_COLOR_NAME = AccentColor;
				CODE_SIGN_STYLE = Automatic;
				CURRENT_PROJECT_VERSION = 1;
				DEVELOPMENT_ASSET_PATHS = "\"WorkoutLogger/Preview Content\"";
				DEVELOPMENT_TEAM = GMQC6K47Q9;
				ENABLE_PREVIEWS = YES;
				GENERATE_INFOPLIST_FILE = YES;
				INFOPLIST_KEY_CFBundleDisplayName = Stronk;
				INFOPLIST_KEY_UIApplicationSceneManifest_Generation = YES;
				INFOPLIST_KEY_UIApplicationSupportsIndirectInputEvents = YES;
				INFOPLIST_KEY_UILaunchScreen_Generation = YES;
				INFOPLIST_KEY_UISupportedInterfaceOrientations_iPad = "UIInterfaceOrientationPortrait UIInterfaceOrientationPortraitUpsideDown UIInterfaceOrientationLandscapeLeft UIInterfaceOrientationLandscapeRight";
				INFOPLIST_KEY_UISupportedInterfaceOrientations_iPhone = UIInterfaceOrientationPortrait;
				LD_RUNPATH_SEARCH_PATHS = (
					"$(inherited)",
					"@executable_path/Frameworks",
				);
				MARKETING_VERSION = 1.0;
				PRODUCT_BUNDLE_IDENTIFIER = "Neil-inc.WorkoutLogger";
				PRODUCT_NAME = "$(TARGET_NAME)";
				SWIFT_EMIT_LOC_STRINGS = YES;
				SWIFT_VERSION = 5.0;
				TARGETED_DEVICE_FAMILY = "1,2";
			};
			name = Release;
		};
		2895BB70292626A700A16CF8 /* Dev */ = {
			isa = XCBuildConfiguration;
			buildSettings = {
				ALWAYS_EMBED_SWIFT_STANDARD_LIBRARIES = YES;
				BUNDLE_LOADER = "$(TEST_HOST)";
				CODE_SIGN_STYLE = Automatic;
				CURRENT_PROJECT_VERSION = 1;
				GENERATE_INFOPLIST_FILE = YES;
				IPHONEOS_DEPLOYMENT_TARGET = 16.1;
				MARKETING_VERSION = 1.0;
				PRODUCT_BUNDLE_IDENTIFIER = "Neil-inc.WorkoutLoggerTests";
				PRODUCT_NAME = "$(TARGET_NAME)";
				SWIFT_EMIT_LOC_STRINGS = NO;
				SWIFT_VERSION = 5.0;
				TARGETED_DEVICE_FAMILY = "1,2";
				TEST_HOST = "$(BUILT_PRODUCTS_DIR)/WorkoutLogger.app/$(BUNDLE_EXECUTABLE_FOLDER_PATH)/WorkoutLogger";
			};
			name = Dev;
		};
		2895BB71292626A700A16CF8 /* Release */ = {
			isa = XCBuildConfiguration;
			buildSettings = {
				ALWAYS_EMBED_SWIFT_STANDARD_LIBRARIES = YES;
				BUNDLE_LOADER = "$(TEST_HOST)";
				CODE_SIGN_STYLE = Automatic;
				CURRENT_PROJECT_VERSION = 1;
				GENERATE_INFOPLIST_FILE = YES;
				IPHONEOS_DEPLOYMENT_TARGET = 16.1;
				MARKETING_VERSION = 1.0;
				PRODUCT_BUNDLE_IDENTIFIER = "Neil-inc.WorkoutLoggerTests";
				PRODUCT_NAME = "$(TARGET_NAME)";
				SWIFT_EMIT_LOC_STRINGS = NO;
				SWIFT_VERSION = 5.0;
				TARGETED_DEVICE_FAMILY = "1,2";
				TEST_HOST = "$(BUILT_PRODUCTS_DIR)/WorkoutLogger.app/$(BUNDLE_EXECUTABLE_FOLDER_PATH)/WorkoutLogger";
			};
			name = Release;
		};
		2895BB73292626A700A16CF8 /* Dev */ = {
			isa = XCBuildConfiguration;
			buildSettings = {
				ALWAYS_EMBED_SWIFT_STANDARD_LIBRARIES = YES;
				CODE_SIGN_STYLE = Automatic;
				CURRENT_PROJECT_VERSION = 1;
				GENERATE_INFOPLIST_FILE = YES;
				MARKETING_VERSION = 1.0;
				PRODUCT_BUNDLE_IDENTIFIER = "Neil-inc.WorkoutLoggerUITests";
				PRODUCT_NAME = "$(TARGET_NAME)";
				SWIFT_EMIT_LOC_STRINGS = NO;
				SWIFT_VERSION = 5.0;
				TARGETED_DEVICE_FAMILY = "1,2";
				TEST_TARGET_NAME = WorkoutLogger;
			};
			name = Dev;
		};
		2895BB74292626A700A16CF8 /* Release */ = {
			isa = XCBuildConfiguration;
			buildSettings = {
				ALWAYS_EMBED_SWIFT_STANDARD_LIBRARIES = YES;
				CODE_SIGN_STYLE = Automatic;
				CURRENT_PROJECT_VERSION = 1;
				GENERATE_INFOPLIST_FILE = YES;
				MARKETING_VERSION = 1.0;
				PRODUCT_BUNDLE_IDENTIFIER = "Neil-inc.WorkoutLoggerUITests";
				PRODUCT_NAME = "$(TARGET_NAME)";
				SWIFT_EMIT_LOC_STRINGS = NO;
				SWIFT_VERSION = 5.0;
				TARGETED_DEVICE_FAMILY = "1,2";
				TEST_TARGET_NAME = WorkoutLogger;
			};
			name = Release;
		};
/* End XCBuildConfiguration section */

/* Begin XCConfigurationList section */
		2895BB43292626A500A16CF8 /* Build configuration list for PBXProject "WorkoutLogger" */ = {
			isa = XCConfigurationList;
			buildConfigurations = (
				2895BB6A292626A700A16CF8 /* Dev */,
				283DAA182936ABA000AB2C18 /* Debug */,
				2895BB6B292626A700A16CF8 /* Release */,
			);
			defaultConfigurationIsVisible = 0;
			defaultConfigurationName = Release;
		};
		2895BB6C292626A700A16CF8 /* Build configuration list for PBXNativeTarget "WorkoutLogger" */ = {
			isa = XCConfigurationList;
			buildConfigurations = (
				2895BB6D292626A700A16CF8 /* Dev */,
				283DAA192936ABA000AB2C18 /* Debug */,
				2895BB6E292626A700A16CF8 /* Release */,
			);
			defaultConfigurationIsVisible = 0;
			defaultConfigurationName = Release;
		};
		2895BB6F292626A700A16CF8 /* Build configuration list for PBXNativeTarget "WorkoutLoggerTests" */ = {
			isa = XCConfigurationList;
			buildConfigurations = (
				2895BB70292626A700A16CF8 /* Dev */,
				283DAA1A2936ABA000AB2C18 /* Debug */,
				2895BB71292626A700A16CF8 /* Release */,
			);
			defaultConfigurationIsVisible = 0;
			defaultConfigurationName = Release;
		};
		2895BB72292626A700A16CF8 /* Build configuration list for PBXNativeTarget "WorkoutLoggerUITests" */ = {
			isa = XCConfigurationList;
			buildConfigurations = (
				2895BB73292626A700A16CF8 /* Dev */,
				283DAA1B2936ABA000AB2C18 /* Debug */,
				2895BB74292626A700A16CF8 /* Release */,
			);
			defaultConfigurationIsVisible = 0;
			defaultConfigurationName = Release;
		};
/* End XCConfigurationList section */

/* Begin XCRemoteSwiftPackageReference section */
		2885F1CD292778C3007D65A5 /* XCRemoteSwiftPackageReference "apollo-ios" */ = {
			isa = XCRemoteSwiftPackageReference;
			repositoryURL = "https://github.com/apollographql/apollo-ios.git";
			requirement = {
				kind = exactVersion;
				version = 0.53.0;
			};
		};
/* End XCRemoteSwiftPackageReference section */

/* Begin XCSwiftPackageProductDependency section */
		2885F1CE292778C3007D65A5 /* Apollo */ = {
			isa = XCSwiftPackageProductDependency;
			package = 2885F1CD292778C3007D65A5 /* XCRemoteSwiftPackageReference "apollo-ios" */;
			productName = Apollo;
		};
/* End XCSwiftPackageProductDependency section */
	};
	rootObject = 2895BB40292626A500A16CF8 /* Project object */;
}
