// !$*UTF8*$!
{
	archiveVersion = 1;
	classes = {
	};
	objectVersion = 56;
	objects = {

/* Begin PBXBuildFile section */
		280378D029713EEA00A0A8E2 /* MutableExerciseRoutineDetails.graphql in Resources */ = {isa = PBXBuildFile; fileRef = 280378CF29713EEA00A0A8E2 /* MutableExerciseRoutineDetails.graphql */; };
		2808740A2938732C00443453 /* EditWorkout.View.swift in Sources */ = {isa = PBXBuildFile; fileRef = 280874092938732C00443453 /* EditWorkout.View.swift */; };
		2809EF5B2926EB0200D0FF5B /* Signup.View.swift in Sources */ = {isa = PBXBuildFile; fileRef = 2809EF5A2926EB0200D0FF5B /* Signup.View.swift */; };
		2809EF5D2926EDA100D0FF5B /* Signup.ViewModel.swift in Sources */ = {isa = PBXBuildFile; fileRef = 2809EF5C2926EDA100D0FF5B /* Signup.ViewModel.swift */; };
		2809EF662926F10C00D0FF5B /* AuthService.swift in Sources */ = {isa = PBXBuildFile; fileRef = 2809EF652926F10C00D0FF5B /* AuthService.swift */; };
		280B6A3729297D8A004D0F16 /* KeychainService.swift in Sources */ = {isa = PBXBuildFile; fileRef = 280B6A3629297D8A004D0F16 /* KeychainService.swift */; };
		280B6A3929297FAA004D0F16 /* Auth.swift in Sources */ = {isa = PBXBuildFile; fileRef = 280B6A3829297FAA004D0F16 /* Auth.swift */; };
		281C66DA296A73A200906212 /* ExerciseDetails.graphql in Resources */ = {isa = PBXBuildFile; fileRef = 281C66D9296A73A200906212 /* ExerciseDetails.graphql */; };
		281C66DC296A73C900906212 /* SetEntryFull.graphql in Resources */ = {isa = PBXBuildFile; fileRef = 281C66DB296A73C900906212 /* SetEntryFull.graphql */; };
		283DAA1D2936AC0300AB2C18 /* Config.swift in Sources */ = {isa = PBXBuildFile; fileRef = 283DAA1C2936AC0300AB2C18 /* Config.swift */; };
		283DAA282936DC7100AB2C18 /* ExerciseRoutineList.View.swift in Sources */ = {isa = PBXBuildFile; fileRef = 283DAA272936DC7100AB2C18 /* ExerciseRoutineList.View.swift */; };
		283DAA2A2936DCC000AB2C18 /* WorkoutListItem.View.swift in Sources */ = {isa = PBXBuildFile; fileRef = 283DAA292936DCC000AB2C18 /* WorkoutListItem.View.swift */; };
		283DAA302937295800AB2C18 /* WorkoutDetails.View.swift in Sources */ = {isa = PBXBuildFile; fileRef = 283DAA2F2937295800AB2C18 /* WorkoutDetails.View.swift */; };
		283DAA322938118A00AB2C18 /* ExerciseRoutineListItem.View.swift in Sources */ = {isa = PBXBuildFile; fileRef = 283DAA312938118A00AB2C18 /* ExerciseRoutineListItem.View.swift */; };
		2841B8382934793B00B4AC76 /* ButtonStyles.swift in Sources */ = {isa = PBXBuildFile; fileRef = 2841B8372934793B00B4AC76 /* ButtonStyles.swift */; };
		2841B83C29347D1B00B4AC76 /* CustomColors.swift in Sources */ = {isa = PBXBuildFile; fileRef = 2841B83B29347D1B00B4AC76 /* CustomColors.swift */; };
		2841B8422935851100B4AC76 /* TextStyles.swift in Sources */ = {isa = PBXBuildFile; fileRef = 2841B8412935851100B4AC76 /* TextStyles.swift */; };
		28533294292ABBE700BACB6A /* ContentView.swift in Sources */ = {isa = PBXBuildFile; fileRef = 28533293292ABBE700BACB6A /* ContentView.swift */; };
		28533296292ABD7A00BACB6A /* HomeTabView.swift in Sources */ = {isa = PBXBuildFile; fileRef = 28533295292ABD7A00BACB6A /* HomeTabView.swift */; };
		2853329A292ABE3400BACB6A /* WorkoutSessionList.View.swift in Sources */ = {isa = PBXBuildFile; fileRef = 28533299292ABE3300BACB6A /* WorkoutSessionList.View.swift */; };
		2853329C292ABE4300BACB6A /* WorkoutList.View.swift in Sources */ = {isa = PBXBuildFile; fileRef = 2853329B292ABE4300BACB6A /* WorkoutList.View.swift */; };
		2853329F292ABF8D00BACB6A /* ProfileView.swift in Sources */ = {isa = PBXBuildFile; fileRef = 2853329E292ABF8D00BACB6A /* ProfileView.swift */; };
		285332A2292AE9A000BACB6A /* AuthenticationProvider.swift in Sources */ = {isa = PBXBuildFile; fileRef = 285332A1292AE9A000BACB6A /* AuthenticationProvider.swift */; };
		2858C563292B4088008DEA17 /* CreateWorkout.View.swift in Sources */ = {isa = PBXBuildFile; fileRef = 2858C562292B4088008DEA17 /* CreateWorkout.View.swift */; };
		2858C567292C0673008DEA17 /* WorkoutLoggerAPIService.swift in Sources */ = {isa = PBXBuildFile; fileRef = 2858C566292C0673008DEA17 /* WorkoutLoggerAPIService.swift */; };
		2858C574292D67FB008DEA17 /* Interceptor.swift in Sources */ = {isa = PBXBuildFile; fileRef = 2858C573292D67FB008DEA17 /* Interceptor.swift */; };
		2858C576292D6918008DEA17 /* Client.swift in Sources */ = {isa = PBXBuildFile; fileRef = 2858C575292D6918008DEA17 /* Client.swift */; };
		2864844929369B6C00918D88 /* UserViewModel.swift in Sources */ = {isa = PBXBuildFile; fileRef = 2864844829369B6C00918D88 /* UserViewModel.swift */; };
		2865A80D293AC21700020C7A /* WorkoutSessionParser.swift in Sources */ = {isa = PBXBuildFile; fileRef = 2865A80C293AC21700020C7A /* WorkoutSessionParser.swift */; };
		2865A813293B274600020C7A /* AddExerciseRoutineAlert.View.swift in Sources */ = {isa = PBXBuildFile; fileRef = 2865A812293B274600020C7A /* AddExerciseRoutineAlert.View.swift */; };
		2887D0122969437400B673A1 /* schema.graphqls in Resources */ = {isa = PBXBuildFile; fileRef = 2887CFFE2969437400B673A1 /* schema.graphqls */; };
		2887D0132969437400B673A1 /* AddWorkoutSessionMutation.graphql in Resources */ = {isa = PBXBuildFile; fileRef = 2887D0012969437400B673A1 /* AddWorkoutSessionMutation.graphql */; };
		2887D0142969437400B673A1 /* UpdateWorkoutRoutineMutation.graphql in Resources */ = {isa = PBXBuildFile; fileRef = 2887D0022969437400B673A1 /* UpdateWorkoutRoutineMutation.graphql */; };
		2887D0152969437400B673A1 /* DeleteWorkoutRoutineMutation.graphql in Resources */ = {isa = PBXBuildFile; fileRef = 2887D0032969437400B673A1 /* DeleteWorkoutRoutineMutation.graphql */; };
		2887D0162969437400B673A1 /* SignupMutation.graphql in Resources */ = {isa = PBXBuildFile; fileRef = 2887D0042969437400B673A1 /* SignupMutation.graphql */; };
		2887D0172969437400B673A1 /* RefreshMutation.graphql in Resources */ = {isa = PBXBuildFile; fileRef = 2887D0052969437400B673A1 /* RefreshMutation.graphql */; };
		2887D0182969437400B673A1 /* LoginMutation.graphql in Resources */ = {isa = PBXBuildFile; fileRef = 2887D0062969437400B673A1 /* LoginMutation.graphql */; };
		2887D0192969437400B673A1 /* CreateWorkoutRoutine.graphql in Resources */ = {isa = PBXBuildFile; fileRef = 2887D0072969437400B673A1 /* CreateWorkoutRoutine.graphql */; };
		2887D01A2969437400B673A1 /* GetWorkoutSession.graphql in Resources */ = {isa = PBXBuildFile; fileRef = 2887D0082969437400B673A1 /* GetWorkoutSession.graphql */; };
		2887D01B2969437400B673A1 /* AddExerciseMutation.graphql in Resources */ = {isa = PBXBuildFile; fileRef = 2887D0092969437400B673A1 /* AddExerciseMutation.graphql */; };
		2887D01C2969437400B673A1 /* ExerciseRoutines.graphql in Resources */ = {isa = PBXBuildFile; fileRef = 2887D00B2969437400B673A1 /* ExerciseRoutines.graphql */; };
		2887D01D2969437400B673A1 /* WorkoutRoutines.graphql in Resources */ = {isa = PBXBuildFile; fileRef = 2887D00C2969437400B673A1 /* WorkoutRoutines.graphql */; };
		2887D01E2969437400B673A1 /* WorkoutRoutine.graphql in Resources */ = {isa = PBXBuildFile; fileRef = 2887D00D2969437400B673A1 /* WorkoutRoutine.graphql */; };
		2887D01F2969437400B673A1 /* WorkoutSessions.graphql in Resources */ = {isa = PBXBuildFile; fileRef = 2887D00E2969437400B673A1 /* WorkoutSessions.graphql */; };
		2887D0202969437400B673A1 /* WorkoutSessionFull.graphql in Resources */ = {isa = PBXBuildFile; fileRef = 2887D00F2969437400B673A1 /* WorkoutSessionFull.graphql */; };
		2887D0212969437400B673A1 /* ExerciseRoutineFull.graphql in Resources */ = {isa = PBXBuildFile; fileRef = 2887D0102969437400B673A1 /* ExerciseRoutineFull.graphql */; };
		2887D0222969437400B673A1 /* WorkoutRoutineFull.graphql in Resources */ = {isa = PBXBuildFile; fileRef = 2887D0112969437400B673A1 /* WorkoutRoutineFull.graphql */; };
		2888DD0B2938A66B003F8905 /* EditExerciseRoutineListItem.View.swift in Sources */ = {isa = PBXBuildFile; fileRef = 2888DD0A2938A66B003F8905 /* EditExerciseRoutineListItem.View.swift */; };
		288A6E82294318DD008EFF7A /* EditWorkoutSessionViewModel.swift in Sources */ = {isa = PBXBuildFile; fileRef = 288A6E81294318DD008EFF7A /* EditWorkoutSessionViewModel.swift */; };
		28929B9329693B32002CED00 /* Apollo in Frameworks */ = {isa = PBXBuildFile; productRef = 28929B9229693B32002CED00 /* Apollo */; };
		2895BB4C292626A500A16CF8 /* WorkoutLoggerApp.swift in Sources */ = {isa = PBXBuildFile; fileRef = 2895BB4B292626A500A16CF8 /* WorkoutLoggerApp.swift */; };
		2895BB50292626A600A16CF8 /* Assets.xcassets in Resources */ = {isa = PBXBuildFile; fileRef = 2895BB4F292626A600A16CF8 /* Assets.xcassets */; };
		2895BB53292626A600A16CF8 /* Preview Assets.xcassets in Resources */ = {isa = PBXBuildFile; fileRef = 2895BB52292626A600A16CF8 /* Preview Assets.xcassets */; };
		2895BB67292626A700A16CF8 /* WorkoutLoggerUITests.swift in Sources */ = {isa = PBXBuildFile; fileRef = 2895BB66292626A700A16CF8 /* WorkoutLoggerUITests.swift */; };
		2895BB69292626A700A16CF8 /* WorkoutLoggerUITestsLaunchTests.swift in Sources */ = {isa = PBXBuildFile; fileRef = 2895BB68292626A700A16CF8 /* WorkoutLoggerUITestsLaunchTests.swift */; };
		2895F357297365E60029ADD9 /* WorkoutSessionFull.graphql.swift in Sources */ = {isa = PBXBuildFile; fileRef = 2895F31F297365E60029ADD9 /* WorkoutSessionFull.graphql.swift */; };
		2895F358297365E60029ADD9 /* ExerciseRoutineFull.graphql.swift in Sources */ = {isa = PBXBuildFile; fileRef = 2895F320297365E60029ADD9 /* ExerciseRoutineFull.graphql.swift */; };
		2895F359297365E60029ADD9 /* SetEntryFull.graphql.swift in Sources */ = {isa = PBXBuildFile; fileRef = 2895F321297365E60029ADD9 /* SetEntryFull.graphql.swift */; };
		2895F35A297365E60029ADD9 /* WorkoutRoutineFull.graphql.swift in Sources */ = {isa = PBXBuildFile; fileRef = 2895F322297365E60029ADD9 /* WorkoutRoutineFull.graphql.swift */; };
		2895F35B297365E60029ADD9 /* ExerciseDetails.graphql.swift in Sources */ = {isa = PBXBuildFile; fileRef = 2895F323297365E60029ADD9 /* ExerciseDetails.graphql.swift */; };
		2895F35C297365E60029ADD9 /* MutableExerciseRoutineDetails.graphql.swift in Sources */ = {isa = PBXBuildFile; fileRef = 2895F325297365E60029ADD9 /* MutableExerciseRoutineDetails.graphql.swift */; };
		2895F35D297365E60029ADD9 /* MutableWorkoutRoutineDetails.graphql.swift in Sources */ = {isa = PBXBuildFile; fileRef = 2895F326297365E60029ADD9 /* MutableWorkoutRoutineDetails.graphql.swift */; };
		2895F35E297365E60029ADD9 /* AddExerciseMutation.graphql.swift in Sources */ = {isa = PBXBuildFile; fileRef = 2895F329297365E60029ADD9 /* AddExerciseMutation.graphql.swift */; };
		2895F35F297365E60029ADD9 /* DeleteWorkoutRoutineMutation.graphql.swift in Sources */ = {isa = PBXBuildFile; fileRef = 2895F32A297365E60029ADD9 /* DeleteWorkoutRoutineMutation.graphql.swift */; };
		2895F360297365E60029ADD9 /* AddSetMutation.graphql.swift in Sources */ = {isa = PBXBuildFile; fileRef = 2895F32B297365E60029ADD9 /* AddSetMutation.graphql.swift */; };
		2895F361297365E60029ADD9 /* CreateWorkoutRoutineMutation.graphql.swift in Sources */ = {isa = PBXBuildFile; fileRef = 2895F32C297365E60029ADD9 /* CreateWorkoutRoutineMutation.graphql.swift */; };
		2895F362297365E60029ADD9 /* LoginMutation.graphql.swift in Sources */ = {isa = PBXBuildFile; fileRef = 2895F32D297365E60029ADD9 /* LoginMutation.graphql.swift */; };
		2895F363297365E60029ADD9 /* AddWorkoutSessionMutation.graphql.swift in Sources */ = {isa = PBXBuildFile; fileRef = 2895F32E297365E60029ADD9 /* AddWorkoutSessionMutation.graphql.swift */; };
		2895F364297365E60029ADD9 /* UpdateWorkoutRoutineMutation.graphql.swift in Sources */ = {isa = PBXBuildFile; fileRef = 2895F32F297365E60029ADD9 /* UpdateWorkoutRoutineMutation.graphql.swift */; };
		2895F365297365E60029ADD9 /* SignupMutation.graphql.swift in Sources */ = {isa = PBXBuildFile; fileRef = 2895F330297365E60029ADD9 /* SignupMutation.graphql.swift */; };
		2895F366297365E60029ADD9 /* RefreshAccessTokenMutation.graphql.swift in Sources */ = {isa = PBXBuildFile; fileRef = 2895F331297365E60029ADD9 /* RefreshAccessTokenMutation.graphql.swift */; };
		2895F367297365E60029ADD9 /* WorkoutRoutinesQuery.graphql.swift in Sources */ = {isa = PBXBuildFile; fileRef = 2895F333297365E60029ADD9 /* WorkoutRoutinesQuery.graphql.swift */; };
		2895F368297365E60029ADD9 /* WorkoutSessionQuery.graphql.swift in Sources */ = {isa = PBXBuildFile; fileRef = 2895F334297365E60029ADD9 /* WorkoutSessionQuery.graphql.swift */; };
		2895F369297365E60029ADD9 /* WorkoutRoutineQuery.graphql.swift in Sources */ = {isa = PBXBuildFile; fileRef = 2895F335297365E60029ADD9 /* WorkoutRoutineQuery.graphql.swift */; };
		2895F36A297365E60029ADD9 /* WorkoutSessionsQuery.graphql.swift in Sources */ = {isa = PBXBuildFile; fileRef = 2895F336297365E60029ADD9 /* WorkoutSessionsQuery.graphql.swift */; };
		2895F36B297365E60029ADD9 /* ExerciseRoutinesQuery.graphql.swift in Sources */ = {isa = PBXBuildFile; fileRef = 2895F337297365E60029ADD9 /* ExerciseRoutinesQuery.graphql.swift */; };
		2895F36C297365E60029ADD9 /* Time.swift in Sources */ = {isa = PBXBuildFile; fileRef = 2895F33A297365E60029ADD9 /* Time.swift */; };
		2895F36D297365E60029ADD9 /* ExerciseRoutine.graphql.swift in Sources */ = {isa = PBXBuildFile; fileRef = 2895F33C297365E60029ADD9 /* ExerciseRoutine.graphql.swift */; };
		2895F36E297365E60029ADD9 /* WorkoutSessionEdge.graphql.swift in Sources */ = {isa = PBXBuildFile; fileRef = 2895F33D297365E60029ADD9 /* WorkoutSessionEdge.graphql.swift */; };
		2895F36F297365E60029ADD9 /* WorkoutSessionConnection.graphql.swift in Sources */ = {isa = PBXBuildFile; fileRef = 2895F33E297365E60029ADD9 /* WorkoutSessionConnection.graphql.swift */; };
		2895F370297365E60029ADD9 /* SetEntry.graphql.swift in Sources */ = {isa = PBXBuildFile; fileRef = 2895F33F297365E60029ADD9 /* SetEntry.graphql.swift */; };
		2895F371297365E60029ADD9 /* WorkoutRoutine.graphql.swift in Sources */ = {isa = PBXBuildFile; fileRef = 2895F340297365E60029ADD9 /* WorkoutRoutine.graphql.swift */; };
		2895F372297365E60029ADD9 /* WorkoutRoutineEdge.graphql.swift in Sources */ = {isa = PBXBuildFile; fileRef = 2895F341297365E60029ADD9 /* WorkoutRoutineEdge.graphql.swift */; };
		2895F373297365E60029ADD9 /* AuthResult.graphql.swift in Sources */ = {isa = PBXBuildFile; fileRef = 2895F342297365E60029ADD9 /* AuthResult.graphql.swift */; };
		2895F374297365E60029ADD9 /* RefreshSuccess.graphql.swift in Sources */ = {isa = PBXBuildFile; fileRef = 2895F343297365E60029ADD9 /* RefreshSuccess.graphql.swift */; };
		2895F375297365E60029ADD9 /* Mutation.graphql.swift in Sources */ = {isa = PBXBuildFile; fileRef = 2895F344297365E60029ADD9 /* Mutation.graphql.swift */; };
		2895F376297365E60029ADD9 /* WorkoutRoutineConnection.graphql.swift in Sources */ = {isa = PBXBuildFile; fileRef = 2895F345297365E60029ADD9 /* WorkoutRoutineConnection.graphql.swift */; };
		2895F377297365E60029ADD9 /* PageInfo.graphql.swift in Sources */ = {isa = PBXBuildFile; fileRef = 2895F346297365E60029ADD9 /* PageInfo.graphql.swift */; };
		2895F378297365E60029ADD9 /* Query.graphql.swift in Sources */ = {isa = PBXBuildFile; fileRef = 2895F347297365E60029ADD9 /* Query.graphql.swift */; };
		2895F379297365E60029ADD9 /* WorkoutSession.graphql.swift in Sources */ = {isa = PBXBuildFile; fileRef = 2895F348297365E60029ADD9 /* WorkoutSession.graphql.swift */; };
		2895F37A297365E60029ADD9 /* Exercise.graphql.swift in Sources */ = {isa = PBXBuildFile; fileRef = 2895F349297365E60029ADD9 /* Exercise.graphql.swift */; };
		2895F37B297365E60029ADD9 /* SchemaConfiguration.swift in Sources */ = {isa = PBXBuildFile; fileRef = 2895F34A297365E60029ADD9 /* SchemaConfiguration.swift */; };
		2895F37C297365E60029ADD9 /* LoginInput.graphql.swift in Sources */ = {isa = PBXBuildFile; fileRef = 2895F34C297365E60029ADD9 /* LoginInput.graphql.swift */; };
		2895F37D297365E60029ADD9 /* UpdateExerciseRoutineInput.graphql.swift in Sources */ = {isa = PBXBuildFile; fileRef = 2895F34D297365E60029ADD9 /* UpdateExerciseRoutineInput.graphql.swift */; };
		2895F37E297365E60029ADD9 /* SetEntryInput.graphql.swift in Sources */ = {isa = PBXBuildFile; fileRef = 2895F34E297365E60029ADD9 /* SetEntryInput.graphql.swift */; };
		2895F37F297365E60029ADD9 /* SignupInput.graphql.swift in Sources */ = {isa = PBXBuildFile; fileRef = 2895F34F297365E60029ADD9 /* SignupInput.graphql.swift */; };
		2895F380297365E60029ADD9 /* UpdateWorkoutRoutineInput.graphql.swift in Sources */ = {isa = PBXBuildFile; fileRef = 2895F350297365E60029ADD9 /* UpdateWorkoutRoutineInput.graphql.swift */; };
		2895F381297365E60029ADD9 /* ExerciseInput.graphql.swift in Sources */ = {isa = PBXBuildFile; fileRef = 2895F351297365E60029ADD9 /* ExerciseInput.graphql.swift */; };
		2895F382297365E60029ADD9 /* ExerciseRoutineInput.graphql.swift in Sources */ = {isa = PBXBuildFile; fileRef = 2895F352297365E60029ADD9 /* ExerciseRoutineInput.graphql.swift */; };
		2895F383297365E60029ADD9 /* WorkoutRoutineInput.graphql.swift in Sources */ = {isa = PBXBuildFile; fileRef = 2895F353297365E60029ADD9 /* WorkoutRoutineInput.graphql.swift */; };
		2895F384297365E60029ADD9 /* WorkoutSessionInput.graphql.swift in Sources */ = {isa = PBXBuildFile; fileRef = 2895F354297365E60029ADD9 /* WorkoutSessionInput.graphql.swift */; };
		2895F385297365E60029ADD9 /* SchemaMetadata.graphql.swift in Sources */ = {isa = PBXBuildFile; fileRef = 2895F355297365E60029ADD9 /* SchemaMetadata.graphql.swift */; };
		2895F386297365E60029ADD9 /* WorkoutLoggerAPI.graphql.swift in Sources */ = {isa = PBXBuildFile; fileRef = 2895F356297365E60029ADD9 /* WorkoutLoggerAPI.graphql.swift */; };
		289A54D029550F3900DDED7D /* SelectExerciseRoutine.swift in Sources */ = {isa = PBXBuildFile; fileRef = 289A54CF29550F3900DDED7D /* SelectExerciseRoutine.swift */; };
		289A54D32955116F00DDED7D /* ExerciseRoutineViewModel.swift in Sources */ = {isa = PBXBuildFile; fileRef = 289A54D22955116F00DDED7D /* ExerciseRoutineViewModel.swift */; };
		289CFDF1292836C100BE6773 /* Login.View.swift in Sources */ = {isa = PBXBuildFile; fileRef = 289CFDF0292836C100BE6773 /* Login.View.swift */; };
		289CFDF3292836D400BE6773 /* Login.ViewModel.swift in Sources */ = {isa = PBXBuildFile; fileRef = 289CFDF2292836D400BE6773 /* Login.ViewModel.swift */; };
		289CFDFE292859BB00BE6773 /* Types.swift in Sources */ = {isa = PBXBuildFile; fileRef = 289CFDFD292859BB00BE6773 /* Types.swift */; };
		289F155E2939B90F0074BBE8 /* EditWorkoutName.View.swift in Sources */ = {isa = PBXBuildFile; fileRef = 289F155D2939B90F0074BBE8 /* EditWorkoutName.View.swift */; };
		289F15602939F7830074BBE8 /* WorkoutSessionListItem.View.swift in Sources */ = {isa = PBXBuildFile; fileRef = 289F155F2939F7830074BBE8 /* WorkoutSessionListItem.View.swift */; };
		289F156A2939FAB30074BBE8 /* WorkoutSession.ViewModel.swift in Sources */ = {isa = PBXBuildFile; fileRef = 289F15692939FAB30074BBE8 /* WorkoutSession.ViewModel.swift */; };
		28AB6E2E296FE2FB00EF7267 /* MutableWorkoutRoutineDetails.graphql in Resources */ = {isa = PBXBuildFile; fileRef = 28AB6E2D296FE2FB00EF7267 /* MutableWorkoutRoutineDetails.graphql */; };
		28B2BD54296BAC2300660C06 /* Exercise.ViewModel.swift in Sources */ = {isa = PBXBuildFile; fileRef = 28B2BD53296BAC2300660C06 /* Exercise.ViewModel.swift */; };
		28B2BD56296BAE8500660C06 /* AddSetEntryMutation.graphql in Resources */ = {isa = PBXBuildFile; fileRef = 28B2BD55296BAE8400660C06 /* AddSetEntryMutation.graphql */; };
		28B344A7296E6F290076FE50 /* EditExerciseRoutineList.View.swift in Sources */ = {isa = PBXBuildFile; fileRef = 28B344A6296E6F290076FE50 /* EditExerciseRoutineList.View.swift */; };
		28BF4E5C294EC66700AB8E49 /* EditableExercise.swift in Sources */ = {isa = PBXBuildFile; fileRef = 28BF4E5B294EC66700AB8E49 /* EditableExercise.swift */; };
		28C2EDFF292DA5C1000BE3EB /* InterceptorProvider.swift in Sources */ = {isa = PBXBuildFile; fileRef = 28C2EDFE292DA5C1000BE3EB /* InterceptorProvider.swift */; };
		28C2EE07292DF2E4000BE3EB /* Errors.swift in Sources */ = {isa = PBXBuildFile; fileRef = 28C2EE06292DF2E4000BE3EB /* Errors.swift */; };
		28C9C9D129426B4C00ED77C3 /* EditWorkoutSession.swift in Sources */ = {isa = PBXBuildFile; fileRef = 28C9C9D029426B4C00ED77C3 /* EditWorkoutSession.swift */; };
		28DBDC74296D1DD8001B8815 /* LocalCacheMutator.swift in Sources */ = {isa = PBXBuildFile; fileRef = 28DBDC73296D1DD7001B8815 /* LocalCacheMutator.swift */; };
		28E03C5529401E8900B38824 /* PullToRefresh.swift in Sources */ = {isa = PBXBuildFile; fileRef = 28E03C5429401E8900B38824 /* PullToRefresh.swift */; };
		28E03C612941AB7000B38824 /* AddWorkoutSession.View.swift in Sources */ = {isa = PBXBuildFile; fileRef = 28E03C602941AB7000B38824 /* AddWorkoutSession.View.swift */; };
		28F14021293DCF8C00DF6857 /* Workout.ViewModel.swift in Sources */ = {isa = PBXBuildFile; fileRef = 28F14020293DCF8C00DF6857 /* Workout.ViewModel.swift */; };
/* End PBXBuildFile section */

/* Begin PBXContainerItemProxy section */
		2895BB59292626A700A16CF8 /* PBXContainerItemProxy */ = {
			isa = PBXContainerItemProxy;
			containerPortal = 2895BB40292626A500A16CF8 /* Project object */;
			proxyType = 1;
			remoteGlobalIDString = 2895BB47292626A500A16CF8;
			remoteInfo = WorkoutLogger;
		};
		2895BB63292626A700A16CF8 /* PBXContainerItemProxy */ = {
			isa = PBXContainerItemProxy;
			containerPortal = 2895BB40292626A500A16CF8 /* Project object */;
			proxyType = 1;
			remoteGlobalIDString = 2895BB47292626A500A16CF8;
			remoteInfo = WorkoutLogger;
		};
/* End PBXContainerItemProxy section */

/* Begin PBXFileReference section */
		280378CF29713EEA00A0A8E2 /* MutableExerciseRoutineDetails.graphql */ = {isa = PBXFileReference; lastKnownFileType = text; path = MutableExerciseRoutineDetails.graphql; sourceTree = "<group>"; };
		280874092938732C00443453 /* EditWorkout.View.swift */ = {isa = PBXFileReference; lastKnownFileType = sourcecode.swift; path = EditWorkout.View.swift; sourceTree = "<group>"; };
		2809EF5A2926EB0200D0FF5B /* Signup.View.swift */ = {isa = PBXFileReference; lastKnownFileType = sourcecode.swift; path = Signup.View.swift; sourceTree = "<group>"; };
		2809EF5C2926EDA100D0FF5B /* Signup.ViewModel.swift */ = {isa = PBXFileReference; lastKnownFileType = sourcecode.swift; path = Signup.ViewModel.swift; sourceTree = "<group>"; };
		2809EF652926F10C00D0FF5B /* AuthService.swift */ = {isa = PBXFileReference; lastKnownFileType = sourcecode.swift; path = AuthService.swift; sourceTree = "<group>"; };
		280B6A3629297D8A004D0F16 /* KeychainService.swift */ = {isa = PBXFileReference; lastKnownFileType = sourcecode.swift; path = KeychainService.swift; sourceTree = "<group>"; };
		280B6A3829297FAA004D0F16 /* Auth.swift */ = {isa = PBXFileReference; lastKnownFileType = sourcecode.swift; path = Auth.swift; sourceTree = "<group>"; };
		281C66D9296A73A200906212 /* ExerciseDetails.graphql */ = {isa = PBXFileReference; lastKnownFileType = text; path = ExerciseDetails.graphql; sourceTree = "<group>"; };
		281C66DB296A73C900906212 /* SetEntryFull.graphql */ = {isa = PBXFileReference; lastKnownFileType = text; path = SetEntryFull.graphql; sourceTree = "<group>"; };
		283DAA1C2936AC0300AB2C18 /* Config.swift */ = {isa = PBXFileReference; lastKnownFileType = sourcecode.swift; path = Config.swift; sourceTree = "<group>"; };
		283DAA272936DC7100AB2C18 /* ExerciseRoutineList.View.swift */ = {isa = PBXFileReference; lastKnownFileType = sourcecode.swift; path = ExerciseRoutineList.View.swift; sourceTree = "<group>"; };
		283DAA292936DCC000AB2C18 /* WorkoutListItem.View.swift */ = {isa = PBXFileReference; lastKnownFileType = sourcecode.swift; path = WorkoutListItem.View.swift; sourceTree = "<group>"; };
		283DAA2F2937295800AB2C18 /* WorkoutDetails.View.swift */ = {isa = PBXFileReference; lastKnownFileType = sourcecode.swift; path = WorkoutDetails.View.swift; sourceTree = "<group>"; };
		283DAA312938118A00AB2C18 /* ExerciseRoutineListItem.View.swift */ = {isa = PBXFileReference; lastKnownFileType = sourcecode.swift; path = ExerciseRoutineListItem.View.swift; sourceTree = "<group>"; };
		2841B8372934793B00B4AC76 /* ButtonStyles.swift */ = {isa = PBXFileReference; lastKnownFileType = sourcecode.swift; path = ButtonStyles.swift; sourceTree = "<group>"; };
		2841B83B29347D1B00B4AC76 /* CustomColors.swift */ = {isa = PBXFileReference; lastKnownFileType = sourcecode.swift; path = CustomColors.swift; sourceTree = "<group>"; };
		2841B8412935851100B4AC76 /* TextStyles.swift */ = {isa = PBXFileReference; lastKnownFileType = sourcecode.swift; path = TextStyles.swift; sourceTree = "<group>"; };
		28533293292ABBE700BACB6A /* ContentView.swift */ = {isa = PBXFileReference; lastKnownFileType = sourcecode.swift; path = ContentView.swift; sourceTree = "<group>"; };
		28533295292ABD7A00BACB6A /* HomeTabView.swift */ = {isa = PBXFileReference; lastKnownFileType = sourcecode.swift; path = HomeTabView.swift; sourceTree = "<group>"; };
		28533299292ABE3300BACB6A /* WorkoutSessionList.View.swift */ = {isa = PBXFileReference; lastKnownFileType = sourcecode.swift; path = WorkoutSessionList.View.swift; sourceTree = "<group>"; };
		2853329B292ABE4300BACB6A /* WorkoutList.View.swift */ = {isa = PBXFileReference; lastKnownFileType = sourcecode.swift; path = WorkoutList.View.swift; sourceTree = "<group>"; };
		2853329E292ABF8D00BACB6A /* ProfileView.swift */ = {isa = PBXFileReference; lastKnownFileType = sourcecode.swift; path = ProfileView.swift; sourceTree = "<group>"; };
		285332A1292AE9A000BACB6A /* AuthenticationProvider.swift */ = {isa = PBXFileReference; lastKnownFileType = sourcecode.swift; path = AuthenticationProvider.swift; sourceTree = "<group>"; };
		2858C562292B4088008DEA17 /* CreateWorkout.View.swift */ = {isa = PBXFileReference; lastKnownFileType = sourcecode.swift; path = CreateWorkout.View.swift; sourceTree = "<group>"; };
		2858C566292C0673008DEA17 /* WorkoutLoggerAPIService.swift */ = {isa = PBXFileReference; lastKnownFileType = sourcecode.swift; path = WorkoutLoggerAPIService.swift; sourceTree = "<group>"; };
		2858C573292D67FB008DEA17 /* Interceptor.swift */ = {isa = PBXFileReference; lastKnownFileType = sourcecode.swift; path = Interceptor.swift; sourceTree = "<group>"; };
		2858C575292D6918008DEA17 /* Client.swift */ = {isa = PBXFileReference; lastKnownFileType = sourcecode.swift; path = Client.swift; sourceTree = "<group>"; };
		2864844829369B6C00918D88 /* UserViewModel.swift */ = {isa = PBXFileReference; lastKnownFileType = sourcecode.swift; path = UserViewModel.swift; sourceTree = "<group>"; };
		2865A80C293AC21700020C7A /* WorkoutSessionParser.swift */ = {isa = PBXFileReference; lastKnownFileType = sourcecode.swift; path = WorkoutSessionParser.swift; sourceTree = "<group>"; };
		2865A812293B274600020C7A /* AddExerciseRoutineAlert.View.swift */ = {isa = PBXFileReference; lastKnownFileType = sourcecode.swift; path = AddExerciseRoutineAlert.View.swift; sourceTree = "<group>"; };
		2887CFFE2969437400B673A1 /* schema.graphqls */ = {isa = PBXFileReference; fileEncoding = 4; lastKnownFileType = text; path = schema.graphqls; sourceTree = "<group>"; };
		2887D0012969437400B673A1 /* AddWorkoutSessionMutation.graphql */ = {isa = PBXFileReference; fileEncoding = 4; lastKnownFileType = text; path = AddWorkoutSessionMutation.graphql; sourceTree = "<group>"; };
		2887D0022969437400B673A1 /* UpdateWorkoutRoutineMutation.graphql */ = {isa = PBXFileReference; fileEncoding = 4; lastKnownFileType = text; path = UpdateWorkoutRoutineMutation.graphql; sourceTree = "<group>"; };
		2887D0032969437400B673A1 /* DeleteWorkoutRoutineMutation.graphql */ = {isa = PBXFileReference; fileEncoding = 4; lastKnownFileType = text; path = DeleteWorkoutRoutineMutation.graphql; sourceTree = "<group>"; };
		2887D0042969437400B673A1 /* SignupMutation.graphql */ = {isa = PBXFileReference; fileEncoding = 4; lastKnownFileType = text; path = SignupMutation.graphql; sourceTree = "<group>"; };
		2887D0052969437400B673A1 /* RefreshMutation.graphql */ = {isa = PBXFileReference; fileEncoding = 4; lastKnownFileType = text; path = RefreshMutation.graphql; sourceTree = "<group>"; };
		2887D0062969437400B673A1 /* LoginMutation.graphql */ = {isa = PBXFileReference; fileEncoding = 4; lastKnownFileType = text; path = LoginMutation.graphql; sourceTree = "<group>"; };
		2887D0072969437400B673A1 /* CreateWorkoutRoutine.graphql */ = {isa = PBXFileReference; fileEncoding = 4; lastKnownFileType = text; path = CreateWorkoutRoutine.graphql; sourceTree = "<group>"; };
		2887D0082969437400B673A1 /* GetWorkoutSession.graphql */ = {isa = PBXFileReference; fileEncoding = 4; lastKnownFileType = text; path = GetWorkoutSession.graphql; sourceTree = "<group>"; };
		2887D0092969437400B673A1 /* AddExerciseMutation.graphql */ = {isa = PBXFileReference; fileEncoding = 4; lastKnownFileType = text; path = AddExerciseMutation.graphql; sourceTree = "<group>"; };
		2887D00B2969437400B673A1 /* ExerciseRoutines.graphql */ = {isa = PBXFileReference; fileEncoding = 4; lastKnownFileType = text; path = ExerciseRoutines.graphql; sourceTree = "<group>"; };
		2887D00C2969437400B673A1 /* WorkoutRoutines.graphql */ = {isa = PBXFileReference; fileEncoding = 4; lastKnownFileType = text; path = WorkoutRoutines.graphql; sourceTree = "<group>"; };
		2887D00D2969437400B673A1 /* WorkoutRoutine.graphql */ = {isa = PBXFileReference; fileEncoding = 4; lastKnownFileType = text; path = WorkoutRoutine.graphql; sourceTree = "<group>"; };
		2887D00E2969437400B673A1 /* WorkoutSessions.graphql */ = {isa = PBXFileReference; fileEncoding = 4; lastKnownFileType = text; path = WorkoutSessions.graphql; sourceTree = "<group>"; };
		2887D00F2969437400B673A1 /* WorkoutSessionFull.graphql */ = {isa = PBXFileReference; fileEncoding = 4; lastKnownFileType = text; path = WorkoutSessionFull.graphql; sourceTree = "<group>"; };
		2887D0102969437400B673A1 /* ExerciseRoutineFull.graphql */ = {isa = PBXFileReference; fileEncoding = 4; lastKnownFileType = text; path = ExerciseRoutineFull.graphql; sourceTree = "<group>"; };
		2887D0112969437400B673A1 /* WorkoutRoutineFull.graphql */ = {isa = PBXFileReference; fileEncoding = 4; lastKnownFileType = text; path = WorkoutRoutineFull.graphql; sourceTree = "<group>"; };
		2888DD0A2938A66B003F8905 /* EditExerciseRoutineListItem.View.swift */ = {isa = PBXFileReference; lastKnownFileType = sourcecode.swift; path = EditExerciseRoutineListItem.View.swift; sourceTree = "<group>"; };
		288A6E81294318DD008EFF7A /* EditWorkoutSessionViewModel.swift */ = {isa = PBXFileReference; lastKnownFileType = sourcecode.swift; path = EditWorkoutSessionViewModel.swift; sourceTree = "<group>"; };
		2895BB48292626A500A16CF8 /* WorkoutLogger.app */ = {isa = PBXFileReference; explicitFileType = wrapper.application; includeInIndex = 0; path = WorkoutLogger.app; sourceTree = BUILT_PRODUCTS_DIR; };
		2895BB4B292626A500A16CF8 /* WorkoutLoggerApp.swift */ = {isa = PBXFileReference; lastKnownFileType = sourcecode.swift; path = WorkoutLoggerApp.swift; sourceTree = "<group>"; };
		2895BB4F292626A600A16CF8 /* Assets.xcassets */ = {isa = PBXFileReference; lastKnownFileType = folder.assetcatalog; path = Assets.xcassets; sourceTree = "<group>"; };
		2895BB52292626A600A16CF8 /* Preview Assets.xcassets */ = {isa = PBXFileReference; lastKnownFileType = folder.assetcatalog; path = "Preview Assets.xcassets"; sourceTree = "<group>"; };
		2895BB58292626A700A16CF8 /* WorkoutLoggerTests.xctest */ = {isa = PBXFileReference; explicitFileType = wrapper.cfbundle; includeInIndex = 0; path = WorkoutLoggerTests.xctest; sourceTree = BUILT_PRODUCTS_DIR; };
		2895BB62292626A700A16CF8 /* WorkoutLoggerUITests.xctest */ = {isa = PBXFileReference; explicitFileType = wrapper.cfbundle; includeInIndex = 0; path = WorkoutLoggerUITests.xctest; sourceTree = BUILT_PRODUCTS_DIR; };
		2895BB66292626A700A16CF8 /* WorkoutLoggerUITests.swift */ = {isa = PBXFileReference; lastKnownFileType = sourcecode.swift; path = WorkoutLoggerUITests.swift; sourceTree = "<group>"; };
		2895BB68292626A700A16CF8 /* WorkoutLoggerUITestsLaunchTests.swift */ = {isa = PBXFileReference; lastKnownFileType = sourcecode.swift; path = WorkoutLoggerUITestsLaunchTests.swift; sourceTree = "<group>"; };
		2895F31F297365E60029ADD9 /* WorkoutSessionFull.graphql.swift */ = {isa = PBXFileReference; fileEncoding = 4; lastKnownFileType = sourcecode.swift; path = WorkoutSessionFull.graphql.swift; sourceTree = "<group>"; };
		2895F320297365E60029ADD9 /* ExerciseRoutineFull.graphql.swift */ = {isa = PBXFileReference; fileEncoding = 4; lastKnownFileType = sourcecode.swift; path = ExerciseRoutineFull.graphql.swift; sourceTree = "<group>"; };
		2895F321297365E60029ADD9 /* SetEntryFull.graphql.swift */ = {isa = PBXFileReference; fileEncoding = 4; lastKnownFileType = sourcecode.swift; path = SetEntryFull.graphql.swift; sourceTree = "<group>"; };
		2895F322297365E60029ADD9 /* WorkoutRoutineFull.graphql.swift */ = {isa = PBXFileReference; fileEncoding = 4; lastKnownFileType = sourcecode.swift; path = WorkoutRoutineFull.graphql.swift; sourceTree = "<group>"; };
		2895F323297365E60029ADD9 /* ExerciseDetails.graphql.swift */ = {isa = PBXFileReference; fileEncoding = 4; lastKnownFileType = sourcecode.swift; path = ExerciseDetails.graphql.swift; sourceTree = "<group>"; };
		2895F325297365E60029ADD9 /* MutableExerciseRoutineDetails.graphql.swift */ = {isa = PBXFileReference; fileEncoding = 4; lastKnownFileType = sourcecode.swift; path = MutableExerciseRoutineDetails.graphql.swift; sourceTree = "<group>"; };
		2895F326297365E60029ADD9 /* MutableWorkoutRoutineDetails.graphql.swift */ = {isa = PBXFileReference; fileEncoding = 4; lastKnownFileType = sourcecode.swift; path = MutableWorkoutRoutineDetails.graphql.swift; sourceTree = "<group>"; };
		2895F329297365E60029ADD9 /* AddExerciseMutation.graphql.swift */ = {isa = PBXFileReference; fileEncoding = 4; lastKnownFileType = sourcecode.swift; path = AddExerciseMutation.graphql.swift; sourceTree = "<group>"; };
		2895F32A297365E60029ADD9 /* DeleteWorkoutRoutineMutation.graphql.swift */ = {isa = PBXFileReference; fileEncoding = 4; lastKnownFileType = sourcecode.swift; path = DeleteWorkoutRoutineMutation.graphql.swift; sourceTree = "<group>"; };
		2895F32B297365E60029ADD9 /* AddSetMutation.graphql.swift */ = {isa = PBXFileReference; fileEncoding = 4; lastKnownFileType = sourcecode.swift; path = AddSetMutation.graphql.swift; sourceTree = "<group>"; };
		2895F32C297365E60029ADD9 /* CreateWorkoutRoutineMutation.graphql.swift */ = {isa = PBXFileReference; fileEncoding = 4; lastKnownFileType = sourcecode.swift; path = CreateWorkoutRoutineMutation.graphql.swift; sourceTree = "<group>"; };
		2895F32D297365E60029ADD9 /* LoginMutation.graphql.swift */ = {isa = PBXFileReference; fileEncoding = 4; lastKnownFileType = sourcecode.swift; path = LoginMutation.graphql.swift; sourceTree = "<group>"; };
		2895F32E297365E60029ADD9 /* AddWorkoutSessionMutation.graphql.swift */ = {isa = PBXFileReference; fileEncoding = 4; lastKnownFileType = sourcecode.swift; path = AddWorkoutSessionMutation.graphql.swift; sourceTree = "<group>"; };
		2895F32F297365E60029ADD9 /* UpdateWorkoutRoutineMutation.graphql.swift */ = {isa = PBXFileReference; fileEncoding = 4; lastKnownFileType = sourcecode.swift; path = UpdateWorkoutRoutineMutation.graphql.swift; sourceTree = "<group>"; };
		2895F330297365E60029ADD9 /* SignupMutation.graphql.swift */ = {isa = PBXFileReference; fileEncoding = 4; lastKnownFileType = sourcecode.swift; path = SignupMutation.graphql.swift; sourceTree = "<group>"; };
		2895F331297365E60029ADD9 /* RefreshAccessTokenMutation.graphql.swift */ = {isa = PBXFileReference; fileEncoding = 4; lastKnownFileType = sourcecode.swift; path = RefreshAccessTokenMutation.graphql.swift; sourceTree = "<group>"; };
		2895F333297365E60029ADD9 /* WorkoutRoutinesQuery.graphql.swift */ = {isa = PBXFileReference; fileEncoding = 4; lastKnownFileType = sourcecode.swift; path = WorkoutRoutinesQuery.graphql.swift; sourceTree = "<group>"; };
		2895F334297365E60029ADD9 /* WorkoutSessionQuery.graphql.swift */ = {isa = PBXFileReference; fileEncoding = 4; lastKnownFileType = sourcecode.swift; path = WorkoutSessionQuery.graphql.swift; sourceTree = "<group>"; };
		2895F335297365E60029ADD9 /* WorkoutRoutineQuery.graphql.swift */ = {isa = PBXFileReference; fileEncoding = 4; lastKnownFileType = sourcecode.swift; path = WorkoutRoutineQuery.graphql.swift; sourceTree = "<group>"; };
		2895F336297365E60029ADD9 /* WorkoutSessionsQuery.graphql.swift */ = {isa = PBXFileReference; fileEncoding = 4; lastKnownFileType = sourcecode.swift; path = WorkoutSessionsQuery.graphql.swift; sourceTree = "<group>"; };
		2895F337297365E60029ADD9 /* ExerciseRoutinesQuery.graphql.swift */ = {isa = PBXFileReference; fileEncoding = 4; lastKnownFileType = sourcecode.swift; path = ExerciseRoutinesQuery.graphql.swift; sourceTree = "<group>"; };
		2895F33A297365E60029ADD9 /* Time.swift */ = {isa = PBXFileReference; fileEncoding = 4; lastKnownFileType = sourcecode.swift; path = Time.swift; sourceTree = "<group>"; };
		2895F33C297365E60029ADD9 /* ExerciseRoutine.graphql.swift */ = {isa = PBXFileReference; fileEncoding = 4; lastKnownFileType = sourcecode.swift; path = ExerciseRoutine.graphql.swift; sourceTree = "<group>"; };
		2895F33D297365E60029ADD9 /* WorkoutSessionEdge.graphql.swift */ = {isa = PBXFileReference; fileEncoding = 4; lastKnownFileType = sourcecode.swift; path = WorkoutSessionEdge.graphql.swift; sourceTree = "<group>"; };
		2895F33E297365E60029ADD9 /* WorkoutSessionConnection.graphql.swift */ = {isa = PBXFileReference; fileEncoding = 4; lastKnownFileType = sourcecode.swift; path = WorkoutSessionConnection.graphql.swift; sourceTree = "<group>"; };
		2895F33F297365E60029ADD9 /* SetEntry.graphql.swift */ = {isa = PBXFileReference; fileEncoding = 4; lastKnownFileType = sourcecode.swift; path = SetEntry.graphql.swift; sourceTree = "<group>"; };
		2895F340297365E60029ADD9 /* WorkoutRoutine.graphql.swift */ = {isa = PBXFileReference; fileEncoding = 4; lastKnownFileType = sourcecode.swift; path = WorkoutRoutine.graphql.swift; sourceTree = "<group>"; };
		2895F341297365E60029ADD9 /* WorkoutRoutineEdge.graphql.swift */ = {isa = PBXFileReference; fileEncoding = 4; lastKnownFileType = sourcecode.swift; path = WorkoutRoutineEdge.graphql.swift; sourceTree = "<group>"; };
		2895F342297365E60029ADD9 /* AuthResult.graphql.swift */ = {isa = PBXFileReference; fileEncoding = 4; lastKnownFileType = sourcecode.swift; path = AuthResult.graphql.swift; sourceTree = "<group>"; };
		2895F343297365E60029ADD9 /* RefreshSuccess.graphql.swift */ = {isa = PBXFileReference; fileEncoding = 4; lastKnownFileType = sourcecode.swift; path = RefreshSuccess.graphql.swift; sourceTree = "<group>"; };
		2895F344297365E60029ADD9 /* Mutation.graphql.swift */ = {isa = PBXFileReference; fileEncoding = 4; lastKnownFileType = sourcecode.swift; path = Mutation.graphql.swift; sourceTree = "<group>"; };
		2895F345297365E60029ADD9 /* WorkoutRoutineConnection.graphql.swift */ = {isa = PBXFileReference; fileEncoding = 4; lastKnownFileType = sourcecode.swift; path = WorkoutRoutineConnection.graphql.swift; sourceTree = "<group>"; };
		2895F346297365E60029ADD9 /* PageInfo.graphql.swift */ = {isa = PBXFileReference; fileEncoding = 4; lastKnownFileType = sourcecode.swift; path = PageInfo.graphql.swift; sourceTree = "<group>"; };
		2895F347297365E60029ADD9 /* Query.graphql.swift */ = {isa = PBXFileReference; fileEncoding = 4; lastKnownFileType = sourcecode.swift; path = Query.graphql.swift; sourceTree = "<group>"; };
		2895F348297365E60029ADD9 /* WorkoutSession.graphql.swift */ = {isa = PBXFileReference; fileEncoding = 4; lastKnownFileType = sourcecode.swift; path = WorkoutSession.graphql.swift; sourceTree = "<group>"; };
		2895F349297365E60029ADD9 /* Exercise.graphql.swift */ = {isa = PBXFileReference; fileEncoding = 4; lastKnownFileType = sourcecode.swift; path = Exercise.graphql.swift; sourceTree = "<group>"; };
		2895F34A297365E60029ADD9 /* SchemaConfiguration.swift */ = {isa = PBXFileReference; fileEncoding = 4; lastKnownFileType = sourcecode.swift; path = SchemaConfiguration.swift; sourceTree = "<group>"; };
		2895F34C297365E60029ADD9 /* LoginInput.graphql.swift */ = {isa = PBXFileReference; fileEncoding = 4; lastKnownFileType = sourcecode.swift; path = LoginInput.graphql.swift; sourceTree = "<group>"; };
		2895F34D297365E60029ADD9 /* UpdateExerciseRoutineInput.graphql.swift */ = {isa = PBXFileReference; fileEncoding = 4; lastKnownFileType = sourcecode.swift; path = UpdateExerciseRoutineInput.graphql.swift; sourceTree = "<group>"; };
		2895F34E297365E60029ADD9 /* SetEntryInput.graphql.swift */ = {isa = PBXFileReference; fileEncoding = 4; lastKnownFileType = sourcecode.swift; path = SetEntryInput.graphql.swift; sourceTree = "<group>"; };
		2895F34F297365E60029ADD9 /* SignupInput.graphql.swift */ = {isa = PBXFileReference; fileEncoding = 4; lastKnownFileType = sourcecode.swift; path = SignupInput.graphql.swift; sourceTree = "<group>"; };
		2895F350297365E60029ADD9 /* UpdateWorkoutRoutineInput.graphql.swift */ = {isa = PBXFileReference; fileEncoding = 4; lastKnownFileType = sourcecode.swift; path = UpdateWorkoutRoutineInput.graphql.swift; sourceTree = "<group>"; };
		2895F351297365E60029ADD9 /* ExerciseInput.graphql.swift */ = {isa = PBXFileReference; fileEncoding = 4; lastKnownFileType = sourcecode.swift; path = ExerciseInput.graphql.swift; sourceTree = "<group>"; };
		2895F352297365E60029ADD9 /* ExerciseRoutineInput.graphql.swift */ = {isa = PBXFileReference; fileEncoding = 4; lastKnownFileType = sourcecode.swift; path = ExerciseRoutineInput.graphql.swift; sourceTree = "<group>"; };
		2895F353297365E60029ADD9 /* WorkoutRoutineInput.graphql.swift */ = {isa = PBXFileReference; fileEncoding = 4; lastKnownFileType = sourcecode.swift; path = WorkoutRoutineInput.graphql.swift; sourceTree = "<group>"; };
		2895F354297365E60029ADD9 /* WorkoutSessionInput.graphql.swift */ = {isa = PBXFileReference; fileEncoding = 4; lastKnownFileType = sourcecode.swift; path = WorkoutSessionInput.graphql.swift; sourceTree = "<group>"; };
		2895F355297365E60029ADD9 /* SchemaMetadata.graphql.swift */ = {isa = PBXFileReference; fileEncoding = 4; lastKnownFileType = sourcecode.swift; path = SchemaMetadata.graphql.swift; sourceTree = "<group>"; };
		2895F356297365E60029ADD9 /* WorkoutLoggerAPI.graphql.swift */ = {isa = PBXFileReference; fileEncoding = 4; lastKnownFileType = sourcecode.swift; path = WorkoutLoggerAPI.graphql.swift; sourceTree = "<group>"; };
		289A54CF29550F3900DDED7D /* SelectExerciseRoutine.swift */ = {isa = PBXFileReference; lastKnownFileType = sourcecode.swift; path = SelectExerciseRoutine.swift; sourceTree = "<group>"; };
		289A54D22955116F00DDED7D /* ExerciseRoutineViewModel.swift */ = {isa = PBXFileReference; lastKnownFileType = sourcecode.swift; path = ExerciseRoutineViewModel.swift; sourceTree = "<group>"; };
		289CFDF0292836C100BE6773 /* Login.View.swift */ = {isa = PBXFileReference; lastKnownFileType = sourcecode.swift; path = Login.View.swift; sourceTree = "<group>"; };
		289CFDF2292836D400BE6773 /* Login.ViewModel.swift */ = {isa = PBXFileReference; lastKnownFileType = sourcecode.swift; path = Login.ViewModel.swift; sourceTree = "<group>"; };
		289CFDFD292859BB00BE6773 /* Types.swift */ = {isa = PBXFileReference; lastKnownFileType = sourcecode.swift; path = Types.swift; sourceTree = "<group>"; };
		289F155D2939B90F0074BBE8 /* EditWorkoutName.View.swift */ = {isa = PBXFileReference; lastKnownFileType = sourcecode.swift; path = EditWorkoutName.View.swift; sourceTree = "<group>"; };
		289F155F2939F7830074BBE8 /* WorkoutSessionListItem.View.swift */ = {isa = PBXFileReference; lastKnownFileType = sourcecode.swift; path = WorkoutSessionListItem.View.swift; sourceTree = "<group>"; };
		289F15692939FAB30074BBE8 /* WorkoutSession.ViewModel.swift */ = {isa = PBXFileReference; lastKnownFileType = sourcecode.swift; path = WorkoutSession.ViewModel.swift; sourceTree = "<group>"; };
		28AB6E2D296FE2FB00EF7267 /* MutableWorkoutRoutineDetails.graphql */ = {isa = PBXFileReference; lastKnownFileType = text; path = MutableWorkoutRoutineDetails.graphql; sourceTree = "<group>"; };
		28B2BD53296BAC2300660C06 /* Exercise.ViewModel.swift */ = {isa = PBXFileReference; lastKnownFileType = sourcecode.swift; path = Exercise.ViewModel.swift; sourceTree = "<group>"; };
		28B2BD55296BAE8400660C06 /* AddSetEntryMutation.graphql */ = {isa = PBXFileReference; lastKnownFileType = text; path = AddSetEntryMutation.graphql; sourceTree = "<group>"; };
		28B344A6296E6F290076FE50 /* EditExerciseRoutineList.View.swift */ = {isa = PBXFileReference; lastKnownFileType = sourcecode.swift; path = EditExerciseRoutineList.View.swift; sourceTree = "<group>"; };
		28BF4E5B294EC66700AB8E49 /* EditableExercise.swift */ = {isa = PBXFileReference; lastKnownFileType = sourcecode.swift; path = EditableExercise.swift; sourceTree = "<group>"; };
		28C2EDFE292DA5C1000BE3EB /* InterceptorProvider.swift */ = {isa = PBXFileReference; lastKnownFileType = sourcecode.swift; path = InterceptorProvider.swift; sourceTree = "<group>"; };
		28C2EE06292DF2E4000BE3EB /* Errors.swift */ = {isa = PBXFileReference; lastKnownFileType = sourcecode.swift; path = Errors.swift; sourceTree = "<group>"; };
		28C9C9D029426B4C00ED77C3 /* EditWorkoutSession.swift */ = {isa = PBXFileReference; lastKnownFileType = sourcecode.swift; path = EditWorkoutSession.swift; sourceTree = "<group>"; };
		28DBDC73296D1DD7001B8815 /* LocalCacheMutator.swift */ = {isa = PBXFileReference; lastKnownFileType = sourcecode.swift; path = LocalCacheMutator.swift; sourceTree = "<group>"; };
		28E03C5429401E8900B38824 /* PullToRefresh.swift */ = {isa = PBXFileReference; lastKnownFileType = sourcecode.swift; path = PullToRefresh.swift; sourceTree = "<group>"; };
		28E03C602941AB7000B38824 /* AddWorkoutSession.View.swift */ = {isa = PBXFileReference; lastKnownFileType = sourcecode.swift; path = AddWorkoutSession.View.swift; sourceTree = "<group>"; };
		28F14020293DCF8C00DF6857 /* Workout.ViewModel.swift */ = {isa = PBXFileReference; lastKnownFileType = sourcecode.swift; path = Workout.ViewModel.swift; sourceTree = "<group>"; };
/* End PBXFileReference section */

/* Begin PBXFrameworksBuildPhase section */
		2895BB45292626A500A16CF8 /* Frameworks */ = {
			isa = PBXFrameworksBuildPhase;
			buildActionMask = 2147483647;
			files = (
				28929B9329693B32002CED00 /* Apollo in Frameworks */,
			);
			runOnlyForDeploymentPostprocessing = 0;
		};
		2895BB55292626A700A16CF8 /* Frameworks */ = {
			isa = PBXFrameworksBuildPhase;
			buildActionMask = 2147483647;
			files = (
			);
			runOnlyForDeploymentPostprocessing = 0;
		};
		2895BB5F292626A700A16CF8 /* Frameworks */ = {
			isa = PBXFrameworksBuildPhase;
			buildActionMask = 2147483647;
			files = (
			);
			runOnlyForDeploymentPostprocessing = 0;
		};
/* End PBXFrameworksBuildPhase section */

/* Begin PBXGroup section */
		2809EF552926EA3E00D0FF5B /* Features */ = {
			isa = PBXGroup;
			children = (
				28BF4E5A294EC5F300AB8E49 /* Exercises */,
				283DAA262936DC5B00AB2C18 /* ExerciseRoutines */,
				28533298292ABDCB00BACB6A /* Workouts */,
				28533297292ABDB200BACB6A /* WorkoutSessions */,
				280B6A3B2929B6C7004D0F16 /* Home */,
				2853329D292ABF8400BACB6A /* Profile */,
				289CFDEF292836B200BE6773 /* Login */,
				2809EF632926F0C300D0FF5B /* Signup */,
			);
			path = Features;
			sourceTree = "<group>";
		};
		2809EF562926EA4700D0FF5B /* General */ = {
			isa = PBXGroup;
			children = (
				2841B8372934793B00B4AC76 /* ButtonStyles.swift */,
				2841B8412935851100B4AC76 /* TextStyles.swift */,
				28E03C5429401E8900B38824 /* PullToRefresh.swift */,
			);
			path = General;
			sourceTree = "<group>";
		};
		2809EF632926F0C300D0FF5B /* Signup */ = {
			isa = PBXGroup;
			children = (
				2809EF5A2926EB0200D0FF5B /* Signup.View.swift */,
				2809EF5C2926EDA100D0FF5B /* Signup.ViewModel.swift */,
			);
			path = Signup;
			sourceTree = "<group>";
		};
		280B6A3B2929B6C7004D0F16 /* Home */ = {
			isa = PBXGroup;
			children = (
				28533295292ABD7A00BACB6A /* HomeTabView.swift */,
			);
			path = Home;
			sourceTree = "<group>";
		};
		283DAA262936DC5B00AB2C18 /* ExerciseRoutines */ = {
			isa = PBXGroup;
			children = (
				28B344A5296E6F0E0076FE50 /* Edit */,
				289A54CE29550F2500DDED7D /* Select */,
				28BF4E642952526700AB8E49 /* Add */,
				28BF4E622952522200AB8E49 /* List */,
				289A54D22955116F00DDED7D /* ExerciseRoutineViewModel.swift */,
			);
			path = ExerciseRoutines;
			sourceTree = "<group>";
		};
		28533297292ABDB200BACB6A /* WorkoutSessions */ = {
			isa = PBXGroup;
			children = (
				28BF4E662952533C00AB8E49 /* Edit */,
				28BF4E652952531400AB8E49 /* Add */,
				28BF4E60295250D300AB8E49 /* List */,
				289F15692939FAB30074BBE8 /* WorkoutSession.ViewModel.swift */,
				288A6E81294318DD008EFF7A /* EditWorkoutSessionViewModel.swift */,
			);
			path = WorkoutSessions;
			sourceTree = "<group>";
		};
		28533298292ABDCB00BACB6A /* Workouts */ = {
			isa = PBXGroup;
			children = (
				28BF4E612952515900AB8E49 /* Edit */,
				28BF4E5F2952506C00AB8E49 /* Create */,
				28BF4E5E2952502D00AB8E49 /* Detail */,
				28BF4E5D2952502500AB8E49 /* List */,
				28F14020293DCF8C00DF6857 /* Workout.ViewModel.swift */,
			);
			path = Workouts;
			sourceTree = "<group>";
		};
		2853329D292ABF8400BACB6A /* Profile */ = {
			isa = PBXGroup;
			children = (
				2853329E292ABF8D00BACB6A /* ProfileView.swift */,
				2864844829369B6C00918D88 /* UserViewModel.swift */,
			);
			path = Profile;
			sourceTree = "<group>";
		};
		2858C572292D67DE008DEA17 /* Network */ = {
			isa = PBXGroup;
			children = (
				2858C575292D6918008DEA17 /* Client.swift */,
				28C2EDFE292DA5C1000BE3EB /* InterceptorProvider.swift */,
				2858C573292D67FB008DEA17 /* Interceptor.swift */,
			);
			path = Network;
			sourceTree = "<group>";
		};
		2865A80B293AC1ED00020C7A /* Parser */ = {
			isa = PBXGroup;
			children = (
				2865A80C293AC21700020C7A /* WorkoutSessionParser.swift */,
			);
			path = Parser;
			sourceTree = "<group>";
		};
		2887CFFD2969437400B673A1 /* GraqhQL */ = {
			isa = PBXGroup;
			children = (
				2887CFFF2969437400B673A1 /* Fragments */,
				2887D0002969437400B673A1 /* Mutations */,
				28AB6E2C296FE10100EF7267 /* LocalCacheMutations */,
				2887D00A2969437400B673A1 /* Queries */,
				2887CFFE2969437400B673A1 /* schema.graphqls */,
			);
			path = GraqhQL;
			sourceTree = "<group>";
		};
		2887CFFF2969437400B673A1 /* Fragments */ = {
			isa = PBXGroup;
			children = (
				2887D00F2969437400B673A1 /* WorkoutSessionFull.graphql */,
				2887D0102969437400B673A1 /* ExerciseRoutineFull.graphql */,
				2887D0112969437400B673A1 /* WorkoutRoutineFull.graphql */,
				281C66D9296A73A200906212 /* ExerciseDetails.graphql */,
				281C66DB296A73C900906212 /* SetEntryFull.graphql */,
			);
			path = Fragments;
			sourceTree = "<group>";
		};
		2887D0002969437400B673A1 /* Mutations */ = {
			isa = PBXGroup;
			children = (
				2887D0012969437400B673A1 /* AddWorkoutSessionMutation.graphql */,
				2887D0022969437400B673A1 /* UpdateWorkoutRoutineMutation.graphql */,
				2887D0032969437400B673A1 /* DeleteWorkoutRoutineMutation.graphql */,
				2887D0042969437400B673A1 /* SignupMutation.graphql */,
				2887D0052969437400B673A1 /* RefreshMutation.graphql */,
				2887D0062969437400B673A1 /* LoginMutation.graphql */,
				2887D0072969437400B673A1 /* CreateWorkoutRoutine.graphql */,
				2887D0082969437400B673A1 /* GetWorkoutSession.graphql */,
				2887D0092969437400B673A1 /* AddExerciseMutation.graphql */,
				28B2BD55296BAE8400660C06 /* AddSetEntryMutation.graphql */,
			);
			path = Mutations;
			sourceTree = "<group>";
		};
		2887D00A2969437400B673A1 /* Queries */ = {
			isa = PBXGroup;
			children = (
				2887D00B2969437400B673A1 /* ExerciseRoutines.graphql */,
				2887D00C2969437400B673A1 /* WorkoutRoutines.graphql */,
				2887D00D2969437400B673A1 /* WorkoutRoutine.graphql */,
				2887D00E2969437400B673A1 /* WorkoutSessions.graphql */,
			);
			path = Queries;
			sourceTree = "<group>";
		};
		2895BB3F292626A500A16CF8 = {
			isa = PBXGroup;
			children = (
				2895BB4A292626A500A16CF8 /* WorkoutLogger */,
				2895BB5B292626A700A16CF8 /* WorkoutLoggerTests */,
				2895BB65292626A700A16CF8 /* WorkoutLoggerUITests */,
				2895BB49292626A500A16CF8 /* Products */,
			);
			sourceTree = "<group>";
		};
		2895BB49292626A500A16CF8 /* Products */ = {
			isa = PBXGroup;
			children = (
				2895BB48292626A500A16CF8 /* WorkoutLogger.app */,
				2895BB58292626A700A16CF8 /* WorkoutLoggerTests.xctest */,
				2895BB62292626A700A16CF8 /* WorkoutLoggerUITests.xctest */,
			);
			name = Products;
			sourceTree = "<group>";
		};
		2895BB4A292626A500A16CF8 /* WorkoutLogger */ = {
			isa = PBXGroup;
			children = (
				283DAA1C2936AC0300AB2C18 /* Config.swift */,
				2895BB4B292626A500A16CF8 /* WorkoutLoggerApp.swift */,
				2841B83B29347D1B00B4AC76 /* CustomColors.swift */,
				285332A1292AE9A000BACB6A /* AuthenticationProvider.swift */,
				28533293292ABBE700BACB6A /* ContentView.swift */,
				2865A80B293AC1ED00020C7A /* Parser */,
				2809EF562926EA4700D0FF5B /* General */,
				2809EF552926EA3E00D0FF5B /* Features */,
				289CFDF429283A9C00BE6773 /* Services */,
				2887CFFD2969437400B673A1 /* GraqhQL */,
				2895F31D297365E60029ADD9 /* WorkoutLoggerAPI */,
				28DBDC72296D1D88001B8815 /* LocalCacheMutator */,
				289CFDFC2928598B00BE6773 /* Types */,
				2858C572292D67DE008DEA17 /* Network */,
				2895BB4F292626A600A16CF8 /* Assets.xcassets */,
				2895BB51292626A600A16CF8 /* Preview Content */,
			);
			path = WorkoutLogger;
			sourceTree = "<group>";
		};
		2895BB51292626A600A16CF8 /* Preview Content */ = {
			isa = PBXGroup;
			children = (
				2895BB52292626A600A16CF8 /* Preview Assets.xcassets */,
			);
			path = "Preview Content";
			sourceTree = "<group>";
		};
		2895BB5B292626A700A16CF8 /* WorkoutLoggerTests */ = {
			isa = PBXGroup;
			children = (
			);
			path = WorkoutLoggerTests;
			sourceTree = "<group>";
		};
		2895BB65292626A700A16CF8 /* WorkoutLoggerUITests */ = {
			isa = PBXGroup;
			children = (
				2895BB66292626A700A16CF8 /* WorkoutLoggerUITests.swift */,
				2895BB68292626A700A16CF8 /* WorkoutLoggerUITestsLaunchTests.swift */,
			);
			path = WorkoutLoggerUITests;
			sourceTree = "<group>";
		};
		2895F31D297365E60029ADD9 /* WorkoutLoggerAPI */ = {
			isa = PBXGroup;
			children = (
				2895F31E297365E60029ADD9 /* Fragments */,
				2895F324297365E60029ADD9 /* LocalCacheMutations */,
				2895F327297365E60029ADD9 /* Operations */,
				2895F338297365E60029ADD9 /* Schema */,
				2895F356297365E60029ADD9 /* WorkoutLoggerAPI.graphql.swift */,
			);
			path = WorkoutLoggerAPI;
			sourceTree = "<group>";
		};
		2895F31E297365E60029ADD9 /* Fragments */ = {
			isa = PBXGroup;
			children = (
				2895F31F297365E60029ADD9 /* WorkoutSessionFull.graphql.swift */,
				2895F320297365E60029ADD9 /* ExerciseRoutineFull.graphql.swift */,
				2895F321297365E60029ADD9 /* SetEntryFull.graphql.swift */,
				2895F322297365E60029ADD9 /* WorkoutRoutineFull.graphql.swift */,
				2895F323297365E60029ADD9 /* ExerciseDetails.graphql.swift */,
			);
			path = Fragments;
			sourceTree = "<group>";
		};
		2895F324297365E60029ADD9 /* LocalCacheMutations */ = {
			isa = PBXGroup;
			children = (
				2895F325297365E60029ADD9 /* MutableExerciseRoutineDetails.graphql.swift */,
				2895F326297365E60029ADD9 /* MutableWorkoutRoutineDetails.graphql.swift */,
			);
			path = LocalCacheMutations;
			sourceTree = "<group>";
		};
		2895F327297365E60029ADD9 /* Operations */ = {
			isa = PBXGroup;
			children = (
				2895F328297365E60029ADD9 /* Mutations */,
				2895F332297365E60029ADD9 /* Queries */,
			);
			path = Operations;
			sourceTree = "<group>";
		};
		2895F328297365E60029ADD9 /* Mutations */ = {
			isa = PBXGroup;
			children = (
				2895F329297365E60029ADD9 /* AddExerciseMutation.graphql.swift */,
				2895F32A297365E60029ADD9 /* DeleteWorkoutRoutineMutation.graphql.swift */,
				2895F32B297365E60029ADD9 /* AddSetMutation.graphql.swift */,
				2895F32C297365E60029ADD9 /* CreateWorkoutRoutineMutation.graphql.swift */,
				2895F32D297365E60029ADD9 /* LoginMutation.graphql.swift */,
				2895F32E297365E60029ADD9 /* AddWorkoutSessionMutation.graphql.swift */,
				2895F32F297365E60029ADD9 /* UpdateWorkoutRoutineMutation.graphql.swift */,
				2895F330297365E60029ADD9 /* SignupMutation.graphql.swift */,
				2895F331297365E60029ADD9 /* RefreshAccessTokenMutation.graphql.swift */,
			);
			path = Mutations;
			sourceTree = "<group>";
		};
		2895F332297365E60029ADD9 /* Queries */ = {
			isa = PBXGroup;
			children = (
				2895F333297365E60029ADD9 /* WorkoutRoutinesQuery.graphql.swift */,
				2895F334297365E60029ADD9 /* WorkoutSessionQuery.graphql.swift */,
				2895F335297365E60029ADD9 /* WorkoutRoutineQuery.graphql.swift */,
				2895F336297365E60029ADD9 /* WorkoutSessionsQuery.graphql.swift */,
				2895F337297365E60029ADD9 /* ExerciseRoutinesQuery.graphql.swift */,
			);
			path = Queries;
			sourceTree = "<group>";
		};
		2895F338297365E60029ADD9 /* Schema */ = {
			isa = PBXGroup;
			children = (
				2895F339297365E60029ADD9 /* CustomScalars */,
				2895F33B297365E60029ADD9 /* Objects */,
				2895F34A297365E60029ADD9 /* SchemaConfiguration.swift */,
				2895F34B297365E60029ADD9 /* InputObjects */,
				2895F355297365E60029ADD9 /* SchemaMetadata.graphql.swift */,
			);
			path = Schema;
			sourceTree = "<group>";
		};
		2895F339297365E60029ADD9 /* CustomScalars */ = {
			isa = PBXGroup;
			children = (
				2895F33A297365E60029ADD9 /* Time.swift */,
			);
			path = CustomScalars;
			sourceTree = "<group>";
		};
		2895F33B297365E60029ADD9 /* Objects */ = {
			isa = PBXGroup;
			children = (
				2895F33C297365E60029ADD9 /* ExerciseRoutine.graphql.swift */,
				2895F33D297365E60029ADD9 /* WorkoutSessionEdge.graphql.swift */,
				2895F33E297365E60029ADD9 /* WorkoutSessionConnection.graphql.swift */,
				2895F33F297365E60029ADD9 /* SetEntry.graphql.swift */,
				2895F340297365E60029ADD9 /* WorkoutRoutine.graphql.swift */,
				2895F341297365E60029ADD9 /* WorkoutRoutineEdge.graphql.swift */,
				2895F342297365E60029ADD9 /* AuthResult.graphql.swift */,
				2895F343297365E60029ADD9 /* RefreshSuccess.graphql.swift */,
				2895F344297365E60029ADD9 /* Mutation.graphql.swift */,
				2895F345297365E60029ADD9 /* WorkoutRoutineConnection.graphql.swift */,
				2895F346297365E60029ADD9 /* PageInfo.graphql.swift */,
				2895F347297365E60029ADD9 /* Query.graphql.swift */,
				2895F348297365E60029ADD9 /* WorkoutSession.graphql.swift */,
				2895F349297365E60029ADD9 /* Exercise.graphql.swift */,
			);
			path = Objects;
			sourceTree = "<group>";
		};
		2895F34B297365E60029ADD9 /* InputObjects */ = {
			isa = PBXGroup;
			children = (
				2895F34C297365E60029ADD9 /* LoginInput.graphql.swift */,
				2895F34D297365E60029ADD9 /* UpdateExerciseRoutineInput.graphql.swift */,
				2895F34E297365E60029ADD9 /* SetEntryInput.graphql.swift */,
				2895F34F297365E60029ADD9 /* SignupInput.graphql.swift */,
				2895F350297365E60029ADD9 /* UpdateWorkoutRoutineInput.graphql.swift */,
				2895F351297365E60029ADD9 /* ExerciseInput.graphql.swift */,
				2895F352297365E60029ADD9 /* ExerciseRoutineInput.graphql.swift */,
				2895F353297365E60029ADD9 /* WorkoutRoutineInput.graphql.swift */,
				2895F354297365E60029ADD9 /* WorkoutSessionInput.graphql.swift */,
			);
			path = InputObjects;
			sourceTree = "<group>";
		};
		289A54CE29550F2500DDED7D /* Select */ = {
			isa = PBXGroup;
			children = (
				289A54CF29550F3900DDED7D /* SelectExerciseRoutine.swift */,
			);
			path = Select;
			sourceTree = "<group>";
		};
		289CFDEF292836B200BE6773 /* Login */ = {
			isa = PBXGroup;
			children = (
				289CFDF0292836C100BE6773 /* Login.View.swift */,
				289CFDF2292836D400BE6773 /* Login.ViewModel.swift */,
			);
			path = Login;
			sourceTree = "<group>";
		};
		289CFDF429283A9C00BE6773 /* Services */ = {
			isa = PBXGroup;
			children = (
				2809EF652926F10C00D0FF5B /* AuthService.swift */,
				2858C566292C0673008DEA17 /* WorkoutLoggerAPIService.swift */,
				280B6A3629297D8A004D0F16 /* KeychainService.swift */,
			);
			path = Services;
			sourceTree = "<group>";
		};
		289CFDFC2928598B00BE6773 /* Types */ = {
			isa = PBXGroup;
			children = (
				28C2EE06292DF2E4000BE3EB /* Errors.swift */,
				289CFDFD292859BB00BE6773 /* Types.swift */,
				280B6A3829297FAA004D0F16 /* Auth.swift */,
			);
			path = Types;
			sourceTree = "<group>";
		};
		28AB6E2C296FE10100EF7267 /* LocalCacheMutations */ = {
			isa = PBXGroup;
			children = (
				28AB6E2D296FE2FB00EF7267 /* MutableWorkoutRoutineDetails.graphql */,
				280378CF29713EEA00A0A8E2 /* MutableExerciseRoutineDetails.graphql */,
			);
			path = LocalCacheMutations;
			sourceTree = "<group>";
		};
		28B344A5296E6F0E0076FE50 /* Edit */ = {
			isa = PBXGroup;
			children = (
				28B344A6296E6F290076FE50 /* EditExerciseRoutineList.View.swift */,
				2888DD0A2938A66B003F8905 /* EditExerciseRoutineListItem.View.swift */,
			);
			path = Edit;
			sourceTree = "<group>";
		};
		28BF4E5A294EC5F300AB8E49 /* Exercises */ = {
			isa = PBXGroup;
			children = (
				28BF4E672952545000AB8E49 /* Edit */,
				28B2BD53296BAC2300660C06 /* Exercise.ViewModel.swift */,
			);
			path = Exercises;
			sourceTree = "<group>";
		};
		28BF4E5D2952502500AB8E49 /* List */ = {
			isa = PBXGroup;
			children = (
				2853329B292ABE4300BACB6A /* WorkoutList.View.swift */,
				283DAA292936DCC000AB2C18 /* WorkoutListItem.View.swift */,
			);
			path = List;
			sourceTree = "<group>";
		};
		28BF4E5E2952502D00AB8E49 /* Detail */ = {
			isa = PBXGroup;
			children = (
				283DAA2F2937295800AB2C18 /* WorkoutDetails.View.swift */,
			);
			path = Detail;
			sourceTree = "<group>";
		};
		28BF4E5F2952506C00AB8E49 /* Create */ = {
			isa = PBXGroup;
			children = (
				2858C562292B4088008DEA17 /* CreateWorkout.View.swift */,
			);
			path = Create;
			sourceTree = "<group>";
		};
		28BF4E60295250D300AB8E49 /* List */ = {
			isa = PBXGroup;
			children = (
				28533299292ABE3300BACB6A /* WorkoutSessionList.View.swift */,
				289F155F2939F7830074BBE8 /* WorkoutSessionListItem.View.swift */,
			);
			path = List;
			sourceTree = "<group>";
		};
		28BF4E612952515900AB8E49 /* Edit */ = {
			isa = PBXGroup;
			children = (
				280874092938732C00443453 /* EditWorkout.View.swift */,
				289F155D2939B90F0074BBE8 /* EditWorkoutName.View.swift */,
			);
			path = Edit;
			sourceTree = "<group>";
		};
		28BF4E622952522200AB8E49 /* List */ = {
			isa = PBXGroup;
			children = (
				283DAA272936DC7100AB2C18 /* ExerciseRoutineList.View.swift */,
				283DAA312938118A00AB2C18 /* ExerciseRoutineListItem.View.swift */,
			);
			path = List;
			sourceTree = "<group>";
		};
		28BF4E642952526700AB8E49 /* Add */ = {
			isa = PBXGroup;
			children = (
				2865A812293B274600020C7A /* AddExerciseRoutineAlert.View.swift */,
			);
			path = Add;
			sourceTree = "<group>";
		};
		28BF4E652952531400AB8E49 /* Add */ = {
			isa = PBXGroup;
			children = (
				28E03C602941AB7000B38824 /* AddWorkoutSession.View.swift */,
			);
			path = Add;
			sourceTree = "<group>";
		};
		28BF4E662952533C00AB8E49 /* Edit */ = {
			isa = PBXGroup;
			children = (
				28C9C9D029426B4C00ED77C3 /* EditWorkoutSession.swift */,
			);
			path = Edit;
			sourceTree = "<group>";
		};
		28BF4E672952545000AB8E49 /* Edit */ = {
			isa = PBXGroup;
			children = (
				28BF4E5B294EC66700AB8E49 /* EditableExercise.swift */,
			);
			path = Edit;
			sourceTree = "<group>";
		};
		28DBDC72296D1D88001B8815 /* LocalCacheMutator */ = {
			isa = PBXGroup;
			children = (
				28DBDC73296D1DD7001B8815 /* LocalCacheMutator.swift */,
			);
			path = LocalCacheMutator;
			sourceTree = "<group>";
		};
/* End PBXGroup section */

/* Begin PBXNativeTarget section */
		2895BB47292626A500A16CF8 /* WorkoutLogger */ = {
			isa = PBXNativeTarget;
			buildConfigurationList = 2895BB6C292626A700A16CF8 /* Build configuration list for PBXNativeTarget "WorkoutLogger" */;
			buildPhases = (
				2895BB44292626A500A16CF8 /* Sources */,
				2895BB45292626A500A16CF8 /* Frameworks */,
				2895BB46292626A500A16CF8 /* Resources */,
			);
			buildRules = (
			);
			dependencies = (
			);
			name = WorkoutLogger;
			packageProductDependencies = (
				28929B9229693B32002CED00 /* Apollo */,
			);
			productName = WorkoutLogger;
			productReference = 2895BB48292626A500A16CF8 /* WorkoutLogger.app */;
			productType = "com.apple.product-type.application";
		};
		2895BB57292626A700A16CF8 /* WorkoutLoggerTests */ = {
			isa = PBXNativeTarget;
			buildConfigurationList = 2895BB6F292626A700A16CF8 /* Build configuration list for PBXNativeTarget "WorkoutLoggerTests" */;
			buildPhases = (
				2895BB54292626A700A16CF8 /* Sources */,
				2895BB55292626A700A16CF8 /* Frameworks */,
				2895BB56292626A700A16CF8 /* Resources */,
			);
			buildRules = (
			);
			dependencies = (
				2895BB5A292626A700A16CF8 /* PBXTargetDependency */,
			);
			name = WorkoutLoggerTests;
			productName = WorkoutLoggerTests;
			productReference = 2895BB58292626A700A16CF8 /* WorkoutLoggerTests.xctest */;
			productType = "com.apple.product-type.bundle.unit-test";
		};
		2895BB61292626A700A16CF8 /* WorkoutLoggerUITests */ = {
			isa = PBXNativeTarget;
			buildConfigurationList = 2895BB72292626A700A16CF8 /* Build configuration list for PBXNativeTarget "WorkoutLoggerUITests" */;
			buildPhases = (
				2895BB5E292626A700A16CF8 /* Sources */,
				2895BB5F292626A700A16CF8 /* Frameworks */,
				2895BB60292626A700A16CF8 /* Resources */,
			);
			buildRules = (
			);
			dependencies = (
				2895BB64292626A700A16CF8 /* PBXTargetDependency */,
			);
			name = WorkoutLoggerUITests;
			productName = WorkoutLoggerUITests;
			productReference = 2895BB62292626A700A16CF8 /* WorkoutLoggerUITests.xctest */;
			productType = "com.apple.product-type.bundle.ui-testing";
		};
/* End PBXNativeTarget section */

/* Begin PBXProject section */
		2895BB40292626A500A16CF8 /* Project object */ = {
			isa = PBXProject;
			attributes = {
				BuildIndependentTargetsInParallel = 1;
				LastSwiftUpdateCheck = 1410;
				LastUpgradeCheck = 1410;
				TargetAttributes = {
					2895BB47292626A500A16CF8 = {
						CreatedOnToolsVersion = 14.1;
					};
					2895BB57292626A700A16CF8 = {
						CreatedOnToolsVersion = 14.1;
						TestTargetID = 2895BB47292626A500A16CF8;
					};
					2895BB61292626A700A16CF8 = {
						CreatedOnToolsVersion = 14.1;
						TestTargetID = 2895BB47292626A500A16CF8;
					};
				};
			};
			buildConfigurationList = 2895BB43292626A500A16CF8 /* Build configuration list for PBXProject "WorkoutLogger" */;
			compatibilityVersion = "Xcode 14.0";
			developmentRegion = en;
			hasScannedForEncodings = 0;
			knownRegions = (
				en,
				Base,
			);
			mainGroup = 2895BB3F292626A500A16CF8;
			packageReferences = (
				28929B9129693B32002CED00 /* XCRemoteSwiftPackageReference "apollo-ios" */,
			);
			productRefGroup = 2895BB49292626A500A16CF8 /* Products */;
			projectDirPath = "";
			projectRoot = "";
			targets = (
				2895BB47292626A500A16CF8 /* WorkoutLogger */,
				2895BB57292626A700A16CF8 /* WorkoutLoggerTests */,
				2895BB61292626A700A16CF8 /* WorkoutLoggerUITests */,
			);
		};
/* End PBXProject section */

/* Begin PBXResourcesBuildPhase section */
		2895BB46292626A500A16CF8 /* Resources */ = {
			isa = PBXResourcesBuildPhase;
			buildActionMask = 2147483647;
			files = (
				280378D029713EEA00A0A8E2 /* MutableExerciseRoutineDetails.graphql in Resources */,
				2887D01A2969437400B673A1 /* GetWorkoutSession.graphql in Resources */,
				2887D0172969437400B673A1 /* RefreshMutation.graphql in Resources */,
				2887D0142969437400B673A1 /* UpdateWorkoutRoutineMutation.graphql in Resources */,
				2887D0192969437400B673A1 /* CreateWorkoutRoutine.graphql in Resources */,
				281C66DA296A73A200906212 /* ExerciseDetails.graphql in Resources */,
				2887D01E2969437400B673A1 /* WorkoutRoutine.graphql in Resources */,
				2895BB53292626A600A16CF8 /* Preview Assets.xcassets in Resources */,
				2887D01F2969437400B673A1 /* WorkoutSessions.graphql in Resources */,
				2887D0122969437400B673A1 /* schema.graphqls in Resources */,
				2887D0212969437400B673A1 /* ExerciseRoutineFull.graphql in Resources */,
				28AB6E2E296FE2FB00EF7267 /* MutableWorkoutRoutineDetails.graphql in Resources */,
				2887D0182969437400B673A1 /* LoginMutation.graphql in Resources */,
				2887D01D2969437400B673A1 /* WorkoutRoutines.graphql in Resources */,
				281C66DC296A73C900906212 /* SetEntryFull.graphql in Resources */,
				2887D01B2969437400B673A1 /* AddExerciseMutation.graphql in Resources */,
				2887D01C2969437400B673A1 /* ExerciseRoutines.graphql in Resources */,
				2887D0132969437400B673A1 /* AddWorkoutSessionMutation.graphql in Resources */,
				2887D0162969437400B673A1 /* SignupMutation.graphql in Resources */,
				2887D0202969437400B673A1 /* WorkoutSessionFull.graphql in Resources */,
				2887D0152969437400B673A1 /* DeleteWorkoutRoutineMutation.graphql in Resources */,
				2887D0222969437400B673A1 /* WorkoutRoutineFull.graphql in Resources */,
				28B2BD56296BAE8500660C06 /* AddSetEntryMutation.graphql in Resources */,
				2895BB50292626A600A16CF8 /* Assets.xcassets in Resources */,
			);
			runOnlyForDeploymentPostprocessing = 0;
		};
		2895BB56292626A700A16CF8 /* Resources */ = {
			isa = PBXResourcesBuildPhase;
			buildActionMask = 2147483647;
			files = (
			);
			runOnlyForDeploymentPostprocessing = 0;
		};
		2895BB60292626A700A16CF8 /* Resources */ = {
			isa = PBXResourcesBuildPhase;
			buildActionMask = 2147483647;
			files = (
			);
			runOnlyForDeploymentPostprocessing = 0;
		};
/* End PBXResourcesBuildPhase section */

/* Begin PBXSourcesBuildPhase section */
		2895BB44292626A500A16CF8 /* Sources */ = {
			isa = PBXSourcesBuildPhase;
			buildActionMask = 2147483647;
			files = (
				2895F37B297365E60029ADD9 /* SchemaConfiguration.swift in Sources */,
				2895F35A297365E60029ADD9 /* WorkoutRoutineFull.graphql.swift in Sources */,
				2858C563292B4088008DEA17 /* CreateWorkout.View.swift in Sources */,
				2895F36C297365E60029ADD9 /* Time.swift in Sources */,
				2895F378297365E60029ADD9 /* Query.graphql.swift in Sources */,
				2895F367297365E60029ADD9 /* WorkoutRoutinesQuery.graphql.swift in Sources */,
				2895F375297365E60029ADD9 /* Mutation.graphql.swift in Sources */,
				2895F372297365E60029ADD9 /* WorkoutRoutineEdge.graphql.swift in Sources */,
				2864844929369B6C00918D88 /* UserViewModel.swift in Sources */,
				289CFDF1292836C100BE6773 /* Login.View.swift in Sources */,
				2841B83C29347D1B00B4AC76 /* CustomColors.swift in Sources */,
				2858C567292C0673008DEA17 /* WorkoutLoggerAPIService.swift in Sources */,
				2895F36E297365E60029ADD9 /* WorkoutSessionEdge.graphql.swift in Sources */,
				2895F374297365E60029ADD9 /* RefreshSuccess.graphql.swift in Sources */,
				289F156A2939FAB30074BBE8 /* WorkoutSession.ViewModel.swift in Sources */,
				2808740A2938732C00443453 /* EditWorkout.View.swift in Sources */,
				2895F37F297365E60029ADD9 /* SignupInput.graphql.swift in Sources */,
				28F14021293DCF8C00DF6857 /* Workout.ViewModel.swift in Sources */,
				2809EF662926F10C00D0FF5B /* AuthService.swift in Sources */,
				2865A813293B274600020C7A /* AddExerciseRoutineAlert.View.swift in Sources */,
				2895F382297365E60029ADD9 /* ExerciseRoutineInput.graphql.swift in Sources */,
				2895F359297365E60029ADD9 /* SetEntryFull.graphql.swift in Sources */,
				288A6E82294318DD008EFF7A /* EditWorkoutSessionViewModel.swift in Sources */,
				2895F370297365E60029ADD9 /* SetEntry.graphql.swift in Sources */,
				2895F362297365E60029ADD9 /* LoginMutation.graphql.swift in Sources */,
				28B344A7296E6F290076FE50 /* EditExerciseRoutineList.View.swift in Sources */,
				2895F384297365E60029ADD9 /* WorkoutSessionInput.graphql.swift in Sources */,
				2895F364297365E60029ADD9 /* UpdateWorkoutRoutineMutation.graphql.swift in Sources */,
				2853329C292ABE4300BACB6A /* WorkoutList.View.swift in Sources */,
				2895F379297365E60029ADD9 /* WorkoutSession.graphql.swift in Sources */,
				2853329F292ABF8D00BACB6A /* ProfileView.swift in Sources */,
				28E03C5529401E8900B38824 /* PullToRefresh.swift in Sources */,
				2895F366297365E60029ADD9 /* RefreshAccessTokenMutation.graphql.swift in Sources */,
				285332A2292AE9A000BACB6A /* AuthenticationProvider.swift in Sources */,
				2895F36A297365E60029ADD9 /* WorkoutSessionsQuery.graphql.swift in Sources */,
				28533294292ABBE700BACB6A /* ContentView.swift in Sources */,
				28C9C9D129426B4C00ED77C3 /* EditWorkoutSession.swift in Sources */,
				2895F383297365E60029ADD9 /* WorkoutRoutineInput.graphql.swift in Sources */,
				2895F361297365E60029ADD9 /* CreateWorkoutRoutineMutation.graphql.swift in Sources */,
				280B6A3729297D8A004D0F16 /* KeychainService.swift in Sources */,
				283DAA302937295800AB2C18 /* WorkoutDetails.View.swift in Sources */,
				2895F377297365E60029ADD9 /* PageInfo.graphql.swift in Sources */,
				2895F358297365E60029ADD9 /* ExerciseRoutineFull.graphql.swift in Sources */,
				2895F386297365E60029ADD9 /* WorkoutLoggerAPI.graphql.swift in Sources */,
				289CFDF3292836D400BE6773 /* Login.ViewModel.swift in Sources */,
				2858C576292D6918008DEA17 /* Client.swift in Sources */,
				289A54D029550F3900DDED7D /* SelectExerciseRoutine.swift in Sources */,
				2895F37D297365E60029ADD9 /* UpdateExerciseRoutineInput.graphql.swift in Sources */,
				28533296292ABD7A00BACB6A /* HomeTabView.swift in Sources */,
				2895F36B297365E60029ADD9 /* ExerciseRoutinesQuery.graphql.swift in Sources */,
				28C2EDFF292DA5C1000BE3EB /* InterceptorProvider.swift in Sources */,
				283DAA1D2936AC0300AB2C18 /* Config.swift in Sources */,
				2895F357297365E60029ADD9 /* WorkoutSessionFull.graphql.swift in Sources */,
				2888DD0B2938A66B003F8905 /* EditExerciseRoutineListItem.View.swift in Sources */,
				28B2BD54296BAC2300660C06 /* Exercise.ViewModel.swift in Sources */,
				2895F369297365E60029ADD9 /* WorkoutRoutineQuery.graphql.swift in Sources */,
				2841B8382934793B00B4AC76 /* ButtonStyles.swift in Sources */,
				2895F36F297365E60029ADD9 /* WorkoutSessionConnection.graphql.swift in Sources */,
				2895F35E297365E60029ADD9 /* AddExerciseMutation.graphql.swift in Sources */,
				2895F385297365E60029ADD9 /* SchemaMetadata.graphql.swift in Sources */,
				2895F365297365E60029ADD9 /* SignupMutation.graphql.swift in Sources */,
				2895F368297365E60029ADD9 /* WorkoutSessionQuery.graphql.swift in Sources */,
				28C2EE07292DF2E4000BE3EB /* Errors.swift in Sources */,
				28E03C612941AB7000B38824 /* AddWorkoutSession.View.swift in Sources */,
				2895F380297365E60029ADD9 /* UpdateWorkoutRoutineInput.graphql.swift in Sources */,
				2865A80D293AC21700020C7A /* WorkoutSessionParser.swift in Sources */,
				289F155E2939B90F0074BBE8 /* EditWorkoutName.View.swift in Sources */,
				2841B8422935851100B4AC76 /* TextStyles.swift in Sources */,
				283DAA2A2936DCC000AB2C18 /* WorkoutListItem.View.swift in Sources */,
				28DBDC74296D1DD8001B8815 /* LocalCacheMutator.swift in Sources */,
				2895F381297365E60029ADD9 /* ExerciseInput.graphql.swift in Sources */,
				2895F373297365E60029ADD9 /* AuthResult.graphql.swift in Sources */,
				2895F37A297365E60029ADD9 /* Exercise.graphql.swift in Sources */,
				2895F363297365E60029ADD9 /* AddWorkoutSessionMutation.graphql.swift in Sources */,
				2853329A292ABE3400BACB6A /* WorkoutSessionList.View.swift in Sources */,
				2809EF5D2926EDA100D0FF5B /* Signup.ViewModel.swift in Sources */,
				2858C574292D67FB008DEA17 /* Interceptor.swift in Sources */,
				2895F376297365E60029ADD9 /* WorkoutRoutineConnection.graphql.swift in Sources */,
				2895F35D297365E60029ADD9 /* MutableWorkoutRoutineDetails.graphql.swift in Sources */,
				2895F35B297365E60029ADD9 /* ExerciseDetails.graphql.swift in Sources */,
				2895F360297365E60029ADD9 /* AddSetMutation.graphql.swift in Sources */,
				283DAA282936DC7100AB2C18 /* ExerciseRoutineList.View.swift in Sources */,
				2895F37C297365E60029ADD9 /* LoginInput.graphql.swift in Sources */,
				289F15602939F7830074BBE8 /* WorkoutSessionListItem.View.swift in Sources */,
				28BF4E5C294EC66700AB8E49 /* EditableExercise.swift in Sources */,
				2895F36D297365E60029ADD9 /* ExerciseRoutine.graphql.swift in Sources */,
				280B6A3929297FAA004D0F16 /* Auth.swift in Sources */,
				289A54D32955116F00DDED7D /* ExerciseRoutineViewModel.swift in Sources */,
				2809EF5B2926EB0200D0FF5B /* Signup.View.swift in Sources */,
				2895F37E297365E60029ADD9 /* SetEntryInput.graphql.swift in Sources */,
				2895F35F297365E60029ADD9 /* DeleteWorkoutRoutineMutation.graphql.swift in Sources */,
				289CFDFE292859BB00BE6773 /* Types.swift in Sources */,
				2895F35C297365E60029ADD9 /* MutableExerciseRoutineDetails.graphql.swift in Sources */,
				2895BB4C292626A500A16CF8 /* WorkoutLoggerApp.swift in Sources */,
				2895F371297365E60029ADD9 /* WorkoutRoutine.graphql.swift in Sources */,
				283DAA322938118A00AB2C18 /* ExerciseRoutineListItem.View.swift in Sources */,
			);
			runOnlyForDeploymentPostprocessing = 0;
		};
		2895BB54292626A700A16CF8 /* Sources */ = {
			isa = PBXSourcesBuildPhase;
			buildActionMask = 2147483647;
			files = (
			);
			runOnlyForDeploymentPostprocessing = 0;
		};
		2895BB5E292626A700A16CF8 /* Sources */ = {
			isa = PBXSourcesBuildPhase;
			buildActionMask = 2147483647;
			files = (
				2895BB69292626A700A16CF8 /* WorkoutLoggerUITestsLaunchTests.swift in Sources */,
				2895BB67292626A700A16CF8 /* WorkoutLoggerUITests.swift in Sources */,
			);
			runOnlyForDeploymentPostprocessing = 0;
		};
/* End PBXSourcesBuildPhase section */

/* Begin PBXTargetDependency section */
		2895BB5A292626A700A16CF8 /* PBXTargetDependency */ = {
			isa = PBXTargetDependency;
			target = 2895BB47292626A500A16CF8 /* WorkoutLogger */;
			targetProxy = 2895BB59292626A700A16CF8 /* PBXContainerItemProxy */;
		};
		2895BB64292626A700A16CF8 /* PBXTargetDependency */ = {
			isa = PBXTargetDependency;
			target = 2895BB47292626A500A16CF8 /* WorkoutLogger */;
			targetProxy = 2895BB63292626A700A16CF8 /* PBXContainerItemProxy */;
		};
/* End PBXTargetDependency section */

/* Begin XCBuildConfiguration section */
		283DAA182936ABA000AB2C18 /* Debug */ = {
			isa = XCBuildConfiguration;
			buildSettings = {
				ALWAYS_SEARCH_USER_PATHS = NO;
				CLANG_ANALYZER_NONNULL = YES;
				CLANG_ANALYZER_NUMBER_OBJECT_CONVERSION = YES_AGGRESSIVE;
				CLANG_CXX_LANGUAGE_STANDARD = "gnu++20";
				CLANG_ENABLE_MODULES = YES;
				CLANG_ENABLE_OBJC_ARC = YES;
				CLANG_ENABLE_OBJC_WEAK = YES;
				CLANG_WARN_BLOCK_CAPTURE_AUTORELEASING = YES;
				CLANG_WARN_BOOL_CONVERSION = YES;
				CLANG_WARN_COMMA = YES;
				CLANG_WARN_CONSTANT_CONVERSION = YES;
				CLANG_WARN_DEPRECATED_OBJC_IMPLEMENTATIONS = YES;
				CLANG_WARN_DIRECT_OBJC_ISA_USAGE = YES_ERROR;
				CLANG_WARN_DOCUMENTATION_COMMENTS = YES;
				CLANG_WARN_EMPTY_BODY = YES;
				CLANG_WARN_ENUM_CONVERSION = YES;
				CLANG_WARN_INFINITE_RECURSION = YES;
				CLANG_WARN_INT_CONVERSION = YES;
				CLANG_WARN_NON_LITERAL_NULL_CONVERSION = YES;
				CLANG_WARN_OBJC_IMPLICIT_RETAIN_SELF = YES;
				CLANG_WARN_OBJC_LITERAL_CONVERSION = YES;
				CLANG_WARN_OBJC_ROOT_CLASS = YES_ERROR;
				CLANG_WARN_QUOTED_INCLUDE_IN_FRAMEWORK_HEADER = YES;
				CLANG_WARN_RANGE_LOOP_ANALYSIS = YES;
				CLANG_WARN_STRICT_PROTOTYPES = YES;
				CLANG_WARN_SUSPICIOUS_MOVE = YES;
				CLANG_WARN_UNGUARDED_AVAILABILITY = YES_AGGRESSIVE;
				CLANG_WARN_UNREACHABLE_CODE = YES;
				CLANG_WARN__DUPLICATE_METHOD_MATCH = YES;
				COPY_PHASE_STRIP = NO;
				DEBUG_INFORMATION_FORMAT = dwarf;
				ENABLE_STRICT_OBJC_MSGSEND = YES;
				ENABLE_TESTABILITY = YES;
				GCC_C_LANGUAGE_STANDARD = gnu11;
				GCC_DYNAMIC_NO_PIC = NO;
				GCC_NO_COMMON_BLOCKS = YES;
				GCC_OPTIMIZATION_LEVEL = 0;
				GCC_PREPROCESSOR_DEFINITIONS = (
					"DEBUG=1",
					"$(inherited)",
				);
				GCC_WARN_64_TO_32_BIT_CONVERSION = YES;
				GCC_WARN_ABOUT_RETURN_TYPE = YES_ERROR;
				GCC_WARN_UNDECLARED_SELECTOR = YES;
				GCC_WARN_UNINITIALIZED_AUTOS = YES_AGGRESSIVE;
				GCC_WARN_UNUSED_FUNCTION = YES;
				GCC_WARN_UNUSED_VARIABLE = YES;
				INFOPLIST_KEY_UIUserInterfaceStyle = Dark;
				IPHONEOS_DEPLOYMENT_TARGET = 16.1;
				MTL_ENABLE_DEBUG_INFO = INCLUDE_SOURCE;
				MTL_FAST_MATH = YES;
				ONLY_ACTIVE_ARCH = YES;
				SDKROOT = iphoneos;
				SWIFT_ACTIVE_COMPILATION_CONDITIONS = DEBUG;
				SWIFT_OPTIMIZATION_LEVEL = "-Onone";
			};
			name = Debug;
		};
		283DAA192936ABA000AB2C18 /* Debug */ = {
			isa = XCBuildConfiguration;
			buildSettings = {
				ASSETCATALOG_COMPILER_APPICON_NAME = AppIcon;
				ASSETCATALOG_COMPILER_GLOBAL_ACCENT_COLOR_NAME = AccentColor;
				CODE_SIGN_STYLE = Automatic;
				CURRENT_PROJECT_VERSION = 1;
				DEVELOPMENT_ASSET_PATHS = "\"WorkoutLogger/Preview Content\"";
				DEVELOPMENT_TEAM = GMQC6K47Q9;
				ENABLE_PREVIEWS = YES;
				GENERATE_INFOPLIST_FILE = YES;
				INFOPLIST_KEY_CFBundleDisplayName = Stronk;
				INFOPLIST_KEY_UIApplicationSceneManifest_Generation = YES;
				INFOPLIST_KEY_UIApplicationSupportsIndirectInputEvents = YES;
				INFOPLIST_KEY_UILaunchScreen_Generation = YES;
				INFOPLIST_KEY_UISupportedInterfaceOrientations_iPad = "UIInterfaceOrientationPortrait UIInterfaceOrientationPortraitUpsideDown UIInterfaceOrientationLandscapeLeft UIInterfaceOrientationLandscapeRight";
				INFOPLIST_KEY_UISupportedInterfaceOrientations_iPhone = UIInterfaceOrientationPortrait;
				LD_RUNPATH_SEARCH_PATHS = (
					"$(inherited)",
					"@executable_path/Frameworks",
				);
				MARKETING_VERSION = 1.0;
				PRODUCT_BUNDLE_IDENTIFIER = "Neil-inc.WorkoutLogger";
				PRODUCT_NAME = "$(TARGET_NAME)";
				SWIFT_EMIT_LOC_STRINGS = YES;
				SWIFT_VERSION = 5.0;
				TARGETED_DEVICE_FAMILY = "1,2";
			};
			name = Debug;
		};
		283DAA1A2936ABA000AB2C18 /* Debug */ = {
			isa = XCBuildConfiguration;
			buildSettings = {
				ALWAYS_EMBED_SWIFT_STANDARD_LIBRARIES = YES;
				BUNDLE_LOADER = "$(TEST_HOST)";
				CODE_SIGN_STYLE = Automatic;
				CURRENT_PROJECT_VERSION = 1;
				GENERATE_INFOPLIST_FILE = YES;
				IPHONEOS_DEPLOYMENT_TARGET = 16.1;
				MARKETING_VERSION = 1.0;
				PRODUCT_BUNDLE_IDENTIFIER = "Neil-inc.WorkoutLoggerTests";
				PRODUCT_NAME = "$(TARGET_NAME)";
				SWIFT_EMIT_LOC_STRINGS = NO;
				SWIFT_VERSION = 5.0;
				TARGETED_DEVICE_FAMILY = "1,2";
				TEST_HOST = "$(BUILT_PRODUCTS_DIR)/WorkoutLogger.app/$(BUNDLE_EXECUTABLE_FOLDER_PATH)/WorkoutLogger";
			};
			name = Debug;
		};
		283DAA1B2936ABA000AB2C18 /* Debug */ = {
			isa = XCBuildConfiguration;
			buildSettings = {
				ALWAYS_EMBED_SWIFT_STANDARD_LIBRARIES = YES;
				CODE_SIGN_STYLE = Automatic;
				CURRENT_PROJECT_VERSION = 1;
				GENERATE_INFOPLIST_FILE = YES;
				MARKETING_VERSION = 1.0;
				PRODUCT_BUNDLE_IDENTIFIER = "Neil-inc.WorkoutLoggerUITests";
				PRODUCT_NAME = "$(TARGET_NAME)";
				SWIFT_EMIT_LOC_STRINGS = NO;
				SWIFT_VERSION = 5.0;
				TARGETED_DEVICE_FAMILY = "1,2";
				TEST_TARGET_NAME = WorkoutLogger;
			};
			name = Debug;
		};
		2895BB6A292626A700A16CF8 /* Dev */ = {
			isa = XCBuildConfiguration;
			buildSettings = {
				ALWAYS_SEARCH_USER_PATHS = NO;
				CLANG_ANALYZER_NONNULL = YES;
				CLANG_ANALYZER_NUMBER_OBJECT_CONVERSION = YES_AGGRESSIVE;
				CLANG_CXX_LANGUAGE_STANDARD = "gnu++20";
				CLANG_ENABLE_MODULES = YES;
				CLANG_ENABLE_OBJC_ARC = YES;
				CLANG_ENABLE_OBJC_WEAK = YES;
				CLANG_WARN_BLOCK_CAPTURE_AUTORELEASING = YES;
				CLANG_WARN_BOOL_CONVERSION = YES;
				CLANG_WARN_COMMA = YES;
				CLANG_WARN_CONSTANT_CONVERSION = YES;
				CLANG_WARN_DEPRECATED_OBJC_IMPLEMENTATIONS = YES;
				CLANG_WARN_DIRECT_OBJC_ISA_USAGE = YES_ERROR;
				CLANG_WARN_DOCUMENTATION_COMMENTS = YES;
				CLANG_WARN_EMPTY_BODY = YES;
				CLANG_WARN_ENUM_CONVERSION = YES;
				CLANG_WARN_INFINITE_RECURSION = YES;
				CLANG_WARN_INT_CONVERSION = YES;
				CLANG_WARN_NON_LITERAL_NULL_CONVERSION = YES;
				CLANG_WARN_OBJC_IMPLICIT_RETAIN_SELF = YES;
				CLANG_WARN_OBJC_LITERAL_CONVERSION = YES;
				CLANG_WARN_OBJC_ROOT_CLASS = YES_ERROR;
				CLANG_WARN_QUOTED_INCLUDE_IN_FRAMEWORK_HEADER = YES;
				CLANG_WARN_RANGE_LOOP_ANALYSIS = YES;
				CLANG_WARN_STRICT_PROTOTYPES = YES;
				CLANG_WARN_SUSPICIOUS_MOVE = YES;
				CLANG_WARN_UNGUARDED_AVAILABILITY = YES_AGGRESSIVE;
				CLANG_WARN_UNREACHABLE_CODE = YES;
				CLANG_WARN__DUPLICATE_METHOD_MATCH = YES;
				COPY_PHASE_STRIP = NO;
				DEBUG_INFORMATION_FORMAT = dwarf;
				ENABLE_STRICT_OBJC_MSGSEND = YES;
				ENABLE_TESTABILITY = YES;
				GCC_C_LANGUAGE_STANDARD = gnu11;
				GCC_DYNAMIC_NO_PIC = NO;
				GCC_NO_COMMON_BLOCKS = YES;
				GCC_OPTIMIZATION_LEVEL = 0;
				GCC_PREPROCESSOR_DEFINITIONS = (
					"DEBUG=1",
					"$(inherited)",
				);
				GCC_WARN_64_TO_32_BIT_CONVERSION = YES;
				GCC_WARN_ABOUT_RETURN_TYPE = YES_ERROR;
				GCC_WARN_UNDECLARED_SELECTOR = YES;
				GCC_WARN_UNINITIALIZED_AUTOS = YES_AGGRESSIVE;
				GCC_WARN_UNUSED_FUNCTION = YES;
				GCC_WARN_UNUSED_VARIABLE = YES;
				INFOPLIST_KEY_UIUserInterfaceStyle = Dark;
				IPHONEOS_DEPLOYMENT_TARGET = 16.1;
				MTL_ENABLE_DEBUG_INFO = INCLUDE_SOURCE;
				MTL_FAST_MATH = YES;
				ONLY_ACTIVE_ARCH = YES;
				SDKROOT = iphoneos;
				SWIFT_ACTIVE_COMPILATION_CONDITIONS = DEV;
				SWIFT_OPTIMIZATION_LEVEL = "-Onone";
			};
			name = Dev;
		};
		2895BB6B292626A700A16CF8 /* Release */ = {
			isa = XCBuildConfiguration;
			buildSettings = {
				ALWAYS_SEARCH_USER_PATHS = NO;
				CLANG_ANALYZER_NONNULL = YES;
				CLANG_ANALYZER_NUMBER_OBJECT_CONVERSION = YES_AGGRESSIVE;
				CLANG_CXX_LANGUAGE_STANDARD = "gnu++20";
				CLANG_ENABLE_MODULES = YES;
				CLANG_ENABLE_OBJC_ARC = YES;
				CLANG_ENABLE_OBJC_WEAK = YES;
				CLANG_WARN_BLOCK_CAPTURE_AUTORELEASING = YES;
				CLANG_WARN_BOOL_CONVERSION = YES;
				CLANG_WARN_COMMA = YES;
				CLANG_WARN_CONSTANT_CONVERSION = YES;
				CLANG_WARN_DEPRECATED_OBJC_IMPLEMENTATIONS = YES;
				CLANG_WARN_DIRECT_OBJC_ISA_USAGE = YES_ERROR;
				CLANG_WARN_DOCUMENTATION_COMMENTS = YES;
				CLANG_WARN_EMPTY_BODY = YES;
				CLANG_WARN_ENUM_CONVERSION = YES;
				CLANG_WARN_INFINITE_RECURSION = YES;
				CLANG_WARN_INT_CONVERSION = YES;
				CLANG_WARN_NON_LITERAL_NULL_CONVERSION = YES;
				CLANG_WARN_OBJC_IMPLICIT_RETAIN_SELF = YES;
				CLANG_WARN_OBJC_LITERAL_CONVERSION = YES;
				CLANG_WARN_OBJC_ROOT_CLASS = YES_ERROR;
				CLANG_WARN_QUOTED_INCLUDE_IN_FRAMEWORK_HEADER = YES;
				CLANG_WARN_RANGE_LOOP_ANALYSIS = YES;
				CLANG_WARN_STRICT_PROTOTYPES = YES;
				CLANG_WARN_SUSPICIOUS_MOVE = YES;
				CLANG_WARN_UNGUARDED_AVAILABILITY = YES_AGGRESSIVE;
				CLANG_WARN_UNREACHABLE_CODE = YES;
				CLANG_WARN__DUPLICATE_METHOD_MATCH = YES;
				COPY_PHASE_STRIP = NO;
				DEBUG_INFORMATION_FORMAT = "dwarf-with-dsym";
				ENABLE_NS_ASSERTIONS = NO;
				ENABLE_STRICT_OBJC_MSGSEND = YES;
				GCC_C_LANGUAGE_STANDARD = gnu11;
				GCC_NO_COMMON_BLOCKS = YES;
				GCC_WARN_64_TO_32_BIT_CONVERSION = YES;
				GCC_WARN_ABOUT_RETURN_TYPE = YES_ERROR;
				GCC_WARN_UNDECLARED_SELECTOR = YES;
				GCC_WARN_UNINITIALIZED_AUTOS = YES_AGGRESSIVE;
				GCC_WARN_UNUSED_FUNCTION = YES;
				GCC_WARN_UNUSED_VARIABLE = YES;
				INFOPLIST_KEY_UIUserInterfaceStyle = Dark;
				IPHONEOS_DEPLOYMENT_TARGET = 16.1;
				MTL_ENABLE_DEBUG_INFO = NO;
				MTL_FAST_MATH = YES;
				SDKROOT = iphoneos;
				SWIFT_COMPILATION_MODE = wholemodule;
				SWIFT_OPTIMIZATION_LEVEL = "-O";
				VALIDATE_PRODUCT = YES;
			};
			name = Release;
		};
		2895BB6D292626A700A16CF8 /* Dev */ = {
			isa = XCBuildConfiguration;
			buildSettings = {
				ASSETCATALOG_COMPILER_APPICON_NAME = AppIcon;
				ASSETCATALOG_COMPILER_GLOBAL_ACCENT_COLOR_NAME = AccentColor;
				CODE_SIGN_STYLE = Automatic;
				CURRENT_PROJECT_VERSION = 1;
				DEVELOPMENT_ASSET_PATHS = "\"WorkoutLogger/Preview Content\"";
				DEVELOPMENT_TEAM = GMQC6K47Q9;
				ENABLE_PREVIEWS = YES;
				GENERATE_INFOPLIST_FILE = YES;
				INFOPLIST_KEY_CFBundleDisplayName = Stronk;
				INFOPLIST_KEY_UIApplicationSceneManifest_Generation = YES;
				INFOPLIST_KEY_UIApplicationSupportsIndirectInputEvents = YES;
				INFOPLIST_KEY_UILaunchScreen_Generation = YES;
				INFOPLIST_KEY_UISupportedInterfaceOrientations_iPad = "UIInterfaceOrientationPortrait UIInterfaceOrientationPortraitUpsideDown UIInterfaceOrientationLandscapeLeft UIInterfaceOrientationLandscapeRight";
				INFOPLIST_KEY_UISupportedInterfaceOrientations_iPhone = UIInterfaceOrientationPortrait;
				LD_RUNPATH_SEARCH_PATHS = (
					"$(inherited)",
					"@executable_path/Frameworks",
				);
				MARKETING_VERSION = 1.0;
				PRODUCT_BUNDLE_IDENTIFIER = "Neil-inc.WorkoutLogger";
				PRODUCT_NAME = "$(TARGET_NAME)";
				SWIFT_EMIT_LOC_STRINGS = YES;
				SWIFT_VERSION = 5.0;
				TARGETED_DEVICE_FAMILY = "1,2";
			};
			name = Dev;
		};
		2895BB6E292626A700A16CF8 /* Release */ = {
			isa = XCBuildConfiguration;
			buildSettings = {
				ASSETCATALOG_COMPILER_APPICON_NAME = AppIcon;
				ASSETCATALOG_COMPILER_GLOBAL_ACCENT_COLOR_NAME = AccentColor;
				CODE_SIGN_STYLE = Automatic;
				CURRENT_PROJECT_VERSION = 1;
				DEVELOPMENT_ASSET_PATHS = "\"WorkoutLogger/Preview Content\"";
				DEVELOPMENT_TEAM = GMQC6K47Q9;
				ENABLE_PREVIEWS = YES;
				GENERATE_INFOPLIST_FILE = YES;
				INFOPLIST_KEY_CFBundleDisplayName = Stronk;
				INFOPLIST_KEY_UIApplicationSceneManifest_Generation = YES;
				INFOPLIST_KEY_UIApplicationSupportsIndirectInputEvents = YES;
				INFOPLIST_KEY_UILaunchScreen_Generation = YES;
				INFOPLIST_KEY_UISupportedInterfaceOrientations_iPad = "UIInterfaceOrientationPortrait UIInterfaceOrientationPortraitUpsideDown UIInterfaceOrientationLandscapeLeft UIInterfaceOrientationLandscapeRight";
				INFOPLIST_KEY_UISupportedInterfaceOrientations_iPhone = UIInterfaceOrientationPortrait;
				LD_RUNPATH_SEARCH_PATHS = (
					"$(inherited)",
					"@executable_path/Frameworks",
				);
				MARKETING_VERSION = 1.0;
				PRODUCT_BUNDLE_IDENTIFIER = "Neil-inc.WorkoutLogger";
				PRODUCT_NAME = "$(TARGET_NAME)";
				SWIFT_EMIT_LOC_STRINGS = YES;
				SWIFT_VERSION = 5.0;
				TARGETED_DEVICE_FAMILY = "1,2";
			};
			name = Release;
		};
		2895BB70292626A700A16CF8 /* Dev */ = {
			isa = XCBuildConfiguration;
			buildSettings = {
				ALWAYS_EMBED_SWIFT_STANDARD_LIBRARIES = YES;
				BUNDLE_LOADER = "$(TEST_HOST)";
				CODE_SIGN_STYLE = Automatic;
				CURRENT_PROJECT_VERSION = 1;
				GENERATE_INFOPLIST_FILE = YES;
				IPHONEOS_DEPLOYMENT_TARGET = 16.1;
				MARKETING_VERSION = 1.0;
				PRODUCT_BUNDLE_IDENTIFIER = "Neil-inc.WorkoutLoggerTests";
				PRODUCT_NAME = "$(TARGET_NAME)";
				SWIFT_EMIT_LOC_STRINGS = NO;
				SWIFT_VERSION = 5.0;
				TARGETED_DEVICE_FAMILY = "1,2";
				TEST_HOST = "$(BUILT_PRODUCTS_DIR)/WorkoutLogger.app/$(BUNDLE_EXECUTABLE_FOLDER_PATH)/WorkoutLogger";
			};
			name = Dev;
		};
		2895BB71292626A700A16CF8 /* Release */ = {
			isa = XCBuildConfiguration;
			buildSettings = {
				ALWAYS_EMBED_SWIFT_STANDARD_LIBRARIES = YES;
				BUNDLE_LOADER = "$(TEST_HOST)";
				CODE_SIGN_STYLE = Automatic;
				CURRENT_PROJECT_VERSION = 1;
				GENERATE_INFOPLIST_FILE = YES;
				IPHONEOS_DEPLOYMENT_TARGET = 16.1;
				MARKETING_VERSION = 1.0;
				PRODUCT_BUNDLE_IDENTIFIER = "Neil-inc.WorkoutLoggerTests";
				PRODUCT_NAME = "$(TARGET_NAME)";
				SWIFT_EMIT_LOC_STRINGS = NO;
				SWIFT_VERSION = 5.0;
				TARGETED_DEVICE_FAMILY = "1,2";
				TEST_HOST = "$(BUILT_PRODUCTS_DIR)/WorkoutLogger.app/$(BUNDLE_EXECUTABLE_FOLDER_PATH)/WorkoutLogger";
			};
			name = Release;
		};
		2895BB73292626A700A16CF8 /* Dev */ = {
			isa = XCBuildConfiguration;
			buildSettings = {
				ALWAYS_EMBED_SWIFT_STANDARD_LIBRARIES = YES;
				CODE_SIGN_STYLE = Automatic;
				CURRENT_PROJECT_VERSION = 1;
				GENERATE_INFOPLIST_FILE = YES;
				MARKETING_VERSION = 1.0;
				PRODUCT_BUNDLE_IDENTIFIER = "Neil-inc.WorkoutLoggerUITests";
				PRODUCT_NAME = "$(TARGET_NAME)";
				SWIFT_EMIT_LOC_STRINGS = NO;
				SWIFT_VERSION = 5.0;
				TARGETED_DEVICE_FAMILY = "1,2";
				TEST_TARGET_NAME = WorkoutLogger;
			};
			name = Dev;
		};
		2895BB74292626A700A16CF8 /* Release */ = {
			isa = XCBuildConfiguration;
			buildSettings = {
				ALWAYS_EMBED_SWIFT_STANDARD_LIBRARIES = YES;
				CODE_SIGN_STYLE = Automatic;
				CURRENT_PROJECT_VERSION = 1;
				GENERATE_INFOPLIST_FILE = YES;
				MARKETING_VERSION = 1.0;
				PRODUCT_BUNDLE_IDENTIFIER = "Neil-inc.WorkoutLoggerUITests";
				PRODUCT_NAME = "$(TARGET_NAME)";
				SWIFT_EMIT_LOC_STRINGS = NO;
				SWIFT_VERSION = 5.0;
				TARGETED_DEVICE_FAMILY = "1,2";
				TEST_TARGET_NAME = WorkoutLogger;
			};
			name = Release;
		};
/* End XCBuildConfiguration section */

/* Begin XCConfigurationList section */
		2895BB43292626A500A16CF8 /* Build configuration list for PBXProject "WorkoutLogger" */ = {
			isa = XCConfigurationList;
			buildConfigurations = (
				2895BB6A292626A700A16CF8 /* Dev */,
				283DAA182936ABA000AB2C18 /* Debug */,
				2895BB6B292626A700A16CF8 /* Release */,
			);
			defaultConfigurationIsVisible = 0;
			defaultConfigurationName = Release;
		};
		2895BB6C292626A700A16CF8 /* Build configuration list for PBXNativeTarget "WorkoutLogger" */ = {
			isa = XCConfigurationList;
			buildConfigurations = (
				2895BB6D292626A700A16CF8 /* Dev */,
				283DAA192936ABA000AB2C18 /* Debug */,
				2895BB6E292626A700A16CF8 /* Release */,
			);
			defaultConfigurationIsVisible = 0;
			defaultConfigurationName = Release;
		};
		2895BB6F292626A700A16CF8 /* Build configuration list for PBXNativeTarget "WorkoutLoggerTests" */ = {
			isa = XCConfigurationList;
			buildConfigurations = (
				2895BB70292626A700A16CF8 /* Dev */,
				283DAA1A2936ABA000AB2C18 /* Debug */,
				2895BB71292626A700A16CF8 /* Release */,
			);
			defaultConfigurationIsVisible = 0;
			defaultConfigurationName = Release;
		};
		2895BB72292626A700A16CF8 /* Build configuration list for PBXNativeTarget "WorkoutLoggerUITests" */ = {
			isa = XCConfigurationList;
			buildConfigurations = (
				2895BB73292626A700A16CF8 /* Dev */,
				283DAA1B2936ABA000AB2C18 /* Debug */,
				2895BB74292626A700A16CF8 /* Release */,
			);
			defaultConfigurationIsVisible = 0;
			defaultConfigurationName = Release;
		};
/* End XCConfigurationList section */

/* Begin XCRemoteSwiftPackageReference section */
		28929B9129693B32002CED00 /* XCRemoteSwiftPackageReference "apollo-ios" */ = {
			isa = XCRemoteSwiftPackageReference;
			repositoryURL = "https://github.com/apollographql/apollo-ios.git";
			requirement = {
				kind = upToNextMajorVersion;
				minimumVersion = 1.0.0;
			};
		};
/* End XCRemoteSwiftPackageReference section */

/* Begin XCSwiftPackageProductDependency section */
		28929B9229693B32002CED00 /* Apollo */ = {
			isa = XCSwiftPackageProductDependency;
			package = 28929B9129693B32002CED00 /* XCRemoteSwiftPackageReference "apollo-ios" */;
			productName = Apollo;
		};
/* End XCSwiftPackageProductDependency section */
	};
	rootObject = 2895BB40292626A500A16CF8 /* Project object */;
}
